// !$*UTF8*$!
{
	archiveVersion = 1;
	classes = {
	};
	objectVersion = 50;
	objects = {

/* Begin PBXBuildFile section */
		1538B896D4AF4A0C123FFA80 /* Pods_iZalo.framework in Frameworks */ = {isa = PBXBuildFile; fileRef = 383FD8FAA77043B55057026F /* Pods_iZalo.framework */; };
		970656B52176DD34002A5FF6 /* ImageUtils.swift in Sources */ = {isa = PBXBuildFile; fileRef = 970656B42176DD34002A5FF6 /* ImageUtils.swift */; };
		970656B72176EA03002A5FF6 /* UploadImageMessageUseCase.swift in Sources */ = {isa = PBXBuildFile; fileRef = 970656B62176EA03002A5FF6 /* UploadImageMessageUseCase.swift */; };
		970656B92176ED4B002A5FF6 /* UploadFileMessageRequest.swift in Sources */ = {isa = PBXBuildFile; fileRef = 970656B82176ED4B002A5FF6 /* UploadFileMessageRequest.swift */; };
		970656BC2176F5C8002A5FF6 /* MyImageMessageCell.swift in Sources */ = {isa = PBXBuildFile; fileRef = 970656BA2176F5C8002A5FF6 /* MyImageMessageCell.swift */; };
		970656BD2176F5C8002A5FF6 /* MyImageMessageCell.xib in Resources */ = {isa = PBXBuildFile; fileRef = 970656BB2176F5C8002A5FF6 /* MyImageMessageCell.xib */; };
		970656C0217718FC002A5FF6 /* OthersImageMessageCell.swift in Sources */ = {isa = PBXBuildFile; fileRef = 970656BE217718FC002A5FF6 /* OthersImageMessageCell.swift */; };
		970656C1217718FC002A5FF6 /* OthersImageMessageCell.xib in Resources */ = {isa = PBXBuildFile; fileRef = 970656BF217718FC002A5FF6 /* OthersImageMessageCell.xib */; };
		970656C5217727BF002A5FF6 /* ViewImageVC.swift in Sources */ = {isa = PBXBuildFile; fileRef = 970656C3217727BF002A5FF6 /* ViewImageVC.swift */; };
		970656C6217727BF002A5FF6 /* ViewImageVC.xib in Resources */ = {isa = PBXBuildFile; fileRef = 970656C4217727BF002A5FF6 /* ViewImageVC.xib */; };
		970656C821772C2F002A5FF6 /* ViewImageVM.swift in Sources */ = {isa = PBXBuildFile; fileRef = 970656C721772C2F002A5FF6 /* ViewImageVM.swift */; };
		970D6FE52158C80200688732 /* ConversationRealmSource.swift in Sources */ = {isa = PBXBuildFile; fileRef = 970D6FE42158C80200688732 /* ConversationRealmSource.swift */; };
		970D6FE72158CC3F00688732 /* AuthenticateError.swift in Sources */ = {isa = PBXBuildFile; fileRef = 970D6FE62158CC3F00688732 /* AuthenticateError.swift */; };
		970D6FE92158CCAF00688732 /* NetworkError.swift in Sources */ = {isa = PBXBuildFile; fileRef = 970D6FE82158CCAF00688732 /* NetworkError.swift */; };
		970D6FEB2158E1F400688732 /* ConversationResponse.swift in Sources */ = {isa = PBXBuildFile; fileRef = 970D6FEA2158E1F400688732 /* ConversationResponse.swift */; };
		970D6FED2158E4CF00688732 /* MessageResponse.swift in Sources */ = {isa = PBXBuildFile; fileRef = 970D6FEC2158E4CF00688732 /* MessageResponse.swift */; };
		97133734216C450E000A609A /* SignupVC.swift in Sources */ = {isa = PBXBuildFile; fileRef = 97133732216C450E000A609A /* SignupVC.swift */; };
		97133735216C450E000A609A /* SignupVC.xib in Resources */ = {isa = PBXBuildFile; fileRef = 97133733216C450E000A609A /* SignupVC.xib */; };
		97133737216C5A65000A609A /* SignupVM.swift in Sources */ = {isa = PBXBuildFile; fileRef = 97133736216C5A65000A609A /* SignupVM.swift */; };
		97133739216C6255000A609A /* SignupUseCase.swift in Sources */ = {isa = PBXBuildFile; fileRef = 97133738216C6255000A609A /* SignupUseCase.swift */; };
		9713373D216C8BD5000A609A /* AddFriendVC.swift in Sources */ = {isa = PBXBuildFile; fileRef = 9713373B216C8BD5000A609A /* AddFriendVC.swift */; };
		9713373E216C8BD5000A609A /* AddFriendVC.xib in Resources */ = {isa = PBXBuildFile; fileRef = 9713373C216C8BD5000A609A /* AddFriendVC.xib */; };
		97133744216C969B000A609A /* AddFriendVM.swift in Sources */ = {isa = PBXBuildFile; fileRef = 97133743216C969B000A609A /* AddFriendVM.swift */; };
		97133746216CB611000A609A /* SearchUsernameRequest.swift in Sources */ = {isa = PBXBuildFile; fileRef = 97133745216CB611000A609A /* SearchUsernameRequest.swift */; };
		97133748216CB729000A609A /* SearchUsernameUseCase.swift in Sources */ = {isa = PBXBuildFile; fileRef = 97133747216CB729000A609A /* SearchUsernameUseCase.swift */; };
		9713374A216CC013000A609A /* ContactSearchResult.swift in Sources */ = {isa = PBXBuildFile; fileRef = 97133749216CC013000A609A /* ContactSearchResult.swift */; };
		971E9835218FE37E005A526D /* PersistMessageUseCase.swift in Sources */ = {isa = PBXBuildFile; fileRef = 971E9834218FE37E005A526D /* PersistMessageUseCase.swift */; };
		971E983821902BF3005A526D /* MyAudioMessageCell.swift in Sources */ = {isa = PBXBuildFile; fileRef = 971E983621902BF3005A526D /* MyAudioMessageCell.swift */; };
		971E983921902BF3005A526D /* MyAudioMessageCell.xib in Resources */ = {isa = PBXBuildFile; fileRef = 971E983721902BF3005A526D /* MyAudioMessageCell.xib */; };
		971E983B21903F97005A526D /* LoadAndPlayAudioUseCase.swift in Sources */ = {isa = PBXBuildFile; fileRef = 971E983A21903F97005A526D /* LoadAndPlayAudioUseCase.swift */; };
		971ED8D921743150001F8217 /* SettingCell.swift in Sources */ = {isa = PBXBuildFile; fileRef = 971ED8D721743150001F8217 /* SettingCell.swift */; };
		971ED8DA21743150001F8217 /* SettingCell.xib in Resources */ = {isa = PBXBuildFile; fileRef = 971ED8D821743150001F8217 /* SettingCell.xib */; };
		971ED8DC21743380001F8217 /* SettingItem.swift in Sources */ = {isa = PBXBuildFile; fileRef = 971ED8DB21743380001F8217 /* SettingItem.swift */; };
		971ED8DE217445F4001F8217 /* LoadCurrenUserInfoUseCase.swift in Sources */ = {isa = PBXBuildFile; fileRef = 971ED8DD217445F4001F8217 /* LoadCurrenUserInfoUseCase.swift */; };
		971ED8E1217482F1001F8217 /* ChangeAvatarUseCase.swift in Sources */ = {isa = PBXBuildFile; fileRef = 971ED8E0217482F1001F8217 /* ChangeAvatarUseCase.swift */; };
		971ED8E321748E10001F8217 /* ChangeAvatarRequest.swift in Sources */ = {isa = PBXBuildFile; fileRef = 971ED8E221748E10001F8217 /* ChangeAvatarRequest.swift */; };
		97215B872186AAC7000FB9D6 /* StringUtils.swift in Sources */ = {isa = PBXBuildFile; fileRef = 97215B862186AAC7000FB9D6 /* StringUtils.swift */; };
		97215B892186BD3D000FB9D6 /* ViewAnimation.swift in Sources */ = {isa = PBXBuildFile; fileRef = 97215B882186BD3D000FB9D6 /* ViewAnimation.swift */; };
		97215B8D2186F590000FB9D6 /* MyFileMessageCell.swift in Sources */ = {isa = PBXBuildFile; fileRef = 97215B8B2186F590000FB9D6 /* MyFileMessageCell.swift */; };
		97215B8E2186F590000FB9D6 /* MyFileMessageCell.xib in Resources */ = {isa = PBXBuildFile; fileRef = 97215B8C2186F590000FB9D6 /* MyFileMessageCell.xib */; };
		97215B9121870065000FB9D6 /* OthersFileMessageCell.swift in Sources */ = {isa = PBXBuildFile; fileRef = 97215B8F21870065000FB9D6 /* OthersFileMessageCell.swift */; };
		97215B9221870065000FB9D6 /* OthersFileMessageCell.xib in Resources */ = {isa = PBXBuildFile; fileRef = 97215B9021870065000FB9D6 /* OthersFileMessageCell.xib */; };
		972CAD46216EE238007972B6 /* AddContactRequest.swift in Sources */ = {isa = PBXBuildFile; fileRef = 972CAD45216EE238007972B6 /* AddContactRequest.swift */; };
		972CAD48216EE322007972B6 /* AddContactUseCase.swift in Sources */ = {isa = PBXBuildFile; fileRef = 972CAD47216EE322007972B6 /* AddContactUseCase.swift */; };
		972CAD4A216F36FE007972B6 /* SettingVM.swift in Sources */ = {isa = PBXBuildFile; fileRef = 972CAD49216F36FE007972B6 /* SettingVM.swift */; };
		972CAD4C216F4F3A007972B6 /* SubStringIndex.swift in Sources */ = {isa = PBXBuildFile; fileRef = 972CAD4B216F4F3A007972B6 /* SubStringIndex.swift */; };
		9736A3CD21538BF80085219D /* MainVC.swift in Sources */ = {isa = PBXBuildFile; fileRef = 9736A3CB21538BF80085219D /* MainVC.swift */; };
		9736A3CE21538BF80085219D /* MainVC.xib in Resources */ = {isa = PBXBuildFile; fileRef = 9736A3CC21538BF80085219D /* MainVC.xib */; };
		9736A3D221538D040085219D /* ChatHistoryVC.swift in Sources */ = {isa = PBXBuildFile; fileRef = 9736A3D021538D040085219D /* ChatHistoryVC.swift */; };
		9736A3D321538D040085219D /* ChatHistoryVC.xib in Resources */ = {isa = PBXBuildFile; fileRef = 9736A3D121538D040085219D /* ChatHistoryVC.xib */; };
		9736A3D721538D550085219D /* ContactVC.swift in Sources */ = {isa = PBXBuildFile; fileRef = 9736A3D521538D550085219D /* ContactVC.swift */; };
		9736A3D821538D550085219D /* ContactVC.xib in Resources */ = {isa = PBXBuildFile; fileRef = 9736A3D621538D550085219D /* ContactVC.xib */; };
		9736A3DC21538D960085219D /* SettingVC.swift in Sources */ = {isa = PBXBuildFile; fileRef = 9736A3DA21538D960085219D /* SettingVC.swift */; };
		9736A3DD21538D960085219D /* SettingVC.xib in Resources */ = {isa = PBXBuildFile; fileRef = 9736A3DB21538D960085219D /* SettingVC.xib */; };
		97391AB62178833200D5E81E /* EmojiItem.swift in Sources */ = {isa = PBXBuildFile; fileRef = 97391AB52178833200D5E81E /* EmojiItem.swift */; };
		97391AB92178847F00D5E81E /* EmojiCell.swift in Sources */ = {isa = PBXBuildFile; fileRef = 97391AB72178847F00D5E81E /* EmojiCell.swift */; };
		97391ABA2178847F00D5E81E /* EmojiCell.xib in Resources */ = {isa = PBXBuildFile; fileRef = 97391AB82178847F00D5E81E /* EmojiCell.xib */; };
		973A61542164B990003B6047 /* BaseMessageCell.swift in Sources */ = {isa = PBXBuildFile; fileRef = 973A61532164B990003B6047 /* BaseMessageCell.swift */; };
		973A61562164BDD3003B6047 /* LoadConversationAndContactRequest.swift in Sources */ = {isa = PBXBuildFile; fileRef = 973A61552164BDD3003B6047 /* LoadConversationAndContactRequest.swift */; };
		973A61582164C7A5003B6047 /* Color.swift in Sources */ = {isa = PBXBuildFile; fileRef = 973A61572164C7A5003B6047 /* Color.swift */; };
		973CBE912153B63C00403D2D /* ConversationCell.swift in Sources */ = {isa = PBXBuildFile; fileRef = 973CBE8F2153B63C00403D2D /* ConversationCell.swift */; };
		973CBE922153B63C00403D2D /* ConversationCell.xib in Resources */ = {isa = PBXBuildFile; fileRef = 973CBE902153B63C00403D2D /* ConversationCell.xib */; };
		973CBE952153B9F700403D2D /* ContactCell.swift in Sources */ = {isa = PBXBuildFile; fileRef = 973CBE932153B9F700403D2D /* ContactCell.swift */; };
		973CBE962153B9F700403D2D /* ContactCell.xib in Resources */ = {isa = PBXBuildFile; fileRef = 973CBE942153B9F700403D2D /* ContactCell.xib */; };
		974E039A2161B9BA001597FF /* SendMessageRequest.swift in Sources */ = {isa = PBXBuildFile; fileRef = 974E03992161B9BA001597FF /* SendMessageRequest.swift */; };
		974E039C2161BC32001597FF /* SendMessageUsecase.swift in Sources */ = {isa = PBXBuildFile; fileRef = 974E039B2161BC32001597FF /* SendMessageUsecase.swift */; };
		974E039E2161BCA5001597FF /* MessageRepository.swift in Sources */ = {isa = PBXBuildFile; fileRef = 974E039D2161BCA5001597FF /* MessageRepository.swift */; };
		974E03A02161BD99001597FF /* MessageRepositoryImpl.swift in Sources */ = {isa = PBXBuildFile; fileRef = 974E039F2161BD99001597FF /* MessageRepositoryImpl.swift */; };
		974E03A22161BE01001597FF /* MessageRemoteSource.swift in Sources */ = {isa = PBXBuildFile; fileRef = 974E03A12161BE01001597FF /* MessageRemoteSource.swift */; };
		974E03A42161C06B001597FF /* MessageLocalSource.swift in Sources */ = {isa = PBXBuildFile; fileRef = 974E03A32161C06B001597FF /* MessageLocalSource.swift */; };
		974E03A62161C155001597FF /* MessageRealmSource.swift in Sources */ = {isa = PBXBuildFile; fileRef = 974E03A52161C155001597FF /* MessageRealmSource.swift */; };
		974E03A82161C238001597FF /* MessageFirebaseSource.swift in Sources */ = {isa = PBXBuildFile; fileRef = 974E03A72161C238001597FF /* MessageFirebaseSource.swift */; };
		974E03AA216210A6001597FF /* LoadMessageUsecase.swift in Sources */ = {isa = PBXBuildFile; fileRef = 974E03A9216210A6001597FF /* LoadMessageUsecase.swift */; };
		974E03AC216222C1001597FF /* LoadMessageRequest.swift in Sources */ = {isa = PBXBuildFile; fileRef = 974E03AB216222C1001597FF /* LoadMessageRequest.swift */; };
		975FEA732181B8010044BE23 /* ViewLocationGGMapsVC.swift in Sources */ = {isa = PBXBuildFile; fileRef = 975FEA712181B8010044BE23 /* ViewLocationGGMapsVC.swift */; };
		975FEA742181B8010044BE23 /* ViewLocationGGMapsVC.xib in Resources */ = {isa = PBXBuildFile; fileRef = 975FEA722181B8010044BE23 /* ViewLocationGGMapsVC.xib */; };
		975FEA762181C3D20044BE23 /* ViewLocationGGMapsVM.swift in Sources */ = {isa = PBXBuildFile; fileRef = 975FEA752181C3D20044BE23 /* ViewLocationGGMapsVM.swift */; };
		975FEA792181CA760044BE23 /* MyLocationGGMessageCell.swift in Sources */ = {isa = PBXBuildFile; fileRef = 975FEA772181CA760044BE23 /* MyLocationGGMessageCell.swift */; };
		975FEA7A2181CA760044BE23 /* MyLocationGGMessageCell.xib in Resources */ = {isa = PBXBuildFile; fileRef = 975FEA782181CA760044BE23 /* MyLocationGGMessageCell.xib */; };
		975FEA7D2181D9CF0044BE23 /* OthersLocationGGMessageCell.swift in Sources */ = {isa = PBXBuildFile; fileRef = 975FEA7B2181D9CF0044BE23 /* OthersLocationGGMessageCell.swift */; };
		975FEA7E2181D9CF0044BE23 /* OthersLocationGGMessageCell.xib in Resources */ = {isa = PBXBuildFile; fileRef = 975FEA7C2181D9CF0044BE23 /* OthersLocationGGMessageCell.xib */; };
		978596B4214A594C00516138 /* AppDelegate.swift in Sources */ = {isa = PBXBuildFile; fileRef = 978596B3214A594C00516138 /* AppDelegate.swift */; };
		978596B9214A594C00516138 /* Main.storyboard in Resources */ = {isa = PBXBuildFile; fileRef = 978596B7214A594C00516138 /* Main.storyboard */; };
		978596BB214A594E00516138 /* Assets.xcassets in Resources */ = {isa = PBXBuildFile; fileRef = 978596BA214A594E00516138 /* Assets.xcassets */; };
		978596BE214A594E00516138 /* LaunchScreen.storyboard in Resources */ = {isa = PBXBuildFile; fileRef = 978596BC214A594E00516138 /* LaunchScreen.storyboard */; };
		97896385217D8990001463E6 /* PickContactVC.swift in Sources */ = {isa = PBXBuildFile; fileRef = 97896383217D8990001463E6 /* PickContactVC.swift */; };
		97896386217D8990001463E6 /* PickContactVC.xib in Resources */ = {isa = PBXBuildFile; fileRef = 97896384217D8990001463E6 /* PickContactVC.xib */; };
		97896388217D9075001463E6 /* PickContactVM.swift in Sources */ = {isa = PBXBuildFile; fileRef = 97896387217D9075001463E6 /* PickContactVM.swift */; };
		9796AF6C215CBD88007BFF85 /* ChatVM.swift in Sources */ = {isa = PBXBuildFile; fileRef = 9796AF6B215CBD88007BFF85 /* ChatVM.swift */; };
		9796AF6F215CE51A007BFF85 /* MyMessageCell.swift in Sources */ = {isa = PBXBuildFile; fileRef = 9796AF6D215CE51A007BFF85 /* MyMessageCell.swift */; };
		9796AF70215CE51A007BFF85 /* MyMessageCell.xib in Resources */ = {isa = PBXBuildFile; fileRef = 9796AF6E215CE51A007BFF85 /* MyMessageCell.xib */; };
		9796AF73215CE8DB007BFF85 /* OthersMessageCell.swift in Sources */ = {isa = PBXBuildFile; fileRef = 9796AF71215CE8DB007BFF85 /* OthersMessageCell.swift */; };
		9796AF74215CE8DB007BFF85 /* OthersMessageCell.xib in Resources */ = {isa = PBXBuildFile; fileRef = 9796AF72215CE8DB007BFF85 /* OthersMessageCell.xib */; };
		9796AF78215CEEF5007BFF85 /* MessageItem.swift in Sources */ = {isa = PBXBuildFile; fileRef = 9796AF77215CEEF5007BFF85 /* MessageItem.swift */; };
		9796AF7A215CF134007BFF85 /* MessageClassifier.swift in Sources */ = {isa = PBXBuildFile; fileRef = 9796AF79215CF134007BFF85 /* MessageClassifier.swift */; };
		97B55CFA2152370E0030F75D /* GoogleService-Info.plist in Resources */ = {isa = PBXBuildFile; fileRef = 97B55CF92152370D0030F75D /* GoogleService-Info.plist */; };
		97B55CFD215247DA0030F75D /* UserResponse.swift in Sources */ = {isa = PBXBuildFile; fileRef = 97B55CFC215247DA0030F75D /* UserResponse.swift */; };
		97B55CFF21524A7C0030F75D /* ParseDataError.swift in Sources */ = {isa = PBXBuildFile; fileRef = 97B55CFE21524A7C0030F75D /* ParseDataError.swift */; };
		97BA5894215B259C00327FA7 /* Constant.swift in Sources */ = {isa = PBXBuildFile; fileRef = 97BA5893215B259C00327FA7 /* Constant.swift */; };
		97BA5896215B298000327FA7 /* ContactVM.swift in Sources */ = {isa = PBXBuildFile; fileRef = 97BA5895215B298000327FA7 /* ContactVM.swift */; };
		97BA5898215B29FD00327FA7 /* ContactItem.swift in Sources */ = {isa = PBXBuildFile; fileRef = 97BA5897215B29FD00327FA7 /* ContactItem.swift */; };
		97BA589A215B2B3800327FA7 /* Contact.swift in Sources */ = {isa = PBXBuildFile; fileRef = 97BA5899215B2B3800327FA7 /* Contact.swift */; };
		97BA589E215B39FB00327FA7 /* LoadContactUseCase.swift in Sources */ = {isa = PBXBuildFile; fileRef = 97BA589D215B39FB00327FA7 /* LoadContactUseCase.swift */; };
		97BA58A0215B3E6400327FA7 /* ContactRepository.swift in Sources */ = {isa = PBXBuildFile; fileRef = 97BA589F215B3E6400327FA7 /* ContactRepository.swift */; };
		97BA58A2215B3F1600327FA7 /* ContactRepositoryImpl.swift in Sources */ = {isa = PBXBuildFile; fileRef = 97BA58A1215B3F1600327FA7 /* ContactRepositoryImpl.swift */; };
		97BA58A4215B408C00327FA7 /* ContactLocalSource.swift in Sources */ = {isa = PBXBuildFile; fileRef = 97BA58A3215B408C00327FA7 /* ContactLocalSource.swift */; };
		97BA58A6215B409B00327FA7 /* ContactRemoteSource.swift in Sources */ = {isa = PBXBuildFile; fileRef = 97BA58A5215B409B00327FA7 /* ContactRemoteSource.swift */; };
		97BA58A8215B41CB00327FA7 /* ContactFirebaseSource.swift in Sources */ = {isa = PBXBuildFile; fileRef = 97BA58A7215B41CB00327FA7 /* ContactFirebaseSource.swift */; };
		97BA58AA215B425E00327FA7 /* ContactRealmSource.swift in Sources */ = {isa = PBXBuildFile; fileRef = 97BA58A9215B425E00327FA7 /* ContactRealmSource.swift */; };
		97BA58AC215B42CB00327FA7 /* ContactRealm.swift in Sources */ = {isa = PBXBuildFile; fileRef = 97BA58AB215B42CB00327FA7 /* ContactRealm.swift */; };
		97CF54C9214FB7CE007609BE /* LoginVC.swift in Sources */ = {isa = PBXBuildFile; fileRef = 97CF54C7214FB7CE007609BE /* LoginVC.swift */; };
		97CF54CA214FB7CE007609BE /* LoginVC.xib in Resources */ = {isa = PBXBuildFile; fileRef = 97CF54C8214FB7CE007609BE /* LoginVC.xib */; };
		97D55285217DB87900878A63 /* MyNameCardMessageCell.swift in Sources */ = {isa = PBXBuildFile; fileRef = 97D55283217DB87900878A63 /* MyNameCardMessageCell.swift */; };
		97D55286217DB87900878A63 /* MyNameCardMessageCell.xib in Resources */ = {isa = PBXBuildFile; fileRef = 97D55284217DB87900878A63 /* MyNameCardMessageCell.xib */; };
		97D55289217DC89000878A63 /* OthersNameCardMessageCell.swift in Sources */ = {isa = PBXBuildFile; fileRef = 97D55287217DC89000878A63 /* OthersNameCardMessageCell.swift */; };
		97D5528A217DC89000878A63 /* OthersNameCardMessageCell.xib in Resources */ = {isa = PBXBuildFile; fileRef = 97D55288217DC89000878A63 /* OthersNameCardMessageCell.xib */; };
		97D6D55D215258EF0070E521 /* ValidateError.swift in Sources */ = {isa = PBXBuildFile; fileRef = 97D6D55C215258EF0070E521 /* ValidateError.swift */; };
		97D6D55F21525F7E0070E521 /* RxBinding.swift in Sources */ = {isa = PBXBuildFile; fileRef = 97D6D55E21525F7E0070E521 /* RxBinding.swift */; };
		97D6D561215265600070E521 /* ViewController.swift in Sources */ = {isa = PBXBuildFile; fileRef = 97D6D560215265600070E521 /* ViewController.swift */; };
		97DB46C22151F2F100F018DC /* BaseVC.swift in Sources */ = {isa = PBXBuildFile; fileRef = 97DB46C12151F2F100F018DC /* BaseVC.swift */; };
		97DB46C42151F51700F018DC /* LoginVM.swift in Sources */ = {isa = PBXBuildFile; fileRef = 97DB46C32151F51700F018DC /* LoginVM.swift */; };
		97DB46C72151F57A00F018DC /* ViewModelDelegate.swift in Sources */ = {isa = PBXBuildFile; fileRef = 97DB46C62151F57A00F018DC /* ViewModelDelegate.swift */; };
		97DB46CA2151FDFE00F018DC /* LoginUseCase.swift in Sources */ = {isa = PBXBuildFile; fileRef = 97DB46C92151FDFE00F018DC /* LoginUseCase.swift */; };
		97DB46CC2151FE3B00F018DC /* UseCase.swift in Sources */ = {isa = PBXBuildFile; fileRef = 97DB46CB2151FE3B00F018DC /* UseCase.swift */; };
		97DB46CF2151FF4F00F018DC /* UserRepository.swift in Sources */ = {isa = PBXBuildFile; fileRef = 97DB46CE2151FF4F00F018DC /* UserRepository.swift */; };
		97DB46D22152001200F018DC /* User.swift in Sources */ = {isa = PBXBuildFile; fileRef = 97DB46D12152001200F018DC /* User.swift */; };
		97DB46D52152009700F018DC /* LoginRequest.swift in Sources */ = {isa = PBXBuildFile; fileRef = 97DB46D42152009700F018DC /* LoginRequest.swift */; };
		97DB46D72152011300F018DC /* SignupRequest.swift in Sources */ = {isa = PBXBuildFile; fileRef = 97DB46D62152011300F018DC /* SignupRequest.swift */; };
		97DB46DA2152033100F018DC /* UserRepositoryImpl.swift in Sources */ = {isa = PBXBuildFile; fileRef = 97DB46D92152033100F018DC /* UserRepositoryImpl.swift */; };
		97DB46DE2152063300F018DC /* UserRemoteSource.swift in Sources */ = {isa = PBXBuildFile; fileRef = 97DB46DD2152063300F018DC /* UserRemoteSource.swift */; };
		97DB46E0215206A800F018DC /* UserLocalSource.swift in Sources */ = {isa = PBXBuildFile; fileRef = 97DB46DF215206A800F018DC /* UserLocalSource.swift */; };
		97DB46E22152088900F018DC /* UserFirebaseSource.swift in Sources */ = {isa = PBXBuildFile; fileRef = 97DB46E12152088900F018DC /* UserFirebaseSource.swift */; };
		97DB46E421520A2A00F018DC /* UserRealmSource.swift in Sources */ = {isa = PBXBuildFile; fileRef = 97DB46E321520A2A00F018DC /* UserRealmSource.swift */; };
		97DB46E621520C0500F018DC /* ObservableType.swift in Sources */ = {isa = PBXBuildFile; fileRef = 97DB46E521520C0500F018DC /* ObservableType.swift */; };
		97DB46E821520CD300F018DC /* ActivityIndicator.swift in Sources */ = {isa = PBXBuildFile; fileRef = 97DB46E721520CD300F018DC /* ActivityIndicator.swift */; };
		97DB46EA21520D0700F018DC /* ErrorTracker.swift in Sources */ = {isa = PBXBuildFile; fileRef = 97DB46E921520D0700F018DC /* ErrorTracker.swift */; };
		97DFB55D215B90C30001ADFB /* ChatVC.swift in Sources */ = {isa = PBXBuildFile; fileRef = 97DFB55B215B90C30001ADFB /* ChatVC.swift */; };
		97DFB55E215B90C30001ADFB /* ChatVC.xib in Resources */ = {isa = PBXBuildFile; fileRef = 97DFB55C215B90C30001ADFB /* ChatVC.xib */; };
		97E2C0E121587F1800FA9348 /* Conversation.swift in Sources */ = {isa = PBXBuildFile; fileRef = 97E2C0E021587F1800FA9348 /* Conversation.swift */; };
		97E2C0E32158800C00FA9348 /* Message.swift in Sources */ = {isa = PBXBuildFile; fileRef = 97E2C0E22158800C00FA9348 /* Message.swift */; };
		97E2C0E52158850800FA9348 /* ConversationItem.swift in Sources */ = {isa = PBXBuildFile; fileRef = 97E2C0E42158850800FA9348 /* ConversationItem.swift */; };
		97E2C0E721588EB900FA9348 /* ChatHistoryVM.swift in Sources */ = {isa = PBXBuildFile; fileRef = 97E2C0E621588EB900FA9348 /* ChatHistoryVM.swift */; };
		97E2C0E92158985900FA9348 /* LoadConversationUseCase.swift in Sources */ = {isa = PBXBuildFile; fileRef = 97E2C0E82158985900FA9348 /* LoadConversationUseCase.swift */; };
		97E2C0EB2158991800FA9348 /* ConversationRepository.swift in Sources */ = {isa = PBXBuildFile; fileRef = 97E2C0EA2158991800FA9348 /* ConversationRepository.swift */; };
		97E2C0ED215899EF00FA9348 /* ConversationRepositoryImpl.swift in Sources */ = {isa = PBXBuildFile; fileRef = 97E2C0EC215899EF00FA9348 /* ConversationRepositoryImpl.swift */; };
		97E2C0F021589C7600FA9348 /* UserRealm.swift in Sources */ = {isa = PBXBuildFile; fileRef = 97E2C0EF21589C7600FA9348 /* UserRealm.swift */; };
		97E2C0F221589E1500FA9348 /* ConversationRealm.swift in Sources */ = {isa = PBXBuildFile; fileRef = 97E2C0F121589E1500FA9348 /* ConversationRealm.swift */; };
		97E2C0F421589F0300FA9348 /* MessageRealm.swift in Sources */ = {isa = PBXBuildFile; fileRef = 97E2C0F321589F0300FA9348 /* MessageRealm.swift */; };
		97E2C0F62158A3A200FA9348 /* ConversationRemoteSource.swift in Sources */ = {isa = PBXBuildFile; fileRef = 97E2C0F52158A3A200FA9348 /* ConversationRemoteSource.swift */; };
		97E2C0F82158A46200FA9348 /* ConversationFirebaseSource.swift in Sources */ = {isa = PBXBuildFile; fileRef = 97E2C0F72158A46200FA9348 /* ConversationFirebaseSource.swift */; };
		97E2C0FA2158A5D300FA9348 /* ConversationLocalSource.swift in Sources */ = {isa = PBXBuildFile; fileRef = 97E2C0F92158A5D300FA9348 /* ConversationLocalSource.swift */; };
		97E82F7121993A0A002FD0BD /* MyVideoMessageCell.swift in Sources */ = {isa = PBXBuildFile; fileRef = 97E82F6F21993A0A002FD0BD /* MyVideoMessageCell.swift */; };
		97E82F7221993A0A002FD0BD /* MyVideoMessageCell.xib in Resources */ = {isa = PBXBuildFile; fileRef = 97E82F7021993A0A002FD0BD /* MyVideoMessageCell.xib */; };
		97F3DB5B21800ACC00EAEF97 /* PickLocationVC.swift in Sources */ = {isa = PBXBuildFile; fileRef = 97F3DB5921800ACC00EAEF97 /* PickLocationVC.swift */; };
		97F3DB5C21800ACC00EAEF97 /* PickLocationVC.xib in Resources */ = {isa = PBXBuildFile; fileRef = 97F3DB5A21800ACC00EAEF97 /* PickLocationVC.xib */; };
		97F3DB5E2180190500EAEF97 /* PickLocationVM.swift in Sources */ = {isa = PBXBuildFile; fileRef = 97F3DB5D2180190500EAEF97 /* PickLocationVM.swift */; };
		97F934AD218051D8001533BE /* NumberUtils.swift in Sources */ = {isa = PBXBuildFile; fileRef = 97F934AC218051D8001533BE /* NumberUtils.swift */; };
		97F934B2218054D8001533BE /* MyLocationMessageCell.swift in Sources */ = {isa = PBXBuildFile; fileRef = 97F934B0218054D8001533BE /* MyLocationMessageCell.swift */; };
		97F934B3218054D8001533BE /* MyLocationMessageCell.xib in Resources */ = {isa = PBXBuildFile; fileRef = 97F934B1218054D8001533BE /* MyLocationMessageCell.xib */; };
		97F934B521805ADD001533BE /* CustomPointAnnotation.swift in Sources */ = {isa = PBXBuildFile; fileRef = 97F934B421805ADD001533BE /* CustomPointAnnotation.swift */; };
		97F934B82180722F001533BE /* OthersLocationMessageCell.swift in Sources */ = {isa = PBXBuildFile; fileRef = 97F934B62180722F001533BE /* OthersLocationMessageCell.swift */; };
		97F934B92180722F001533BE /* OthersLocationMessageCell.xib in Resources */ = {isa = PBXBuildFile; fileRef = 97F934B72180722F001533BE /* OthersLocationMessageCell.xib */; };
		97F934BD2180787B001533BE /* ViewLocationVC.swift in Sources */ = {isa = PBXBuildFile; fileRef = 97F934BB2180787B001533BE /* ViewLocationVC.swift */; };
		97F934BE2180787B001533BE /* ViewLocationVC.xib in Resources */ = {isa = PBXBuildFile; fileRef = 97F934BC2180787B001533BE /* ViewLocationVC.xib */; };
		97F934C021807D85001533BE /* ViewLocationVM.swift in Sources */ = {isa = PBXBuildFile; fileRef = 97F934BF21807D85001533BE /* ViewLocationVM.swift */; };
/* End PBXBuildFile section */

/* Begin PBXFileReference section */
		297D63B6F2885588B8541C6B /* Pods-iZalo.release.xcconfig */ = {isa = PBXFileReference; includeInIndex = 1; lastKnownFileType = text.xcconfig; name = "Pods-iZalo.release.xcconfig"; path = "Pods/Target Support Files/Pods-iZalo/Pods-iZalo.release.xcconfig"; sourceTree = "<group>"; };
		383FD8FAA77043B55057026F /* Pods_iZalo.framework */ = {isa = PBXFileReference; explicitFileType = wrapper.framework; includeInIndex = 0; path = Pods_iZalo.framework; sourceTree = BUILT_PRODUCTS_DIR; };
		6F059BC01BC0C503BE6B626F /* Pods-iZalo.debug.xcconfig */ = {isa = PBXFileReference; includeInIndex = 1; lastKnownFileType = text.xcconfig; name = "Pods-iZalo.debug.xcconfig"; path = "Pods/Target Support Files/Pods-iZalo/Pods-iZalo.debug.xcconfig"; sourceTree = "<group>"; };
		970656B42176DD34002A5FF6 /* ImageUtils.swift */ = {isa = PBXFileReference; lastKnownFileType = sourcecode.swift; path = ImageUtils.swift; sourceTree = "<group>"; };
		970656B62176EA03002A5FF6 /* UploadImageMessageUseCase.swift */ = {isa = PBXFileReference; lastKnownFileType = sourcecode.swift; path = UploadImageMessageUseCase.swift; sourceTree = "<group>"; };
		970656B82176ED4B002A5FF6 /* UploadFileMessageRequest.swift */ = {isa = PBXFileReference; lastKnownFileType = sourcecode.swift; path = UploadFileMessageRequest.swift; sourceTree = "<group>"; };
		970656BA2176F5C8002A5FF6 /* MyImageMessageCell.swift */ = {isa = PBXFileReference; lastKnownFileType = sourcecode.swift; path = MyImageMessageCell.swift; sourceTree = "<group>"; };
		970656BB2176F5C8002A5FF6 /* MyImageMessageCell.xib */ = {isa = PBXFileReference; lastKnownFileType = file.xib; path = MyImageMessageCell.xib; sourceTree = "<group>"; };
		970656BE217718FC002A5FF6 /* OthersImageMessageCell.swift */ = {isa = PBXFileReference; lastKnownFileType = sourcecode.swift; path = OthersImageMessageCell.swift; sourceTree = "<group>"; };
		970656BF217718FC002A5FF6 /* OthersImageMessageCell.xib */ = {isa = PBXFileReference; lastKnownFileType = file.xib; path = OthersImageMessageCell.xib; sourceTree = "<group>"; };
		970656C3217727BF002A5FF6 /* ViewImageVC.swift */ = {isa = PBXFileReference; lastKnownFileType = sourcecode.swift; path = ViewImageVC.swift; sourceTree = "<group>"; };
		970656C4217727BF002A5FF6 /* ViewImageVC.xib */ = {isa = PBXFileReference; lastKnownFileType = file.xib; path = ViewImageVC.xib; sourceTree = "<group>"; };
		970656C721772C2F002A5FF6 /* ViewImageVM.swift */ = {isa = PBXFileReference; lastKnownFileType = sourcecode.swift; path = ViewImageVM.swift; sourceTree = "<group>"; };
		970D6FE42158C80200688732 /* ConversationRealmSource.swift */ = {isa = PBXFileReference; lastKnownFileType = sourcecode.swift; path = ConversationRealmSource.swift; sourceTree = "<group>"; };
		970D6FE62158CC3F00688732 /* AuthenticateError.swift */ = {isa = PBXFileReference; lastKnownFileType = sourcecode.swift; path = AuthenticateError.swift; sourceTree = "<group>"; };
		970D6FE82158CCAF00688732 /* NetworkError.swift */ = {isa = PBXFileReference; lastKnownFileType = sourcecode.swift; path = NetworkError.swift; sourceTree = "<group>"; };
		970D6FEA2158E1F400688732 /* ConversationResponse.swift */ = {isa = PBXFileReference; lastKnownFileType = sourcecode.swift; path = ConversationResponse.swift; sourceTree = "<group>"; };
		970D6FEC2158E4CF00688732 /* MessageResponse.swift */ = {isa = PBXFileReference; lastKnownFileType = sourcecode.swift; path = MessageResponse.swift; sourceTree = "<group>"; };
		97133732216C450E000A609A /* SignupVC.swift */ = {isa = PBXFileReference; lastKnownFileType = sourcecode.swift; path = SignupVC.swift; sourceTree = "<group>"; };
		97133733216C450E000A609A /* SignupVC.xib */ = {isa = PBXFileReference; lastKnownFileType = file.xib; path = SignupVC.xib; sourceTree = "<group>"; };
		97133736216C5A65000A609A /* SignupVM.swift */ = {isa = PBXFileReference; lastKnownFileType = sourcecode.swift; path = SignupVM.swift; sourceTree = "<group>"; };
		97133738216C6255000A609A /* SignupUseCase.swift */ = {isa = PBXFileReference; lastKnownFileType = sourcecode.swift; path = "Signup\U0010UseCase.swift"; sourceTree = "<group>"; };
		9713373B216C8BD5000A609A /* AddFriendVC.swift */ = {isa = PBXFileReference; lastKnownFileType = sourcecode.swift; path = AddFriendVC.swift; sourceTree = "<group>"; };
		9713373C216C8BD5000A609A /* AddFriendVC.xib */ = {isa = PBXFileReference; lastKnownFileType = file.xib; path = AddFriendVC.xib; sourceTree = "<group>"; };
		97133743216C969B000A609A /* AddFriendVM.swift */ = {isa = PBXFileReference; lastKnownFileType = sourcecode.swift; path = AddFriendVM.swift; sourceTree = "<group>"; };
		97133745216CB611000A609A /* SearchUsernameRequest.swift */ = {isa = PBXFileReference; lastKnownFileType = sourcecode.swift; path = SearchUsernameRequest.swift; sourceTree = "<group>"; };
		97133747216CB729000A609A /* SearchUsernameUseCase.swift */ = {isa = PBXFileReference; lastKnownFileType = sourcecode.swift; path = SearchUsernameUseCase.swift; sourceTree = "<group>"; };
		97133749216CC013000A609A /* ContactSearchResult.swift */ = {isa = PBXFileReference; lastKnownFileType = sourcecode.swift; path = ContactSearchResult.swift; sourceTree = "<group>"; };
		971E9834218FE37E005A526D /* PersistMessageUseCase.swift */ = {isa = PBXFileReference; lastKnownFileType = sourcecode.swift; path = PersistMessageUseCase.swift; sourceTree = "<group>"; };
		971E983621902BF3005A526D /* MyAudioMessageCell.swift */ = {isa = PBXFileReference; lastKnownFileType = sourcecode.swift; path = MyAudioMessageCell.swift; sourceTree = "<group>"; };
		971E983721902BF3005A526D /* MyAudioMessageCell.xib */ = {isa = PBXFileReference; lastKnownFileType = file.xib; path = MyAudioMessageCell.xib; sourceTree = "<group>"; };
		971E983A21903F97005A526D /* LoadAndPlayAudioUseCase.swift */ = {isa = PBXFileReference; lastKnownFileType = sourcecode.swift; path = LoadAndPlayAudioUseCase.swift; sourceTree = "<group>"; };
		971ED8D721743150001F8217 /* SettingCell.swift */ = {isa = PBXFileReference; lastKnownFileType = sourcecode.swift; path = SettingCell.swift; sourceTree = "<group>"; };
		971ED8D821743150001F8217 /* SettingCell.xib */ = {isa = PBXFileReference; lastKnownFileType = file.xib; path = SettingCell.xib; sourceTree = "<group>"; };
		971ED8DB21743380001F8217 /* SettingItem.swift */ = {isa = PBXFileReference; lastKnownFileType = sourcecode.swift; path = SettingItem.swift; sourceTree = "<group>"; };
		971ED8DD217445F4001F8217 /* LoadCurrenUserInfoUseCase.swift */ = {isa = PBXFileReference; lastKnownFileType = sourcecode.swift; path = LoadCurrenUserInfoUseCase.swift; sourceTree = "<group>"; };
		971ED8E0217482F1001F8217 /* ChangeAvatarUseCase.swift */ = {isa = PBXFileReference; lastKnownFileType = sourcecode.swift; path = ChangeAvatarUseCase.swift; sourceTree = "<group>"; };
		971ED8E221748E10001F8217 /* ChangeAvatarRequest.swift */ = {isa = PBXFileReference; lastKnownFileType = sourcecode.swift; path = ChangeAvatarRequest.swift; sourceTree = "<group>"; };
		97215B862186AAC7000FB9D6 /* StringUtils.swift */ = {isa = PBXFileReference; lastKnownFileType = sourcecode.swift; path = StringUtils.swift; sourceTree = "<group>"; };
		97215B882186BD3D000FB9D6 /* ViewAnimation.swift */ = {isa = PBXFileReference; lastKnownFileType = sourcecode.swift; path = ViewAnimation.swift; sourceTree = "<group>"; };
		97215B8A2186C771000FB9D6 /* iZalo.entitlements */ = {isa = PBXFileReference; lastKnownFileType = text.plist.entitlements; path = iZalo.entitlements; sourceTree = "<group>"; };
		97215B8B2186F590000FB9D6 /* MyFileMessageCell.swift */ = {isa = PBXFileReference; lastKnownFileType = sourcecode.swift; path = MyFileMessageCell.swift; sourceTree = "<group>"; };
		97215B8C2186F590000FB9D6 /* MyFileMessageCell.xib */ = {isa = PBXFileReference; lastKnownFileType = file.xib; path = MyFileMessageCell.xib; sourceTree = "<group>"; };
		97215B8F21870065000FB9D6 /* OthersFileMessageCell.swift */ = {isa = PBXFileReference; lastKnownFileType = sourcecode.swift; path = OthersFileMessageCell.swift; sourceTree = "<group>"; };
		97215B9021870065000FB9D6 /* OthersFileMessageCell.xib */ = {isa = PBXFileReference; lastKnownFileType = file.xib; path = OthersFileMessageCell.xib; sourceTree = "<group>"; };
		972CAD45216EE238007972B6 /* AddContactRequest.swift */ = {isa = PBXFileReference; lastKnownFileType = sourcecode.swift; path = AddContactRequest.swift; sourceTree = "<group>"; };
		972CAD47216EE322007972B6 /* AddContactUseCase.swift */ = {isa = PBXFileReference; lastKnownFileType = sourcecode.swift; path = AddContactUseCase.swift; sourceTree = "<group>"; };
		972CAD49216F36FE007972B6 /* SettingVM.swift */ = {isa = PBXFileReference; lastKnownFileType = sourcecode.swift; path = SettingVM.swift; sourceTree = "<group>"; };
		972CAD4B216F4F3A007972B6 /* SubStringIndex.swift */ = {isa = PBXFileReference; lastKnownFileType = sourcecode.swift; path = SubStringIndex.swift; sourceTree = "<group>"; };
		9736A3CB21538BF80085219D /* MainVC.swift */ = {isa = PBXFileReference; lastKnownFileType = sourcecode.swift; path = MainVC.swift; sourceTree = "<group>"; };
		9736A3CC21538BF80085219D /* MainVC.xib */ = {isa = PBXFileReference; lastKnownFileType = file.xib; path = MainVC.xib; sourceTree = "<group>"; };
		9736A3D021538D040085219D /* ChatHistoryVC.swift */ = {isa = PBXFileReference; lastKnownFileType = sourcecode.swift; path = ChatHistoryVC.swift; sourceTree = "<group>"; };
		9736A3D121538D040085219D /* ChatHistoryVC.xib */ = {isa = PBXFileReference; lastKnownFileType = file.xib; path = ChatHistoryVC.xib; sourceTree = "<group>"; };
		9736A3D521538D550085219D /* ContactVC.swift */ = {isa = PBXFileReference; lastKnownFileType = sourcecode.swift; path = ContactVC.swift; sourceTree = "<group>"; };
		9736A3D621538D550085219D /* ContactVC.xib */ = {isa = PBXFileReference; lastKnownFileType = file.xib; path = ContactVC.xib; sourceTree = "<group>"; };
		9736A3DA21538D960085219D /* SettingVC.swift */ = {isa = PBXFileReference; lastKnownFileType = sourcecode.swift; path = SettingVC.swift; sourceTree = "<group>"; };
		9736A3DB21538D960085219D /* SettingVC.xib */ = {isa = PBXFileReference; lastKnownFileType = file.xib; path = SettingVC.xib; sourceTree = "<group>"; };
		97391AB52178833200D5E81E /* EmojiItem.swift */ = {isa = PBXFileReference; lastKnownFileType = sourcecode.swift; path = EmojiItem.swift; sourceTree = "<group>"; };
		97391AB72178847F00D5E81E /* EmojiCell.swift */ = {isa = PBXFileReference; lastKnownFileType = sourcecode.swift; path = EmojiCell.swift; sourceTree = "<group>"; };
		97391AB82178847F00D5E81E /* EmojiCell.xib */ = {isa = PBXFileReference; lastKnownFileType = file.xib; path = EmojiCell.xib; sourceTree = "<group>"; };
		973A61532164B990003B6047 /* BaseMessageCell.swift */ = {isa = PBXFileReference; lastKnownFileType = sourcecode.swift; path = BaseMessageCell.swift; sourceTree = "<group>"; };
		973A61552164BDD3003B6047 /* LoadConversationAndContactRequest.swift */ = {isa = PBXFileReference; lastKnownFileType = sourcecode.swift; path = LoadConversationAndContactRequest.swift; sourceTree = "<group>"; };
		973A61572164C7A5003B6047 /* Color.swift */ = {isa = PBXFileReference; lastKnownFileType = sourcecode.swift; path = Color.swift; sourceTree = "<group>"; };
		973CBE8F2153B63C00403D2D /* ConversationCell.swift */ = {isa = PBXFileReference; lastKnownFileType = sourcecode.swift; path = ConversationCell.swift; sourceTree = "<group>"; };
		973CBE902153B63C00403D2D /* ConversationCell.xib */ = {isa = PBXFileReference; lastKnownFileType = file.xib; path = ConversationCell.xib; sourceTree = "<group>"; };
		973CBE932153B9F700403D2D /* ContactCell.swift */ = {isa = PBXFileReference; lastKnownFileType = sourcecode.swift; path = ContactCell.swift; sourceTree = "<group>"; };
		973CBE942153B9F700403D2D /* ContactCell.xib */ = {isa = PBXFileReference; lastKnownFileType = file.xib; path = ContactCell.xib; sourceTree = "<group>"; };
		974E03992161B9BA001597FF /* SendMessageRequest.swift */ = {isa = PBXFileReference; lastKnownFileType = sourcecode.swift; path = SendMessageRequest.swift; sourceTree = "<group>"; };
		974E039B2161BC32001597FF /* SendMessageUsecase.swift */ = {isa = PBXFileReference; lastKnownFileType = sourcecode.swift; path = SendMessageUsecase.swift; sourceTree = "<group>"; };
		974E039D2161BCA5001597FF /* MessageRepository.swift */ = {isa = PBXFileReference; lastKnownFileType = sourcecode.swift; path = MessageRepository.swift; sourceTree = "<group>"; };
		974E039F2161BD99001597FF /* MessageRepositoryImpl.swift */ = {isa = PBXFileReference; lastKnownFileType = sourcecode.swift; path = MessageRepositoryImpl.swift; sourceTree = "<group>"; };
		974E03A12161BE01001597FF /* MessageRemoteSource.swift */ = {isa = PBXFileReference; lastKnownFileType = sourcecode.swift; path = MessageRemoteSource.swift; sourceTree = "<group>"; };
		974E03A32161C06B001597FF /* MessageLocalSource.swift */ = {isa = PBXFileReference; lastKnownFileType = sourcecode.swift; path = MessageLocalSource.swift; sourceTree = "<group>"; };
		974E03A52161C155001597FF /* MessageRealmSource.swift */ = {isa = PBXFileReference; lastKnownFileType = sourcecode.swift; path = MessageRealmSource.swift; sourceTree = "<group>"; };
		974E03A72161C238001597FF /* MessageFirebaseSource.swift */ = {isa = PBXFileReference; lastKnownFileType = sourcecode.swift; path = MessageFirebaseSource.swift; sourceTree = "<group>"; };
		974E03A9216210A6001597FF /* LoadMessageUsecase.swift */ = {isa = PBXFileReference; lastKnownFileType = sourcecode.swift; path = LoadMessageUsecase.swift; sourceTree = "<group>"; };
		974E03AB216222C1001597FF /* LoadMessageRequest.swift */ = {isa = PBXFileReference; lastKnownFileType = sourcecode.swift; path = LoadMessageRequest.swift; sourceTree = "<group>"; };
		975FEA712181B8010044BE23 /* ViewLocationGGMapsVC.swift */ = {isa = PBXFileReference; lastKnownFileType = sourcecode.swift; path = ViewLocationGGMapsVC.swift; sourceTree = "<group>"; };
		975FEA722181B8010044BE23 /* ViewLocationGGMapsVC.xib */ = {isa = PBXFileReference; lastKnownFileType = file.xib; path = ViewLocationGGMapsVC.xib; sourceTree = "<group>"; };
		975FEA752181C3D20044BE23 /* ViewLocationGGMapsVM.swift */ = {isa = PBXFileReference; lastKnownFileType = sourcecode.swift; path = ViewLocationGGMapsVM.swift; sourceTree = "<group>"; };
		975FEA772181CA760044BE23 /* MyLocationGGMessageCell.swift */ = {isa = PBXFileReference; lastKnownFileType = sourcecode.swift; path = MyLocationGGMessageCell.swift; sourceTree = "<group>"; };
		975FEA782181CA760044BE23 /* MyLocationGGMessageCell.xib */ = {isa = PBXFileReference; lastKnownFileType = file.xib; path = MyLocationGGMessageCell.xib; sourceTree = "<group>"; };
		975FEA7B2181D9CF0044BE23 /* OthersLocationGGMessageCell.swift */ = {isa = PBXFileReference; lastKnownFileType = sourcecode.swift; path = OthersLocationGGMessageCell.swift; sourceTree = "<group>"; };
		975FEA7C2181D9CF0044BE23 /* OthersLocationGGMessageCell.xib */ = {isa = PBXFileReference; lastKnownFileType = file.xib; path = OthersLocationGGMessageCell.xib; sourceTree = "<group>"; };
		978596B0214A594C00516138 /* iZalo.app */ = {isa = PBXFileReference; explicitFileType = wrapper.application; includeInIndex = 0; path = iZalo.app; sourceTree = BUILT_PRODUCTS_DIR; };
		978596B3214A594C00516138 /* AppDelegate.swift */ = {isa = PBXFileReference; lastKnownFileType = sourcecode.swift; path = AppDelegate.swift; sourceTree = "<group>"; };
		978596B8214A594C00516138 /* Base */ = {isa = PBXFileReference; lastKnownFileType = file.storyboard; name = Base; path = Base.lproj/Main.storyboard; sourceTree = "<group>"; };
		978596BA214A594E00516138 /* Assets.xcassets */ = {isa = PBXFileReference; lastKnownFileType = folder.assetcatalog; path = Assets.xcassets; sourceTree = "<group>"; };
		978596BD214A594E00516138 /* Base */ = {isa = PBXFileReference; lastKnownFileType = file.storyboard; name = Base; path = Base.lproj/LaunchScreen.storyboard; sourceTree = "<group>"; };
		978596BF214A594E00516138 /* Info.plist */ = {isa = PBXFileReference; lastKnownFileType = text.plist.xml; path = Info.plist; sourceTree = "<group>"; };
		97896383217D8990001463E6 /* PickContactVC.swift */ = {isa = PBXFileReference; lastKnownFileType = sourcecode.swift; path = PickContactVC.swift; sourceTree = "<group>"; };
		97896384217D8990001463E6 /* PickContactVC.xib */ = {isa = PBXFileReference; lastKnownFileType = file.xib; path = PickContactVC.xib; sourceTree = "<group>"; };
		97896387217D9075001463E6 /* PickContactVM.swift */ = {isa = PBXFileReference; lastKnownFileType = sourcecode.swift; path = PickContactVM.swift; sourceTree = "<group>"; };
		9796AF6B215CBD88007BFF85 /* ChatVM.swift */ = {isa = PBXFileReference; lastKnownFileType = sourcecode.swift; path = ChatVM.swift; sourceTree = "<group>"; };
		9796AF6D215CE51A007BFF85 /* MyMessageCell.swift */ = {isa = PBXFileReference; lastKnownFileType = sourcecode.swift; path = MyMessageCell.swift; sourceTree = "<group>"; };
		9796AF6E215CE51A007BFF85 /* MyMessageCell.xib */ = {isa = PBXFileReference; lastKnownFileType = file.xib; path = MyMessageCell.xib; sourceTree = "<group>"; };
		9796AF71215CE8DB007BFF85 /* OthersMessageCell.swift */ = {isa = PBXFileReference; lastKnownFileType = sourcecode.swift; path = OthersMessageCell.swift; sourceTree = "<group>"; };
		9796AF72215CE8DB007BFF85 /* OthersMessageCell.xib */ = {isa = PBXFileReference; lastKnownFileType = file.xib; path = OthersMessageCell.xib; sourceTree = "<group>"; };
		9796AF77215CEEF5007BFF85 /* MessageItem.swift */ = {isa = PBXFileReference; lastKnownFileType = sourcecode.swift; path = MessageItem.swift; sourceTree = "<group>"; };
		9796AF79215CF134007BFF85 /* MessageClassifier.swift */ = {isa = PBXFileReference; lastKnownFileType = sourcecode.swift; path = MessageClassifier.swift; sourceTree = "<group>"; };
		97B55CF92152370D0030F75D /* GoogleService-Info.plist */ = {isa = PBXFileReference; fileEncoding = 4; lastKnownFileType = text.plist.xml; path = "GoogleService-Info.plist"; sourceTree = "<group>"; };
		97B55CFC215247DA0030F75D /* UserResponse.swift */ = {isa = PBXFileReference; lastKnownFileType = sourcecode.swift; path = UserResponse.swift; sourceTree = "<group>"; };
		97B55CFE21524A7C0030F75D /* ParseDataError.swift */ = {isa = PBXFileReference; lastKnownFileType = sourcecode.swift; path = ParseDataError.swift; sourceTree = "<group>"; };
		97BA5893215B259C00327FA7 /* Constant.swift */ = {isa = PBXFileReference; lastKnownFileType = sourcecode.swift; path = Constant.swift; sourceTree = "<group>"; };
		97BA5895215B298000327FA7 /* ContactVM.swift */ = {isa = PBXFileReference; lastKnownFileType = sourcecode.swift; path = ContactVM.swift; sourceTree = "<group>"; };
		97BA5897215B29FD00327FA7 /* ContactItem.swift */ = {isa = PBXFileReference; lastKnownFileType = sourcecode.swift; path = ContactItem.swift; sourceTree = "<group>"; };
		97BA5899215B2B3800327FA7 /* Contact.swift */ = {isa = PBXFileReference; lastKnownFileType = sourcecode.swift; path = Contact.swift; sourceTree = "<group>"; };
		97BA589D215B39FB00327FA7 /* LoadContactUseCase.swift */ = {isa = PBXFileReference; lastKnownFileType = sourcecode.swift; path = LoadContactUseCase.swift; sourceTree = "<group>"; };
		97BA589F215B3E6400327FA7 /* ContactRepository.swift */ = {isa = PBXFileReference; lastKnownFileType = sourcecode.swift; path = ContactRepository.swift; sourceTree = "<group>"; };
		97BA58A1215B3F1600327FA7 /* ContactRepositoryImpl.swift */ = {isa = PBXFileReference; lastKnownFileType = sourcecode.swift; path = ContactRepositoryImpl.swift; sourceTree = "<group>"; };
		97BA58A3215B408C00327FA7 /* ContactLocalSource.swift */ = {isa = PBXFileReference; lastKnownFileType = sourcecode.swift; path = ContactLocalSource.swift; sourceTree = "<group>"; };
		97BA58A5215B409B00327FA7 /* ContactRemoteSource.swift */ = {isa = PBXFileReference; lastKnownFileType = sourcecode.swift; path = ContactRemoteSource.swift; sourceTree = "<group>"; };
		97BA58A7215B41CB00327FA7 /* ContactFirebaseSource.swift */ = {isa = PBXFileReference; lastKnownFileType = sourcecode.swift; path = ContactFirebaseSource.swift; sourceTree = "<group>"; };
		97BA58A9215B425E00327FA7 /* ContactRealmSource.swift */ = {isa = PBXFileReference; lastKnownFileType = sourcecode.swift; path = ContactRealmSource.swift; sourceTree = "<group>"; };
		97BA58AB215B42CB00327FA7 /* ContactRealm.swift */ = {isa = PBXFileReference; lastKnownFileType = sourcecode.swift; path = ContactRealm.swift; sourceTree = "<group>"; };
		97CF54C7214FB7CE007609BE /* LoginVC.swift */ = {isa = PBXFileReference; lastKnownFileType = sourcecode.swift; path = LoginVC.swift; sourceTree = "<group>"; };
		97CF54C8214FB7CE007609BE /* LoginVC.xib */ = {isa = PBXFileReference; lastKnownFileType = file.xib; path = LoginVC.xib; sourceTree = "<group>"; };
		97D55283217DB87900878A63 /* MyNameCardMessageCell.swift */ = {isa = PBXFileReference; lastKnownFileType = sourcecode.swift; path = MyNameCardMessageCell.swift; sourceTree = "<group>"; };
		97D55284217DB87900878A63 /* MyNameCardMessageCell.xib */ = {isa = PBXFileReference; lastKnownFileType = file.xib; path = MyNameCardMessageCell.xib; sourceTree = "<group>"; };
		97D55287217DC89000878A63 /* OthersNameCardMessageCell.swift */ = {isa = PBXFileReference; lastKnownFileType = sourcecode.swift; path = OthersNameCardMessageCell.swift; sourceTree = "<group>"; };
		97D55288217DC89000878A63 /* OthersNameCardMessageCell.xib */ = {isa = PBXFileReference; lastKnownFileType = file.xib; path = OthersNameCardMessageCell.xib; sourceTree = "<group>"; };
		97D6D55C215258EF0070E521 /* ValidateError.swift */ = {isa = PBXFileReference; lastKnownFileType = sourcecode.swift; path = ValidateError.swift; sourceTree = "<group>"; };
		97D6D55E21525F7E0070E521 /* RxBinding.swift */ = {isa = PBXFileReference; lastKnownFileType = sourcecode.swift; path = RxBinding.swift; sourceTree = "<group>"; };
		97D6D560215265600070E521 /* ViewController.swift */ = {isa = PBXFileReference; lastKnownFileType = sourcecode.swift; path = ViewController.swift; sourceTree = "<group>"; };
		97DB46C12151F2F100F018DC /* BaseVC.swift */ = {isa = PBXFileReference; lastKnownFileType = sourcecode.swift; path = BaseVC.swift; sourceTree = "<group>"; };
		97DB46C32151F51700F018DC /* LoginVM.swift */ = {isa = PBXFileReference; lastKnownFileType = sourcecode.swift; path = LoginVM.swift; sourceTree = "<group>"; };
		97DB46C62151F57A00F018DC /* ViewModelDelegate.swift */ = {isa = PBXFileReference; lastKnownFileType = sourcecode.swift; path = ViewModelDelegate.swift; sourceTree = "<group>"; };
		97DB46C92151FDFE00F018DC /* LoginUseCase.swift */ = {isa = PBXFileReference; lastKnownFileType = sourcecode.swift; path = LoginUseCase.swift; sourceTree = "<group>"; };
		97DB46CB2151FE3B00F018DC /* UseCase.swift */ = {isa = PBXFileReference; lastKnownFileType = sourcecode.swift; path = UseCase.swift; sourceTree = "<group>"; };
		97DB46CE2151FF4F00F018DC /* UserRepository.swift */ = {isa = PBXFileReference; lastKnownFileType = sourcecode.swift; path = UserRepository.swift; sourceTree = "<group>"; };
		97DB46D12152001200F018DC /* User.swift */ = {isa = PBXFileReference; lastKnownFileType = sourcecode.swift; path = User.swift; sourceTree = "<group>"; };
		97DB46D42152009700F018DC /* LoginRequest.swift */ = {isa = PBXFileReference; lastKnownFileType = sourcecode.swift; path = LoginRequest.swift; sourceTree = "<group>"; };
		97DB46D62152011300F018DC /* SignupRequest.swift */ = {isa = PBXFileReference; lastKnownFileType = sourcecode.swift; path = SignupRequest.swift; sourceTree = "<group>"; };
		97DB46D92152033100F018DC /* UserRepositoryImpl.swift */ = {isa = PBXFileReference; lastKnownFileType = sourcecode.swift; path = UserRepositoryImpl.swift; sourceTree = "<group>"; };
		97DB46DD2152063300F018DC /* UserRemoteSource.swift */ = {isa = PBXFileReference; lastKnownFileType = sourcecode.swift; path = UserRemoteSource.swift; sourceTree = "<group>"; };
		97DB46DF215206A800F018DC /* UserLocalSource.swift */ = {isa = PBXFileReference; lastKnownFileType = sourcecode.swift; path = UserLocalSource.swift; sourceTree = "<group>"; };
		97DB46E12152088900F018DC /* UserFirebaseSource.swift */ = {isa = PBXFileReference; lastKnownFileType = sourcecode.swift; path = UserFirebaseSource.swift; sourceTree = "<group>"; };
		97DB46E321520A2A00F018DC /* UserRealmSource.swift */ = {isa = PBXFileReference; lastKnownFileType = sourcecode.swift; path = UserRealmSource.swift; sourceTree = "<group>"; };
		97DB46E521520C0500F018DC /* ObservableType.swift */ = {isa = PBXFileReference; lastKnownFileType = sourcecode.swift; path = ObservableType.swift; sourceTree = "<group>"; };
		97DB46E721520CD300F018DC /* ActivityIndicator.swift */ = {isa = PBXFileReference; lastKnownFileType = sourcecode.swift; path = ActivityIndicator.swift; sourceTree = "<group>"; };
		97DB46E921520D0700F018DC /* ErrorTracker.swift */ = {isa = PBXFileReference; lastKnownFileType = sourcecode.swift; path = ErrorTracker.swift; sourceTree = "<group>"; };
		97DFB55B215B90C30001ADFB /* ChatVC.swift */ = {isa = PBXFileReference; lastKnownFileType = sourcecode.swift; path = ChatVC.swift; sourceTree = "<group>"; };
		97DFB55C215B90C30001ADFB /* ChatVC.xib */ = {isa = PBXFileReference; lastKnownFileType = file.xib; path = ChatVC.xib; sourceTree = "<group>"; };
		97E2C0E021587F1800FA9348 /* Conversation.swift */ = {isa = PBXFileReference; lastKnownFileType = sourcecode.swift; path = Conversation.swift; sourceTree = "<group>"; };
		97E2C0E22158800C00FA9348 /* Message.swift */ = {isa = PBXFileReference; lastKnownFileType = sourcecode.swift; path = Message.swift; sourceTree = "<group>"; };
		97E2C0E42158850800FA9348 /* ConversationItem.swift */ = {isa = PBXFileReference; lastKnownFileType = sourcecode.swift; path = ConversationItem.swift; sourceTree = "<group>"; };
		97E2C0E621588EB900FA9348 /* ChatHistoryVM.swift */ = {isa = PBXFileReference; lastKnownFileType = sourcecode.swift; path = ChatHistoryVM.swift; sourceTree = "<group>"; };
		97E2C0E82158985900FA9348 /* LoadConversationUseCase.swift */ = {isa = PBXFileReference; lastKnownFileType = sourcecode.swift; path = LoadConversationUseCase.swift; sourceTree = "<group>"; };
		97E2C0EA2158991800FA9348 /* ConversationRepository.swift */ = {isa = PBXFileReference; lastKnownFileType = sourcecode.swift; path = ConversationRepository.swift; sourceTree = "<group>"; };
		97E2C0EC215899EF00FA9348 /* ConversationRepositoryImpl.swift */ = {isa = PBXFileReference; lastKnownFileType = sourcecode.swift; path = ConversationRepositoryImpl.swift; sourceTree = "<group>"; };
		97E2C0EF21589C7600FA9348 /* UserRealm.swift */ = {isa = PBXFileReference; lastKnownFileType = sourcecode.swift; path = UserRealm.swift; sourceTree = "<group>"; };
		97E2C0F121589E1500FA9348 /* ConversationRealm.swift */ = {isa = PBXFileReference; lastKnownFileType = sourcecode.swift; path = ConversationRealm.swift; sourceTree = "<group>"; };
		97E2C0F321589F0300FA9348 /* MessageRealm.swift */ = {isa = PBXFileReference; lastKnownFileType = sourcecode.swift; path = MessageRealm.swift; sourceTree = "<group>"; };
		97E2C0F52158A3A200FA9348 /* ConversationRemoteSource.swift */ = {isa = PBXFileReference; lastKnownFileType = sourcecode.swift; path = ConversationRemoteSource.swift; sourceTree = "<group>"; };
		97E2C0F72158A46200FA9348 /* ConversationFirebaseSource.swift */ = {isa = PBXFileReference; lastKnownFileType = sourcecode.swift; path = ConversationFirebaseSource.swift; sourceTree = "<group>"; };
		97E2C0F92158A5D300FA9348 /* ConversationLocalSource.swift */ = {isa = PBXFileReference; lastKnownFileType = sourcecode.swift; path = ConversationLocalSource.swift; sourceTree = "<group>"; };
		97E82F6F21993A0A002FD0BD /* MyVideoMessageCell.swift */ = {isa = PBXFileReference; lastKnownFileType = sourcecode.swift; path = MyVideoMessageCell.swift; sourceTree = "<group>"; };
		97E82F7021993A0A002FD0BD /* MyVideoMessageCell.xib */ = {isa = PBXFileReference; lastKnownFileType = file.xib; path = MyVideoMessageCell.xib; sourceTree = "<group>"; };
		97F3DB5921800ACC00EAEF97 /* PickLocationVC.swift */ = {isa = PBXFileReference; lastKnownFileType = sourcecode.swift; path = PickLocationVC.swift; sourceTree = "<group>"; };
		97F3DB5A21800ACC00EAEF97 /* PickLocationVC.xib */ = {isa = PBXFileReference; lastKnownFileType = file.xib; path = PickLocationVC.xib; sourceTree = "<group>"; };
		97F3DB5D2180190500EAEF97 /* PickLocationVM.swift */ = {isa = PBXFileReference; lastKnownFileType = sourcecode.swift; path = PickLocationVM.swift; sourceTree = "<group>"; };
		97F934AC218051D8001533BE /* NumberUtils.swift */ = {isa = PBXFileReference; lastKnownFileType = sourcecode.swift; path = NumberUtils.swift; sourceTree = "<group>"; };
		97F934B0218054D8001533BE /* MyLocationMessageCell.swift */ = {isa = PBXFileReference; lastKnownFileType = sourcecode.swift; path = MyLocationMessageCell.swift; sourceTree = "<group>"; };
		97F934B1218054D8001533BE /* MyLocationMessageCell.xib */ = {isa = PBXFileReference; lastKnownFileType = file.xib; path = MyLocationMessageCell.xib; sourceTree = "<group>"; };
		97F934B421805ADD001533BE /* CustomPointAnnotation.swift */ = {isa = PBXFileReference; lastKnownFileType = sourcecode.swift; path = CustomPointAnnotation.swift; sourceTree = "<group>"; };
		97F934B62180722F001533BE /* OthersLocationMessageCell.swift */ = {isa = PBXFileReference; lastKnownFileType = sourcecode.swift; path = OthersLocationMessageCell.swift; sourceTree = "<group>"; };
		97F934B72180722F001533BE /* OthersLocationMessageCell.xib */ = {isa = PBXFileReference; lastKnownFileType = file.xib; path = OthersLocationMessageCell.xib; sourceTree = "<group>"; };
		97F934BB2180787B001533BE /* ViewLocationVC.swift */ = {isa = PBXFileReference; lastKnownFileType = sourcecode.swift; path = ViewLocationVC.swift; sourceTree = "<group>"; };
		97F934BC2180787B001533BE /* ViewLocationVC.xib */ = {isa = PBXFileReference; lastKnownFileType = file.xib; path = ViewLocationVC.xib; sourceTree = "<group>"; };
		97F934BF21807D85001533BE /* ViewLocationVM.swift */ = {isa = PBXFileReference; lastKnownFileType = sourcecode.swift; path = ViewLocationVM.swift; sourceTree = "<group>"; };
/* End PBXFileReference section */

/* Begin PBXFrameworksBuildPhase section */
		978596AD214A594C00516138 /* Frameworks */ = {
			isa = PBXFrameworksBuildPhase;
			buildActionMask = 2147483647;
			files = (
				1538B896D4AF4A0C123FFA80 /* Pods_iZalo.framework in Frameworks */,
			);
			runOnlyForDeploymentPostprocessing = 0;
		};
/* End PBXFrameworksBuildPhase section */

/* Begin PBXGroup section */
		6C9E2CD8C8B72FB775E5C18E /* Pods */ = {
			isa = PBXGroup;
			children = (
				6F059BC01BC0C503BE6B626F /* Pods-iZalo.debug.xcconfig */,
				297D63B6F2885588B8541C6B /* Pods-iZalo.release.xcconfig */,
			);
			name = Pods;
			sourceTree = "<group>";
		};
		7FA0F83C46485EAEB08C0E4F /* Frameworks */ = {
			isa = PBXGroup;
			children = (
				383FD8FAA77043B55057026F /* Pods_iZalo.framework */,
			);
			name = Frameworks;
			sourceTree = "<group>";
		};
		970656C221772787002A5FF6 /* ViewImage */ = {
			isa = PBXGroup;
			children = (
				970656C3217727BF002A5FF6 /* ViewImageVC.swift */,
				970656C4217727BF002A5FF6 /* ViewImageVC.xib */,
				970656C721772C2F002A5FF6 /* ViewImageVM.swift */,
			);
			path = ViewImage;
			sourceTree = "<group>";
		};
		97133731216C44D7000A609A /* Signup */ = {
			isa = PBXGroup;
			children = (
				97133732216C450E000A609A /* SignupVC.swift */,
				97133733216C450E000A609A /* SignupVC.xib */,
				97133736216C5A65000A609A /* SignupVM.swift */,
			);
			path = Signup;
			sourceTree = "<group>";
		};
		9713373A216C8BAC000A609A /* AddFriend */ = {
			isa = PBXGroup;
			children = (
				9713373B216C8BD5000A609A /* AddFriendVC.swift */,
				9713373C216C8BD5000A609A /* AddFriendVC.xib */,
				97133743216C969B000A609A /* AddFriendVM.swift */,
			);
			path = AddFriend;
			sourceTree = "<group>";
		};
		971ED8DF217451CF001F8217 /* ChangeAvatar */ = {
			isa = PBXGroup;
			children = (
			);
			path = ChangeAvatar;
			sourceTree = "<group>";
		};
		9736A3CF21538CD30085219D /* ChatHistory */ = {
			isa = PBXGroup;
			children = (
				9736A3D021538D040085219D /* ChatHistoryVC.swift */,
				9736A3D121538D040085219D /* ChatHistoryVC.xib */,
				973CBE8F2153B63C00403D2D /* ConversationCell.swift */,
				973CBE902153B63C00403D2D /* ConversationCell.xib */,
				97E2C0E42158850800FA9348 /* ConversationItem.swift */,
				97E2C0E621588EB900FA9348 /* ChatHistoryVM.swift */,
			);
			path = ChatHistory;
			sourceTree = "<group>";
		};
		9736A3D421538D3B0085219D /* Contact */ = {
			isa = PBXGroup;
			children = (
				9736A3D521538D550085219D /* ContactVC.swift */,
				9736A3D621538D550085219D /* ContactVC.xib */,
				973CBE932153B9F700403D2D /* ContactCell.swift */,
				973CBE942153B9F700403D2D /* ContactCell.xib */,
				97BA5895215B298000327FA7 /* ContactVM.swift */,
				97BA5897215B29FD00327FA7 /* ContactItem.swift */,
			);
			path = Contact;
			sourceTree = "<group>";
		};
		9736A3D921538D7F0085219D /* Setting */ = {
			isa = PBXGroup;
			children = (
				9736A3DA21538D960085219D /* SettingVC.swift */,
				9736A3DB21538D960085219D /* SettingVC.xib */,
				972CAD49216F36FE007972B6 /* SettingVM.swift */,
				971ED8D721743150001F8217 /* SettingCell.swift */,
				971ED8D821743150001F8217 /* SettingCell.xib */,
				971ED8DB21743380001F8217 /* SettingItem.swift */,
			);
			path = Setting;
			sourceTree = "<group>";
		};
		975FEA702181B7C40044BE23 /* ViewLocationGGMaps */ = {
			isa = PBXGroup;
			children = (
				975FEA712181B8010044BE23 /* ViewLocationGGMapsVC.swift */,
				975FEA722181B8010044BE23 /* ViewLocationGGMapsVC.xib */,
				975FEA752181C3D20044BE23 /* ViewLocationGGMapsVM.swift */,
			);
			path = ViewLocationGGMaps;
			sourceTree = "<group>";
		};
		978596A7214A594C00516138 = {
			isa = PBXGroup;
			children = (
				978596B2214A594C00516138 /* iZalo */,
				978596B1214A594C00516138 /* Products */,
				6C9E2CD8C8B72FB775E5C18E /* Pods */,
				7FA0F83C46485EAEB08C0E4F /* Frameworks */,
			);
			sourceTree = "<group>";
		};
		978596B1214A594C00516138 /* Products */ = {
			isa = PBXGroup;
			children = (
				978596B0214A594C00516138 /* iZalo.app */,
			);
			name = Products;
			sourceTree = "<group>";
		};
		978596B2214A594C00516138 /* iZalo */ = {
			isa = PBXGroup;
			children = (
				97215B8A2186C771000FB9D6 /* iZalo.entitlements */,
				97DB46CD2151FF2D00F018DC /* Repository */,
				97DB46C52151F55800F018DC /* Utils */,
				97CF54BE214FB727007609BE /* Presentation */,
				978596B3214A594C00516138 /* AppDelegate.swift */,
				978596B7214A594C00516138 /* Main.storyboard */,
				978596BA214A594E00516138 /* Assets.xcassets */,
				978596BC214A594E00516138 /* LaunchScreen.storyboard */,
				978596BF214A594E00516138 /* Info.plist */,
				97B55CF92152370D0030F75D /* GoogleService-Info.plist */,
				97D6D560215265600070E521 /* ViewController.swift */,
			);
			path = iZalo;
			sourceTree = "<group>";
		};
		97896382217D8937001463E6 /* PickContact */ = {
			isa = PBXGroup;
			children = (
				97896383217D8990001463E6 /* PickContactVC.swift */,
				97896384217D8990001463E6 /* PickContactVC.xib */,
				97896387217D9075001463E6 /* PickContactVM.swift */,
			);
			path = PickContact;
			sourceTree = "<group>";
		};
		97B55CF421522F880030F75D /* Main */ = {
			isa = PBXGroup;
			children = (
				9736A3D921538D7F0085219D /* Setting */,
				9736A3D421538D3B0085219D /* Contact */,
				9736A3CF21538CD30085219D /* ChatHistory */,
				9736A3CB21538BF80085219D /* MainVC.swift */,
				9736A3CC21538BF80085219D /* MainVC.xib */,
			);
			path = Main;
			sourceTree = "<group>";
		};
		97B55CFB215247C30030F75D /* Response */ = {
			isa = PBXGroup;
			children = (
				97B55CFC215247DA0030F75D /* UserResponse.swift */,
				970D6FEA2158E1F400688732 /* ConversationResponse.swift */,
				970D6FEC2158E4CF00688732 /* MessageResponse.swift */,
				97133749216CC013000A609A /* ContactSearchResult.swift */,
			);
			path = Response;
			sourceTree = "<group>";
		};
		97CF54BE214FB727007609BE /* Presentation */ = {
			isa = PBXGroup;
			children = (
				975FEA702181B7C40044BE23 /* ViewLocationGGMaps */,
				97F934BA21807845001533BE /* ViewLocation */,
				97F3DB5821800A9200EAEF97 /* PickLocation */,
				97896382217D8937001463E6 /* PickContact */,
				970656C221772787002A5FF6 /* ViewImage */,
				971ED8DF217451CF001F8217 /* ChangeAvatar */,
				9713373A216C8BAC000A609A /* AddFriend */,
				97133731216C44D7000A609A /* Signup */,
				97DFB550215B8FFF0001ADFB /* Chat */,
				97B55CF421522F880030F75D /* Main */,
				97DB46C82151FDE800F018DC /* UseCases */,
				97CF54BF214FB734007609BE /* Login */,
				97DB46C12151F2F100F018DC /* BaseVC.swift */,
			);
			path = Presentation;
			sourceTree = "<group>";
		};
		97CF54BF214FB734007609BE /* Login */ = {
			isa = PBXGroup;
			children = (
				97CF54C7214FB7CE007609BE /* LoginVC.swift */,
				97CF54C8214FB7CE007609BE /* LoginVC.xib */,
				97DB46C32151F51700F018DC /* LoginVM.swift */,
			);
			path = Login;
			sourceTree = "<group>";
		};
		97DB46C52151F55800F018DC /* Utils */ = {
			isa = PBXGroup;
			children = (
				97DB46C62151F57A00F018DC /* ViewModelDelegate.swift */,
				97DB46CB2151FE3B00F018DC /* UseCase.swift */,
				97DB46E521520C0500F018DC /* ObservableType.swift */,
				97DB46E721520CD300F018DC /* ActivityIndicator.swift */,
				97DB46E921520D0700F018DC /* ErrorTracker.swift */,
				97D6D55C215258EF0070E521 /* ValidateError.swift */,
				97D6D55E21525F7E0070E521 /* RxBinding.swift */,
				97BA5893215B259C00327FA7 /* Constant.swift */,
				9796AF79215CF134007BFF85 /* MessageClassifier.swift */,
				973A61572164C7A5003B6047 /* Color.swift */,
				972CAD4B216F4F3A007972B6 /* SubStringIndex.swift */,
				970656B42176DD34002A5FF6 /* ImageUtils.swift */,
				97F934AC218051D8001533BE /* NumberUtils.swift */,
				97215B862186AAC7000FB9D6 /* StringUtils.swift */,
				97215B882186BD3D000FB9D6 /* ViewAnimation.swift */,
			);
			path = Utils;
			sourceTree = "<group>";
		};
		97DB46C82151FDE800F018DC /* UseCases */ = {
			isa = PBXGroup;
			children = (
				97133747216CB729000A609A /* SearchUsernameUseCase.swift */,
				97DB46C92151FDFE00F018DC /* LoginUseCase.swift */,
				97E2C0E82158985900FA9348 /* LoadConversationUseCase.swift */,
				97BA589D215B39FB00327FA7 /* LoadContactUseCase.swift */,
				974E039B2161BC32001597FF /* SendMessageUsecase.swift */,
				974E03A9216210A6001597FF /* LoadMessageUsecase.swift */,
				97133738216C6255000A609A /* SignupUseCase.swift */,
				972CAD47216EE322007972B6 /* AddContactUseCase.swift */,
				971ED8DD217445F4001F8217 /* LoadCurrenUserInfoUseCase.swift */,
				971ED8E0217482F1001F8217 /* ChangeAvatarUseCase.swift */,
				970656B62176EA03002A5FF6 /* UploadImageMessageUseCase.swift */,
				971E9834218FE37E005A526D /* PersistMessageUseCase.swift */,
				971E983A21903F97005A526D /* LoadAndPlayAudioUseCase.swift */,
			);
			path = UseCases;
			sourceTree = "<group>";
		};
		97DB46CD2151FF2D00F018DC /* Repository */ = {
			isa = PBXGroup;
			children = (
				97DB46DB215205C300F018DC /* DataSource */,
				97DB46D82152031900F018DC /* Impl */,
				97DB46D02152000000F018DC /* Model */,
				97DB46CE2151FF4F00F018DC /* UserRepository.swift */,
				974E039D2161BCA5001597FF /* MessageRepository.swift */,
				97E2C0EA2158991800FA9348 /* ConversationRepository.swift */,
				97BA589F215B3E6400327FA7 /* ContactRepository.swift */,
			);
			path = Repository;
			sourceTree = "<group>";
		};
		97DB46D02152000000F018DC /* Model */ = {
			isa = PBXGroup;
			children = (
				97E2C0EE21589C5F00FA9348 /* Realm */,
				97B55CFB215247C30030F75D /* Response */,
				97DB46D32152008900F018DC /* Request */,
				97DB46D12152001200F018DC /* User.swift */,
				97B55CFE21524A7C0030F75D /* ParseDataError.swift */,
				97E2C0E021587F1800FA9348 /* Conversation.swift */,
				97E2C0E22158800C00FA9348 /* Message.swift */,
				970D6FE62158CC3F00688732 /* AuthenticateError.swift */,
				970D6FE82158CCAF00688732 /* NetworkError.swift */,
				97BA5899215B2B3800327FA7 /* Contact.swift */,
			);
			path = Model;
			sourceTree = "<group>";
		};
		97DB46D32152008900F018DC /* Request */ = {
			isa = PBXGroup;
			children = (
				97DB46D42152009700F018DC /* LoginRequest.swift */,
				974E03AB216222C1001597FF /* LoadMessageRequest.swift */,
				97DB46D62152011300F018DC /* SignupRequest.swift */,
				974E03992161B9BA001597FF /* SendMessageRequest.swift */,
				973A61552164BDD3003B6047 /* LoadConversationAndContactRequest.swift */,
				97133745216CB611000A609A /* SearchUsernameRequest.swift */,
				972CAD45216EE238007972B6 /* AddContactRequest.swift */,
				971ED8E221748E10001F8217 /* ChangeAvatarRequest.swift */,
				970656B82176ED4B002A5FF6 /* UploadFileMessageRequest.swift */,
			);
			path = Request;
			sourceTree = "<group>";
		};
		97DB46D82152031900F018DC /* Impl */ = {
			isa = PBXGroup;
			children = (
				97DB46D92152033100F018DC /* UserRepositoryImpl.swift */,
				97E2C0EC215899EF00FA9348 /* ConversationRepositoryImpl.swift */,
				97BA58A1215B3F1600327FA7 /* ContactRepositoryImpl.swift */,
				974E039F2161BD99001597FF /* MessageRepositoryImpl.swift */,
			);
			path = Impl;
			sourceTree = "<group>";
		};
		97DB46DB215205C300F018DC /* DataSource */ = {
			isa = PBXGroup;
			children = (
				97DB46DD2152063300F018DC /* UserRemoteSource.swift */,
				97DB46DF215206A800F018DC /* UserLocalSource.swift */,
				97E2C0F52158A3A200FA9348 /* ConversationRemoteSource.swift */,
				97E2C0F92158A5D300FA9348 /* ConversationLocalSource.swift */,
				97BA58A3215B408C00327FA7 /* ContactLocalSource.swift */,
				97BA58A5215B409B00327FA7 /* ContactRemoteSource.swift */,
				974E03A12161BE01001597FF /* MessageRemoteSource.swift */,
				974E03A32161C06B001597FF /* MessageLocalSource.swift */,
				97DB46DC2152061F00F018DC /* Impl */,
			);
			path = DataSource;
			sourceTree = "<group>";
		};
		97DB46DC2152061F00F018DC /* Impl */ = {
			isa = PBXGroup;
			children = (
				97DB46E12152088900F018DC /* UserFirebaseSource.swift */,
				97DB46E321520A2A00F018DC /* UserRealmSource.swift */,
				97E2C0F72158A46200FA9348 /* ConversationFirebaseSource.swift */,
				970D6FE42158C80200688732 /* ConversationRealmSource.swift */,
				97BA58A7215B41CB00327FA7 /* ContactFirebaseSource.swift */,
				97BA58A9215B425E00327FA7 /* ContactRealmSource.swift */,
				974E03A52161C155001597FF /* MessageRealmSource.swift */,
				974E03A72161C238001597FF /* MessageFirebaseSource.swift */,
			);
			path = Impl;
			sourceTree = "<group>";
		};
		97DFB550215B8FFF0001ADFB /* Chat */ = {
			isa = PBXGroup;
			children = (
				97DFB55B215B90C30001ADFB /* ChatVC.swift */,
				97DFB55C215B90C30001ADFB /* ChatVC.xib */,
				9796AF6B215CBD88007BFF85 /* ChatVM.swift */,
				9796AF6D215CE51A007BFF85 /* MyMessageCell.swift */,
				9796AF6E215CE51A007BFF85 /* MyMessageCell.xib */,
				9796AF71215CE8DB007BFF85 /* OthersMessageCell.swift */,
				9796AF72215CE8DB007BFF85 /* OthersMessageCell.xib */,
				9796AF77215CEEF5007BFF85 /* MessageItem.swift */,
				973A61532164B990003B6047 /* BaseMessageCell.swift */,
				970656BA2176F5C8002A5FF6 /* MyImageMessageCell.swift */,
				970656BB2176F5C8002A5FF6 /* MyImageMessageCell.xib */,
				970656BE217718FC002A5FF6 /* OthersImageMessageCell.swift */,
				970656BF217718FC002A5FF6 /* OthersImageMessageCell.xib */,
				97391AB52178833200D5E81E /* EmojiItem.swift */,
				97391AB72178847F00D5E81E /* EmojiCell.swift */,
				97391AB82178847F00D5E81E /* EmojiCell.xib */,
				97D55283217DB87900878A63 /* MyNameCardMessageCell.swift */,
				97D55284217DB87900878A63 /* MyNameCardMessageCell.xib */,
				97D55287217DC89000878A63 /* OthersNameCardMessageCell.swift */,
				97D55288217DC89000878A63 /* OthersNameCardMessageCell.xib */,
				97F934B0218054D8001533BE /* MyLocationMessageCell.swift */,
				97F934B1218054D8001533BE /* MyLocationMessageCell.xib */,
				97F934B62180722F001533BE /* OthersLocationMessageCell.swift */,
				97F934B72180722F001533BE /* OthersLocationMessageCell.xib */,
				975FEA772181CA760044BE23 /* MyLocationGGMessageCell.swift */,
				975FEA782181CA760044BE23 /* MyLocationGGMessageCell.xib */,
				975FEA7B2181D9CF0044BE23 /* OthersLocationGGMessageCell.swift */,
				975FEA7C2181D9CF0044BE23 /* OthersLocationGGMessageCell.xib */,
				97215B8B2186F590000FB9D6 /* MyFileMessageCell.swift */,
				97215B8C2186F590000FB9D6 /* MyFileMessageCell.xib */,
				97215B8F21870065000FB9D6 /* OthersFileMessageCell.swift */,
				97215B9021870065000FB9D6 /* OthersFileMessageCell.xib */,
				971E983621902BF3005A526D /* MyAudioMessageCell.swift */,
				971E983721902BF3005A526D /* MyAudioMessageCell.xib */,
				97E82F6F21993A0A002FD0BD /* MyVideoMessageCell.swift */,
				97E82F7021993A0A002FD0BD /* MyVideoMessageCell.xib */,
			);
			path = Chat;
			sourceTree = "<group>";
		};
		97E2C0EE21589C5F00FA9348 /* Realm */ = {
			isa = PBXGroup;
			children = (
				97E2C0EF21589C7600FA9348 /* UserRealm.swift */,
				97E2C0F121589E1500FA9348 /* ConversationRealm.swift */,
				97E2C0F321589F0300FA9348 /* MessageRealm.swift */,
				97BA58AB215B42CB00327FA7 /* ContactRealm.swift */,
			);
			path = Realm;
			sourceTree = "<group>";
		};
		97F3DB5821800A9200EAEF97 /* PickLocation */ = {
			isa = PBXGroup;
			children = (
				97F3DB5921800ACC00EAEF97 /* PickLocationVC.swift */,
				97F3DB5A21800ACC00EAEF97 /* PickLocationVC.xib */,
				97F3DB5D2180190500EAEF97 /* PickLocationVM.swift */,
				97F934B421805ADD001533BE /* CustomPointAnnotation.swift */,
			);
			path = PickLocation;
			sourceTree = "<group>";
		};
		97F934BA21807845001533BE /* ViewLocation */ = {
			isa = PBXGroup;
			children = (
				97F934BB2180787B001533BE /* ViewLocationVC.swift */,
				97F934BC2180787B001533BE /* ViewLocationVC.xib */,
				97F934BF21807D85001533BE /* ViewLocationVM.swift */,
			);
			path = ViewLocation;
			sourceTree = "<group>";
		};
/* End PBXGroup section */

/* Begin PBXNativeTarget section */
		978596AF214A594C00516138 /* iZalo */ = {
			isa = PBXNativeTarget;
			buildConfigurationList = 978596C2214A594E00516138 /* Build configuration list for PBXNativeTarget "iZalo" */;
			buildPhases = (
				E5A1B1F9FFF8660BD444796A /* [CP] Check Pods Manifest.lock */,
				978596AC214A594C00516138 /* Sources */,
				978596AD214A594C00516138 /* Frameworks */,
				978596AE214A594C00516138 /* Resources */,
				C148CB3EE3D40D9048C86782 /* [CP] Embed Pods Frameworks */,
				402EAC2876DE1A0EEE34E620 /* [CP] Copy Pods Resources */,
			);
			buildRules = (
			);
			dependencies = (
			);
			name = iZalo;
			productName = iZalo;
			productReference = 978596B0214A594C00516138 /* iZalo.app */;
			productType = "com.apple.product-type.application";
		};
/* End PBXNativeTarget section */

/* Begin PBXProject section */
		978596A8214A594C00516138 /* Project object */ = {
			isa = PBXProject;
			attributes = {
				LastSwiftUpdateCheck = 0940;
				LastUpgradeCheck = 0940;
				ORGANIZATIONNAME = CPU11613;
				TargetAttributes = {
					978596AF214A594C00516138 = {
						CreatedOnToolsVersion = 9.4.1;
						LastSwiftMigration = 0940;
						SystemCapabilities = {
							com.apple.Keychain = {
								enabled = 1;
							};
							com.apple.iCloud = {
								enabled = 1;
							};
						};
					};
				};
			};
			buildConfigurationList = 978596AB214A594C00516138 /* Build configuration list for PBXProject "iZalo" */;
			compatibilityVersion = "Xcode 9.3";
			developmentRegion = vn;
			hasScannedForEncodings = 0;
			knownRegions = (
				en,
				Base,
				vn,
			);
			mainGroup = 978596A7214A594C00516138;
			productRefGroup = 978596B1214A594C00516138 /* Products */;
			projectDirPath = "";
			projectRoot = "";
			targets = (
				978596AF214A594C00516138 /* iZalo */,
			);
		};
/* End PBXProject section */

/* Begin PBXResourcesBuildPhase section */
		978596AE214A594C00516138 /* Resources */ = {
			isa = PBXResourcesBuildPhase;
			buildActionMask = 2147483647;
			files = (
				9736A3D321538D040085219D /* ChatHistoryVC.xib in Resources */,
				9736A3DD21538D960085219D /* SettingVC.xib in Resources */,
				97F934B3218054D8001533BE /* MyLocationMessageCell.xib in Resources */,
				9796AF70215CE51A007BFF85 /* MyMessageCell.xib in Resources */,
				97F934B92180722F001533BE /* OthersLocationMessageCell.xib in Resources */,
				97D5528A217DC89000878A63 /* OthersNameCardMessageCell.xib in Resources */,
				97F3DB5C21800ACC00EAEF97 /* PickLocationVC.xib in Resources */,
				97215B9221870065000FB9D6 /* OthersFileMessageCell.xib in Resources */,
				975FEA742181B8010044BE23 /* ViewLocationGGMapsVC.xib in Resources */,
				978596BE214A594E00516138 /* LaunchScreen.storyboard in Resources */,
				97896386217D8990001463E6 /* PickContactVC.xib in Resources */,
				97133735216C450E000A609A /* SignupVC.xib in Resources */,
				978596BB214A594E00516138 /* Assets.xcassets in Resources */,
				97DFB55E215B90C30001ADFB /* ChatVC.xib in Resources */,
				973CBE922153B63C00403D2D /* ConversationCell.xib in Resources */,
				9736A3D821538D550085219D /* ContactVC.xib in Resources */,
				971E983921902BF3005A526D /* MyAudioMessageCell.xib in Resources */,
				971ED8DA21743150001F8217 /* SettingCell.xib in Resources */,
				97CF54CA214FB7CE007609BE /* LoginVC.xib in Resources */,
				97215B8E2186F590000FB9D6 /* MyFileMessageCell.xib in Resources */,
				97E82F7221993A0A002FD0BD /* MyVideoMessageCell.xib in Resources */,
				97391ABA2178847F00D5E81E /* EmojiCell.xib in Resources */,
				9713373E216C8BD5000A609A /* AddFriendVC.xib in Resources */,
				9736A3CE21538BF80085219D /* MainVC.xib in Resources */,
				970656BD2176F5C8002A5FF6 /* MyImageMessageCell.xib in Resources */,
				9796AF74215CE8DB007BFF85 /* OthersMessageCell.xib in Resources */,
				97D55286217DB87900878A63 /* MyNameCardMessageCell.xib in Resources */,
				970656C6217727BF002A5FF6 /* ViewImageVC.xib in Resources */,
				975FEA7E2181D9CF0044BE23 /* OthersLocationGGMessageCell.xib in Resources */,
				973CBE962153B9F700403D2D /* ContactCell.xib in Resources */,
				97F934BE2180787B001533BE /* ViewLocationVC.xib in Resources */,
				975FEA7A2181CA760044BE23 /* MyLocationGGMessageCell.xib in Resources */,
				978596B9214A594C00516138 /* Main.storyboard in Resources */,
				970656C1217718FC002A5FF6 /* OthersImageMessageCell.xib in Resources */,
				97B55CFA2152370E0030F75D /* GoogleService-Info.plist in Resources */,
			);
			runOnlyForDeploymentPostprocessing = 0;
		};
/* End PBXResourcesBuildPhase section */

/* Begin PBXShellScriptBuildPhase section */
		402EAC2876DE1A0EEE34E620 /* [CP] Copy Pods Resources */ = {
			isa = PBXShellScriptBuildPhase;
			buildActionMask = 2147483647;
			files = (
			);
			inputFileListPaths = (
			);
			inputPaths = (
				"${SRCROOT}/Pods/Target Support Files/Pods-iZalo/Pods-iZalo-resources.sh",
				"${PODS_ROOT}/GoogleMaps/Maps/Frameworks/GoogleMaps.framework/Resources/GoogleMaps.bundle",
				"${PODS_ROOT}/GooglePlacePicker/Frameworks/GooglePlacePicker.framework/Resources/GooglePlacePicker.bundle",
				"${PODS_ROOT}/GooglePlaces/Frameworks/GooglePlaces.framework/Resources/GooglePlaces.bundle",
			);
			name = "[CP] Copy Pods Resources";
			outputFileListPaths = (
			);
			outputPaths = (
				"${TARGET_BUILD_DIR}/${UNLOCALIZED_RESOURCES_FOLDER_PATH}/GoogleMaps.bundle",
				"${TARGET_BUILD_DIR}/${UNLOCALIZED_RESOURCES_FOLDER_PATH}/GooglePlacePicker.bundle",
				"${TARGET_BUILD_DIR}/${UNLOCALIZED_RESOURCES_FOLDER_PATH}/GooglePlaces.bundle",
			);
			runOnlyForDeploymentPostprocessing = 0;
			shellPath = /bin/sh;
			shellScript = "\"${SRCROOT}/Pods/Target Support Files/Pods-iZalo/Pods-iZalo-resources.sh\"\n";
			showEnvVarsInLog = 0;
		};
		C148CB3EE3D40D9048C86782 /* [CP] Embed Pods Frameworks */ = {
			isa = PBXShellScriptBuildPhase;
			buildActionMask = 2147483647;
			files = (
			);
			inputFileListPaths = (
			);
			inputPaths = (
				"${SRCROOT}/Pods/Target Support Files/Pods-iZalo/Pods-iZalo-frameworks.sh",
				"${BUILT_PRODUCTS_DIR}/DeepDiff/DeepDiff.framework",
				"${BUILT_PRODUCTS_DIR}/Differentiator/Differentiator.framework",
				"${BUILT_PRODUCTS_DIR}/GTMSessionFetcher/GTMSessionFetcher.framework",
				"${BUILT_PRODUCTS_DIR}/GoogleUtilities/GoogleUtilities.framework",
				"${BUILT_PRODUCTS_DIR}/Kingfisher/Kingfisher.framework",
				"${BUILT_PRODUCTS_DIR}/MBProgressHUD/MBProgressHUD.framework",
				"${BUILT_PRODUCTS_DIR}/ObjectMapper/ObjectMapper.framework",
				"${BUILT_PRODUCTS_DIR}/Realm/Realm.framework",
				"${BUILT_PRODUCTS_DIR}/RealmSwift/RealmSwift.framework",
				"${BUILT_PRODUCTS_DIR}/ReverseExtension/ReverseExtension.framework",
				"${BUILT_PRODUCTS_DIR}/RxCocoa/RxCocoa.framework",
				"${BUILT_PRODUCTS_DIR}/RxDataSources/RxDataSources.framework",
				"${BUILT_PRODUCTS_DIR}/RxRealm/RxRealm.framework",
				"${BUILT_PRODUCTS_DIR}/RxSwift/RxSwift.framework",
				"${BUILT_PRODUCTS_DIR}/Toast/Toast.framework",
				"${BUILT_PRODUCTS_DIR}/leveldb-library/leveldb.framework",
				"${BUILT_PRODUCTS_DIR}/nanopb/nanopb.framework",
			);
			name = "[CP] Embed Pods Frameworks";
			outputFileListPaths = (
			);
			outputPaths = (
				"${TARGET_BUILD_DIR}/${FRAMEWORKS_FOLDER_PATH}/DeepDiff.framework",
				"${TARGET_BUILD_DIR}/${FRAMEWORKS_FOLDER_PATH}/Differentiator.framework",
				"${TARGET_BUILD_DIR}/${FRAMEWORKS_FOLDER_PATH}/GTMSessionFetcher.framework",
				"${TARGET_BUILD_DIR}/${FRAMEWORKS_FOLDER_PATH}/GoogleUtilities.framework",
				"${TARGET_BUILD_DIR}/${FRAMEWORKS_FOLDER_PATH}/Kingfisher.framework",
				"${TARGET_BUILD_DIR}/${FRAMEWORKS_FOLDER_PATH}/MBProgressHUD.framework",
				"${TARGET_BUILD_DIR}/${FRAMEWORKS_FOLDER_PATH}/ObjectMapper.framework",
				"${TARGET_BUILD_DIR}/${FRAMEWORKS_FOLDER_PATH}/Realm.framework",
				"${TARGET_BUILD_DIR}/${FRAMEWORKS_FOLDER_PATH}/RealmSwift.framework",
				"${TARGET_BUILD_DIR}/${FRAMEWORKS_FOLDER_PATH}/ReverseExtension.framework",
				"${TARGET_BUILD_DIR}/${FRAMEWORKS_FOLDER_PATH}/RxCocoa.framework",
				"${TARGET_BUILD_DIR}/${FRAMEWORKS_FOLDER_PATH}/RxDataSources.framework",
				"${TARGET_BUILD_DIR}/${FRAMEWORKS_FOLDER_PATH}/RxRealm.framework",
				"${TARGET_BUILD_DIR}/${FRAMEWORKS_FOLDER_PATH}/RxSwift.framework",
				"${TARGET_BUILD_DIR}/${FRAMEWORKS_FOLDER_PATH}/Toast.framework",
				"${TARGET_BUILD_DIR}/${FRAMEWORKS_FOLDER_PATH}/leveldb.framework",
				"${TARGET_BUILD_DIR}/${FRAMEWORKS_FOLDER_PATH}/nanopb.framework",
			);
			runOnlyForDeploymentPostprocessing = 0;
			shellPath = /bin/sh;
			shellScript = "\"${SRCROOT}/Pods/Target Support Files/Pods-iZalo/Pods-iZalo-frameworks.sh\"\n";
			showEnvVarsInLog = 0;
		};
		E5A1B1F9FFF8660BD444796A /* [CP] Check Pods Manifest.lock */ = {
			isa = PBXShellScriptBuildPhase;
			buildActionMask = 2147483647;
			files = (
			);
			inputFileListPaths = (
			);
			inputPaths = (
				"${PODS_PODFILE_DIR_PATH}/Podfile.lock",
				"${PODS_ROOT}/Manifest.lock",
			);
			name = "[CP] Check Pods Manifest.lock";
			outputFileListPaths = (
			);
			outputPaths = (
				"$(DERIVED_FILE_DIR)/Pods-iZalo-checkManifestLockResult.txt",
			);
			runOnlyForDeploymentPostprocessing = 0;
			shellPath = /bin/sh;
			shellScript = "diff \"${PODS_PODFILE_DIR_PATH}/Podfile.lock\" \"${PODS_ROOT}/Manifest.lock\" > /dev/null\nif [ $? != 0 ] ; then\n    # print error to STDERR\n    echo \"error: The sandbox is not in sync with the Podfile.lock. Run 'pod install' or update your CocoaPods installation.\" >&2\n    exit 1\nfi\n# This output is used by Xcode 'outputs' to avoid re-running this script phase.\necho \"SUCCESS\" > \"${SCRIPT_OUTPUT_FILE_0}\"\n";
			showEnvVarsInLog = 0;
		};
/* End PBXShellScriptBuildPhase section */

/* Begin PBXSourcesBuildPhase section */
		978596AC214A594C00516138 /* Sources */ = {
			isa = PBXSourcesBuildPhase;
			buildActionMask = 2147483647;
			files = (
				97215B892186BD3D000FB9D6 /* ViewAnimation.swift in Sources */,
				97BA589A215B2B3800327FA7 /* Contact.swift in Sources */,
				97133748216CB729000A609A /* SearchUsernameUseCase.swift in Sources */,
				970656C821772C2F002A5FF6 /* ViewImageVM.swift in Sources */,
				97215B9121870065000FB9D6 /* OthersFileMessageCell.swift in Sources */,
				973CBE952153B9F700403D2D /* ContactCell.swift in Sources */,
				9736A3D721538D550085219D /* ContactVC.swift in Sources */,
				975FEA762181C3D20044BE23 /* ViewLocationGGMapsVM.swift in Sources */,
				97133737216C5A65000A609A /* SignupVM.swift in Sources */,
				97896385217D8990001463E6 /* PickContactVC.swift in Sources */,
				97D6D561215265600070E521 /* ViewController.swift in Sources */,
				97DB46E621520C0500F018DC /* ObservableType.swift in Sources */,
				970656C0217718FC002A5FF6 /* OthersImageMessageCell.swift in Sources */,
				974E03AC216222C1001597FF /* LoadMessageRequest.swift in Sources */,
				970D6FED2158E4CF00688732 /* MessageResponse.swift in Sources */,
				97133744216C969B000A609A /* AddFriendVM.swift in Sources */,
				97DB46DA2152033100F018DC /* UserRepositoryImpl.swift in Sources */,
				973CBE912153B63C00403D2D /* ConversationCell.swift in Sources */,
				97DB46E421520A2A00F018DC /* UserRealmSource.swift in Sources */,
				97DB46C42151F51700F018DC /* LoginVM.swift in Sources */,
				97F934B82180722F001533BE /* OthersLocationMessageCell.swift in Sources */,
				970656B52176DD34002A5FF6 /* ImageUtils.swift in Sources */,
				9713373D216C8BD5000A609A /* AddFriendVC.swift in Sources */,
				974E039A2161B9BA001597FF /* SendMessageRequest.swift in Sources */,
				974E03A02161BD99001597FF /* MessageRepositoryImpl.swift in Sources */,
				97CF54C9214FB7CE007609BE /* LoginVC.swift in Sources */,
				97F934B521805ADD001533BE /* CustomPointAnnotation.swift in Sources */,
				9736A3CD21538BF80085219D /* MainVC.swift in Sources */,
				97F3DB5E2180190500EAEF97 /* PickLocationVM.swift in Sources */,
				97896388217D9075001463E6 /* PickContactVM.swift in Sources */,
				9736A3D221538D040085219D /* ChatHistoryVC.swift in Sources */,
				975FEA7D2181D9CF0044BE23 /* OthersLocationGGMessageCell.swift in Sources */,
				97E2C0E721588EB900FA9348 /* ChatHistoryVM.swift in Sources */,
				97DB46E0215206A800F018DC /* UserLocalSource.swift in Sources */,
				9713374A216CC013000A609A /* ContactSearchResult.swift in Sources */,
				97F934B2218054D8001533BE /* MyLocationMessageCell.swift in Sources */,
				974E03A82161C238001597FF /* MessageFirebaseSource.swift in Sources */,
				97E2C0ED215899EF00FA9348 /* ConversationRepositoryImpl.swift in Sources */,
				974E039E2161BCA5001597FF /* MessageRepository.swift in Sources */,
				97DB46C22151F2F100F018DC /* BaseVC.swift in Sources */,
				974E03A62161C155001597FF /* MessageRealmSource.swift in Sources */,
				970D6FE72158CC3F00688732 /* AuthenticateError.swift in Sources */,
				97E2C0E32158800C00FA9348 /* Message.swift in Sources */,
				973A61582164C7A5003B6047 /* Color.swift in Sources */,
				97BA58A4215B408C00327FA7 /* ContactLocalSource.swift in Sources */,
				970D6FEB2158E1F400688732 /* ConversationResponse.swift in Sources */,
				97BA58A6215B409B00327FA7 /* ContactRemoteSource.swift in Sources */,
				971ED8E321748E10001F8217 /* ChangeAvatarRequest.swift in Sources */,
				97DB46D52152009700F018DC /* LoginRequest.swift in Sources */,
				97E2C0E121587F1800FA9348 /* Conversation.swift in Sources */,
				974E03A22161BE01001597FF /* MessageRemoteSource.swift in Sources */,
				97DB46C72151F57A00F018DC /* ViewModelDelegate.swift in Sources */,
				970656C5217727BF002A5FF6 /* ViewImageVC.swift in Sources */,
				97DB46CC2151FE3B00F018DC /* UseCase.swift in Sources */,
				97215B8D2186F590000FB9D6 /* MyFileMessageCell.swift in Sources */,
				972CAD48216EE322007972B6 /* AddContactUseCase.swift in Sources */,
				971E9835218FE37E005A526D /* PersistMessageUseCase.swift in Sources */,
				975FEA732181B8010044BE23 /* ViewLocationGGMapsVC.swift in Sources */,
				97E2C0E92158985900FA9348 /* LoadConversationUseCase.swift in Sources */,
				97D6D55D215258EF0070E521 /* ValidateError.swift in Sources */,
				971E983B21903F97005A526D /* LoadAndPlayAudioUseCase.swift in Sources */,
				97B55CFD215247DA0030F75D /* UserResponse.swift in Sources */,
				97F934C021807D85001533BE /* ViewLocationVM.swift in Sources */,
				970656B92176ED4B002A5FF6 /* UploadFileMessageRequest.swift in Sources */,
				9736A3DC21538D960085219D /* SettingVC.swift in Sources */,
				9796AF7A215CF134007BFF85 /* MessageClassifier.swift in Sources */,
				97DFB55D215B90C30001ADFB /* ChatVC.swift in Sources */,
				97D55289217DC89000878A63 /* OthersNameCardMessageCell.swift in Sources */,
				970D6FE92158CCAF00688732 /* NetworkError.swift in Sources */,
				972CAD4A216F36FE007972B6 /* SettingVM.swift in Sources */,
				974E03AA216210A6001597FF /* LoadMessageUsecase.swift in Sources */,
				97BA5894215B259C00327FA7 /* Constant.swift in Sources */,
				97DB46D22152001200F018DC /* User.swift in Sources */,
				97391AB92178847F00D5E81E /* EmojiCell.swift in Sources */,
				971ED8DE217445F4001F8217 /* LoadCurrenUserInfoUseCase.swift in Sources */,
				97BA58AA215B425E00327FA7 /* ContactRealmSource.swift in Sources */,
				970D6FE52158C80200688732 /* ConversationRealmSource.swift in Sources */,
				978596B4214A594C00516138 /* AppDelegate.swift in Sources */,
				97391AB62178833200D5E81E /* EmojiItem.swift in Sources */,
				97D6D55F21525F7E0070E521 /* RxBinding.swift in Sources */,
				97E2C0EB2158991800FA9348 /* ConversationRepository.swift in Sources */,
				97F934BD2180787B001533BE /* ViewLocationVC.swift in Sources */,
				974E03A42161C06B001597FF /* MessageLocalSource.swift in Sources */,
				97D55285217DB87900878A63 /* MyNameCardMessageCell.swift in Sources */,
				97BA58AC215B42CB00327FA7 /* ContactRealm.swift in Sources */,
				97215B872186AAC7000FB9D6 /* StringUtils.swift in Sources */,
				97133739216C6255000A609A /* SignupUseCase.swift in Sources */,
				97DB46D72152011300F018DC /* SignupRequest.swift in Sources */,
				9796AF78215CEEF5007BFF85 /* MessageItem.swift in Sources */,
				975FEA792181CA760044BE23 /* MyLocationGGMessageCell.swift in Sources */,
				971ED8E1217482F1001F8217 /* ChangeAvatarUseCase.swift in Sources */,
				973A61562164BDD3003B6047 /* LoadConversationAndContactRequest.swift in Sources */,
				97BA58A2215B3F1600327FA7 /* ContactRepositoryImpl.swift in Sources */,
				97BA58A0215B3E6400327FA7 /* ContactRepository.swift in Sources */,
				97133734216C450E000A609A /* SignupVC.swift in Sources */,
				97BA58A8215B41CB00327FA7 /* ContactFirebaseSource.swift in Sources */,
				974E039C2161BC32001597FF /* SendMessageUsecase.swift in Sources */,
				9796AF73215CE8DB007BFF85 /* OthersMessageCell.swift in Sources */,
				97DB46DE2152063300F018DC /* UserRemoteSource.swift in Sources */,
				97E2C0E52158850800FA9348 /* ConversationItem.swift in Sources */,
				97DB46EA21520D0700F018DC /* ErrorTracker.swift in Sources */,
				97F934AD218051D8001533BE /* NumberUtils.swift in Sources */,
				971E983821902BF3005A526D /* MyAudioMessageCell.swift in Sources */,
				972CAD4C216F4F3A007972B6 /* SubStringIndex.swift in Sources */,
				970656BC2176F5C8002A5FF6 /* MyImageMessageCell.swift in Sources */,
				97E2C0F82158A46200FA9348 /* ConversationFirebaseSource.swift in Sources */,
				97F3DB5B21800ACC00EAEF97 /* PickLocationVC.swift in Sources */,
				97BA5896215B298000327FA7 /* ContactVM.swift in Sources */,
				97E2C0F62158A3A200FA9348 /* ConversationRemoteSource.swift in Sources */,
				97E2C0F021589C7600FA9348 /* UserRealm.swift in Sources */,
				97BA5898215B29FD00327FA7 /* ContactItem.swift in Sources */,
				97DB46CF2151FF4F00F018DC /* UserRepository.swift in Sources */,
				97DB46CA2151FDFE00F018DC /* LoginUseCase.swift in Sources */,
				9796AF6F215CE51A007BFF85 /* MyMessageCell.swift in Sources */,
				971ED8DC21743380001F8217 /* SettingItem.swift in Sources */,
				97BA589E215B39FB00327FA7 /* LoadContactUseCase.swift in Sources */,
				970656B72176EA03002A5FF6 /* UploadImageMessageUseCase.swift in Sources */,
				97E82F7121993A0A002FD0BD /* MyVideoMessageCell.swift in Sources */,
				97133746216CB611000A609A /* SearchUsernameRequest.swift in Sources */,
				971ED8D921743150001F8217 /* SettingCell.swift in Sources */,
				97E2C0F421589F0300FA9348 /* MessageRealm.swift in Sources */,
				97E2C0FA2158A5D300FA9348 /* ConversationLocalSource.swift in Sources */,
				97DB46E821520CD300F018DC /* ActivityIndicator.swift in Sources */,
				97B55CFF21524A7C0030F75D /* ParseDataError.swift in Sources */,
				972CAD46216EE238007972B6 /* AddContactRequest.swift in Sources */,
				97DB46E22152088900F018DC /* UserFirebaseSource.swift in Sources */,
				9796AF6C215CBD88007BFF85 /* ChatVM.swift in Sources */,
				973A61542164B990003B6047 /* BaseMessageCell.swift in Sources */,
				97E2C0F221589E1500FA9348 /* ConversationRealm.swift in Sources */,
			);
			runOnlyForDeploymentPostprocessing = 0;
		};
/* End PBXSourcesBuildPhase section */

/* Begin PBXVariantGroup section */
		978596B7214A594C00516138 /* Main.storyboard */ = {
			isa = PBXVariantGroup;
			children = (
				978596B8214A594C00516138 /* Base */,
			);
			name = Main.storyboard;
			sourceTree = "<group>";
		};
		978596BC214A594E00516138 /* LaunchScreen.storyboard */ = {
			isa = PBXVariantGroup;
			children = (
				978596BD214A594E00516138 /* Base */,
			);
			name = LaunchScreen.storyboard;
			sourceTree = "<group>";
		};
/* End PBXVariantGroup section */

/* Begin XCBuildConfiguration section */
		978596C0214A594E00516138 /* Debug */ = {
			isa = XCBuildConfiguration;
			buildSettings = {
				ALWAYS_SEARCH_USER_PATHS = NO;
				CLANG_ANALYZER_NONNULL = YES;
				CLANG_ANALYZER_NUMBER_OBJECT_CONVERSION = YES_AGGRESSIVE;
				CLANG_CXX_LANGUAGE_STANDARD = "gnu++14";
				CLANG_CXX_LIBRARY = "libc++";
				CLANG_ENABLE_MODULES = YES;
				CLANG_ENABLE_OBJC_ARC = YES;
				CLANG_ENABLE_OBJC_WEAK = YES;
				CLANG_WARN_BLOCK_CAPTURE_AUTORELEASING = YES;
				CLANG_WARN_BOOL_CONVERSION = YES;
				CLANG_WARN_COMMA = YES;
				CLANG_WARN_CONSTANT_CONVERSION = YES;
				CLANG_WARN_DEPRECATED_OBJC_IMPLEMENTATIONS = YES;
				CLANG_WARN_DIRECT_OBJC_ISA_USAGE = YES_ERROR;
				CLANG_WARN_DOCUMENTATION_COMMENTS = YES;
				CLANG_WARN_EMPTY_BODY = YES;
				CLANG_WARN_ENUM_CONVERSION = YES;
				CLANG_WARN_INFINITE_RECURSION = YES;
				CLANG_WARN_INT_CONVERSION = YES;
				CLANG_WARN_NON_LITERAL_NULL_CONVERSION = YES;
				CLANG_WARN_OBJC_IMPLICIT_RETAIN_SELF = YES;
				CLANG_WARN_OBJC_LITERAL_CONVERSION = YES;
				CLANG_WARN_OBJC_ROOT_CLASS = YES_ERROR;
				CLANG_WARN_RANGE_LOOP_ANALYSIS = YES;
				CLANG_WARN_STRICT_PROTOTYPES = YES;
				CLANG_WARN_SUSPICIOUS_MOVE = YES;
				CLANG_WARN_UNGUARDED_AVAILABILITY = YES_AGGRESSIVE;
				CLANG_WARN_UNREACHABLE_CODE = YES;
				CLANG_WARN__DUPLICATE_METHOD_MATCH = YES;
				CODE_SIGN_IDENTITY = "iPhone Developer";
				COPY_PHASE_STRIP = NO;
				DEBUG_INFORMATION_FORMAT = dwarf;
				ENABLE_STRICT_OBJC_MSGSEND = YES;
				ENABLE_TESTABILITY = YES;
				GCC_C_LANGUAGE_STANDARD = gnu11;
				GCC_DYNAMIC_NO_PIC = NO;
				GCC_NO_COMMON_BLOCKS = YES;
				GCC_OPTIMIZATION_LEVEL = 0;
				GCC_PREPROCESSOR_DEFINITIONS = (
					"DEBUG=1",
					"$(inherited)",
				);
				GCC_WARN_64_TO_32_BIT_CONVERSION = YES;
				GCC_WARN_ABOUT_RETURN_TYPE = YES_ERROR;
				GCC_WARN_UNDECLARED_SELECTOR = YES;
				GCC_WARN_UNINITIALIZED_AUTOS = YES_AGGRESSIVE;
				GCC_WARN_UNUSED_FUNCTION = YES;
				GCC_WARN_UNUSED_VARIABLE = YES;
				IPHONEOS_DEPLOYMENT_TARGET = 11.4;
				MTL_ENABLE_DEBUG_INFO = YES;
				ONLY_ACTIVE_ARCH = YES;
				SDKROOT = iphoneos;
				SWIFT_ACTIVE_COMPILATION_CONDITIONS = DEBUG;
				SWIFT_OPTIMIZATION_LEVEL = "-Onone";
			};
			name = Debug;
		};
		978596C1214A594E00516138 /* Release */ = {
			isa = XCBuildConfiguration;
			buildSettings = {
				ALWAYS_SEARCH_USER_PATHS = NO;
				CLANG_ANALYZER_NONNULL = YES;
				CLANG_ANALYZER_NUMBER_OBJECT_CONVERSION = YES_AGGRESSIVE;
				CLANG_CXX_LANGUAGE_STANDARD = "gnu++14";
				CLANG_CXX_LIBRARY = "libc++";
				CLANG_ENABLE_MODULES = YES;
				CLANG_ENABLE_OBJC_ARC = YES;
				CLANG_ENABLE_OBJC_WEAK = YES;
				CLANG_WARN_BLOCK_CAPTURE_AUTORELEASING = YES;
				CLANG_WARN_BOOL_CONVERSION = YES;
				CLANG_WARN_COMMA = YES;
				CLANG_WARN_CONSTANT_CONVERSION = YES;
				CLANG_WARN_DEPRECATED_OBJC_IMPLEMENTATIONS = YES;
				CLANG_WARN_DIRECT_OBJC_ISA_USAGE = YES_ERROR;
				CLANG_WARN_DOCUMENTATION_COMMENTS = YES;
				CLANG_WARN_EMPTY_BODY = YES;
				CLANG_WARN_ENUM_CONVERSION = YES;
				CLANG_WARN_INFINITE_RECURSION = YES;
				CLANG_WARN_INT_CONVERSION = YES;
				CLANG_WARN_NON_LITERAL_NULL_CONVERSION = YES;
				CLANG_WARN_OBJC_IMPLICIT_RETAIN_SELF = YES;
				CLANG_WARN_OBJC_LITERAL_CONVERSION = YES;
				CLANG_WARN_OBJC_ROOT_CLASS = YES_ERROR;
				CLANG_WARN_RANGE_LOOP_ANALYSIS = YES;
				CLANG_WARN_STRICT_PROTOTYPES = YES;
				CLANG_WARN_SUSPICIOUS_MOVE = YES;
				CLANG_WARN_UNGUARDED_AVAILABILITY = YES_AGGRESSIVE;
				CLANG_WARN_UNREACHABLE_CODE = YES;
				CLANG_WARN__DUPLICATE_METHOD_MATCH = YES;
				CODE_SIGN_IDENTITY = "iPhone Developer";
				COPY_PHASE_STRIP = NO;
				DEBUG_INFORMATION_FORMAT = "dwarf-with-dsym";
				ENABLE_NS_ASSERTIONS = NO;
				ENABLE_STRICT_OBJC_MSGSEND = YES;
				GCC_C_LANGUAGE_STANDARD = gnu11;
				GCC_NO_COMMON_BLOCKS = YES;
				GCC_WARN_64_TO_32_BIT_CONVERSION = YES;
				GCC_WARN_ABOUT_RETURN_TYPE = YES_ERROR;
				GCC_WARN_UNDECLARED_SELECTOR = YES;
				GCC_WARN_UNINITIALIZED_AUTOS = YES_AGGRESSIVE;
				GCC_WARN_UNUSED_FUNCTION = YES;
				GCC_WARN_UNUSED_VARIABLE = YES;
				IPHONEOS_DEPLOYMENT_TARGET = 11.4;
				MTL_ENABLE_DEBUG_INFO = NO;
				SDKROOT = iphoneos;
				SWIFT_COMPILATION_MODE = wholemodule;
				SWIFT_OPTIMIZATION_LEVEL = "-O";
				VALIDATE_PRODUCT = YES;
			};
			name = Release;
		};
		978596C3214A594E00516138 /* Debug */ = {
			isa = XCBuildConfiguration;
			baseConfigurationReference = 6F059BC01BC0C503BE6B626F /* Pods-iZalo.debug.xcconfig */;
			buildSettings = {
				ASSETCATALOG_COMPILER_APPICON_NAME = AppIcon;
				CLANG_ENABLE_MODULES = YES;
				CODE_SIGN_ENTITLEMENTS = iZalo/iZalo.entitlements;
				CODE_SIGN_STYLE = Automatic;
				DEVELOPMENT_TEAM = 3C85WG52WY;
				INFOPLIST_FILE = iZalo/Info.plist;
				LD_RUNPATH_SEARCH_PATHS = (
					"$(inherited)",
					"@executable_path/Frameworks",
				);
				PRODUCT_BUNDLE_IDENTIFIER = com.ducnv.iZalo;
				PRODUCT_NAME = "$(TARGET_NAME)";
				SWIFT_OPTIMIZATION_LEVEL = "-Onone";
				SWIFT_VERSION = 4.0;
				TARGETED_DEVICE_FAMILY = "1,2";
			};
			name = Debug;
		};
		978596C4214A594E00516138 /* Release */ = {
			isa = XCBuildConfiguration;
			baseConfigurationReference = 297D63B6F2885588B8541C6B /* Pods-iZalo.release.xcconfig */;
			buildSettings = {
				ASSETCATALOG_COMPILER_APPICON_NAME = AppIcon;
				CLANG_ENABLE_MODULES = YES;
				CODE_SIGN_ENTITLEMENTS = iZalo/iZalo.entitlements;
				CODE_SIGN_STYLE = Automatic;
				DEVELOPMENT_TEAM = 3C85WG52WY;
				INFOPLIST_FILE = iZalo/Info.plist;
				LD_RUNPATH_SEARCH_PATHS = (
					"$(inherited)",
					"@executable_path/Frameworks",
				);
				PRODUCT_BUNDLE_IDENTIFIER = com.ducnv.iZalo;
				PRODUCT_NAME = "$(TARGET_NAME)";
				SWIFT_VERSION = 4.0;
				TARGETED_DEVICE_FAMILY = "1,2";
			};
			name = Release;
		};
/* End XCBuildConfiguration section */

/* Begin XCConfigurationList section */
		978596AB214A594C00516138 /* Build configuration list for PBXProject "iZalo" */ = {
			isa = XCConfigurationList;
			buildConfigurations = (
				978596C0214A594E00516138 /* Debug */,
				978596C1214A594E00516138 /* Release */,
			);
			defaultConfigurationIsVisible = 0;
			defaultConfigurationName = Release;
		};
		978596C2214A594E00516138 /* Build configuration list for PBXNativeTarget "iZalo" */ = {
			isa = XCConfigurationList;
			buildConfigurations = (
				978596C3214A594E00516138 /* Debug */,
				978596C4214A594E00516138 /* Release */,
			);
			defaultConfigurationIsVisible = 0;
			defaultConfigurationName = Release;
		};
/* End XCConfigurationList section */
	};
	rootObject = 978596A8214A594C00516138 /* Project object */;
}
