// !$*UTF8*$!
{
	archiveVersion = 1;
	classes = {
	};
	objectVersion = 50;
	objects = {

/* Begin PBXBuildFile section */
		1538B896D4AF4A0C123FFA80 /* Pods_iZalo.framework in Frameworks */ = {isa = PBXBuildFile; fileRef = 383FD8FAA77043B55057026F /* Pods_iZalo.framework */; };
		970D6FE52158C80200688732 /* ConversationRealmSource.swift in Sources */ = {isa = PBXBuildFile; fileRef = 970D6FE42158C80200688732 /* ConversationRealmSource.swift */; };
		970D6FE72158CC3F00688732 /* AuthenticateError.swift in Sources */ = {isa = PBXBuildFile; fileRef = 970D6FE62158CC3F00688732 /* AuthenticateError.swift */; };
		970D6FE92158CCAF00688732 /* NetworkError.swift in Sources */ = {isa = PBXBuildFile; fileRef = 970D6FE82158CCAF00688732 /* NetworkError.swift */; };
		970D6FEB2158E1F400688732 /* ConversationResponse.swift in Sources */ = {isa = PBXBuildFile; fileRef = 970D6FEA2158E1F400688732 /* ConversationResponse.swift */; };
		970D6FED2158E4CF00688732 /* MessageResponse.swift in Sources */ = {isa = PBXBuildFile; fileRef = 970D6FEC2158E4CF00688732 /* MessageResponse.swift */; };
		9736A3CD21538BF80085219D /* MainVC.swift in Sources */ = {isa = PBXBuildFile; fileRef = 9736A3CB21538BF80085219D /* MainVC.swift */; };
		9736A3CE21538BF80085219D /* MainVC.xib in Resources */ = {isa = PBXBuildFile; fileRef = 9736A3CC21538BF80085219D /* MainVC.xib */; };
		9736A3D221538D040085219D /* ChatHistoryVC.swift in Sources */ = {isa = PBXBuildFile; fileRef = 9736A3D021538D040085219D /* ChatHistoryVC.swift */; };
		9736A3D321538D040085219D /* ChatHistoryVC.xib in Resources */ = {isa = PBXBuildFile; fileRef = 9736A3D121538D040085219D /* ChatHistoryVC.xib */; };
		9736A3D721538D550085219D /* ContactVC.swift in Sources */ = {isa = PBXBuildFile; fileRef = 9736A3D521538D550085219D /* ContactVC.swift */; };
		9736A3D821538D550085219D /* ContactVC.xib in Resources */ = {isa = PBXBuildFile; fileRef = 9736A3D621538D550085219D /* ContactVC.xib */; };
		9736A3DC21538D960085219D /* SettingVC.swift in Sources */ = {isa = PBXBuildFile; fileRef = 9736A3DA21538D960085219D /* SettingVC.swift */; };
		9736A3DD21538D960085219D /* SettingVC.xib in Resources */ = {isa = PBXBuildFile; fileRef = 9736A3DB21538D960085219D /* SettingVC.xib */; };
		973A61542164B990003B6047 /* BaseMessageCell.swift in Sources */ = {isa = PBXBuildFile; fileRef = 973A61532164B990003B6047 /* BaseMessageCell.swift */; };
		973A61562164BDD3003B6047 /* LoadConversationRequest.swift in Sources */ = {isa = PBXBuildFile; fileRef = 973A61552164BDD3003B6047 /* LoadConversationRequest.swift */; };
		973A61582164C7A5003B6047 /* Color.swift in Sources */ = {isa = PBXBuildFile; fileRef = 973A61572164C7A5003B6047 /* Color.swift */; };
		973CBE912153B63C00403D2D /* ConversationCell.swift in Sources */ = {isa = PBXBuildFile; fileRef = 973CBE8F2153B63C00403D2D /* ConversationCell.swift */; };
		973CBE922153B63C00403D2D /* ConversationCell.xib in Resources */ = {isa = PBXBuildFile; fileRef = 973CBE902153B63C00403D2D /* ConversationCell.xib */; };
		973CBE952153B9F700403D2D /* ContactCell.swift in Sources */ = {isa = PBXBuildFile; fileRef = 973CBE932153B9F700403D2D /* ContactCell.swift */; };
		973CBE962153B9F700403D2D /* ContactCell.xib in Resources */ = {isa = PBXBuildFile; fileRef = 973CBE942153B9F700403D2D /* ContactCell.xib */; };
		974E039A2161B9BA001597FF /* SendMessageRequest.swift in Sources */ = {isa = PBXBuildFile; fileRef = 974E03992161B9BA001597FF /* SendMessageRequest.swift */; };
		974E039C2161BC32001597FF /* SendMessageUsecase.swift in Sources */ = {isa = PBXBuildFile; fileRef = 974E039B2161BC32001597FF /* SendMessageUsecase.swift */; };
		974E039E2161BCA5001597FF /* MessageRepository.swift in Sources */ = {isa = PBXBuildFile; fileRef = 974E039D2161BCA5001597FF /* MessageRepository.swift */; };
		974E03A02161BD99001597FF /* MessageRepositoryImpl.swift in Sources */ = {isa = PBXBuildFile; fileRef = 974E039F2161BD99001597FF /* MessageRepositoryImpl.swift */; };
		974E03A22161BE01001597FF /* MessageRemoteSource.swift in Sources */ = {isa = PBXBuildFile; fileRef = 974E03A12161BE01001597FF /* MessageRemoteSource.swift */; };
		974E03A42161C06B001597FF /* MessageLocalSource.swift in Sources */ = {isa = PBXBuildFile; fileRef = 974E03A32161C06B001597FF /* MessageLocalSource.swift */; };
		974E03A62161C155001597FF /* MessageRealmSource.swift in Sources */ = {isa = PBXBuildFile; fileRef = 974E03A52161C155001597FF /* MessageRealmSource.swift */; };
		974E03A82161C238001597FF /* MessageFirebaseSource.swift in Sources */ = {isa = PBXBuildFile; fileRef = 974E03A72161C238001597FF /* MessageFirebaseSource.swift */; };
		974E03AA216210A6001597FF /* LoadMessageUsecase.swift in Sources */ = {isa = PBXBuildFile; fileRef = 974E03A9216210A6001597FF /* LoadMessageUsecase.swift */; };
		974E03AC216222C1001597FF /* LoadMessageRequest.swift in Sources */ = {isa = PBXBuildFile; fileRef = 974E03AB216222C1001597FF /* LoadMessageRequest.swift */; };
		978596B4214A594C00516138 /* AppDelegate.swift in Sources */ = {isa = PBXBuildFile; fileRef = 978596B3214A594C00516138 /* AppDelegate.swift */; };
		978596B9214A594C00516138 /* Main.storyboard in Resources */ = {isa = PBXBuildFile; fileRef = 978596B7214A594C00516138 /* Main.storyboard */; };
		978596BB214A594E00516138 /* Assets.xcassets in Resources */ = {isa = PBXBuildFile; fileRef = 978596BA214A594E00516138 /* Assets.xcassets */; };
		978596BE214A594E00516138 /* LaunchScreen.storyboard in Resources */ = {isa = PBXBuildFile; fileRef = 978596BC214A594E00516138 /* LaunchScreen.storyboard */; };
		9796AF6C215CBD88007BFF85 /* ChatVM.swift in Sources */ = {isa = PBXBuildFile; fileRef = 9796AF6B215CBD88007BFF85 /* ChatVM.swift */; };
		9796AF6F215CE51A007BFF85 /* MyMessageCell.swift in Sources */ = {isa = PBXBuildFile; fileRef = 9796AF6D215CE51A007BFF85 /* MyMessageCell.swift */; };
		9796AF70215CE51A007BFF85 /* MyMessageCell.xib in Resources */ = {isa = PBXBuildFile; fileRef = 9796AF6E215CE51A007BFF85 /* MyMessageCell.xib */; };
		9796AF73215CE8DB007BFF85 /* OthersMessageCell.swift in Sources */ = {isa = PBXBuildFile; fileRef = 9796AF71215CE8DB007BFF85 /* OthersMessageCell.swift */; };
		9796AF74215CE8DB007BFF85 /* OthersMessageCell.xib in Resources */ = {isa = PBXBuildFile; fileRef = 9796AF72215CE8DB007BFF85 /* OthersMessageCell.xib */; };
		9796AF78215CEEF5007BFF85 /* MessageItem.swift in Sources */ = {isa = PBXBuildFile; fileRef = 9796AF77215CEEF5007BFF85 /* MessageItem.swift */; };
		9796AF7A215CF134007BFF85 /* MessageClassifier.swift in Sources */ = {isa = PBXBuildFile; fileRef = 9796AF79215CF134007BFF85 /* MessageClassifier.swift */; };
		97B55CFA2152370E0030F75D /* GoogleService-Info.plist in Resources */ = {isa = PBXBuildFile; fileRef = 97B55CF92152370D0030F75D /* GoogleService-Info.plist */; };
		97B55CFD215247DA0030F75D /* UserResponse.swift in Sources */ = {isa = PBXBuildFile; fileRef = 97B55CFC215247DA0030F75D /* UserResponse.swift */; };
		97B55CFF21524A7C0030F75D /* ParseDataError.swift in Sources */ = {isa = PBXBuildFile; fileRef = 97B55CFE21524A7C0030F75D /* ParseDataError.swift */; };
		97BA5894215B259C00327FA7 /* Constant.swift in Sources */ = {isa = PBXBuildFile; fileRef = 97BA5893215B259C00327FA7 /* Constant.swift */; };
		97BA5896215B298000327FA7 /* ContactVM.swift in Sources */ = {isa = PBXBuildFile; fileRef = 97BA5895215B298000327FA7 /* ContactVM.swift */; };
		97BA5898215B29FD00327FA7 /* ContactItem.swift in Sources */ = {isa = PBXBuildFile; fileRef = 97BA5897215B29FD00327FA7 /* ContactItem.swift */; };
		97BA589A215B2B3800327FA7 /* Contact.swift in Sources */ = {isa = PBXBuildFile; fileRef = 97BA5899215B2B3800327FA7 /* Contact.swift */; };
		97BA589E215B39FB00327FA7 /* LoadContactUseCase.swift in Sources */ = {isa = PBXBuildFile; fileRef = 97BA589D215B39FB00327FA7 /* LoadContactUseCase.swift */; };
		97BA58A0215B3E6400327FA7 /* ContactRepository.swift in Sources */ = {isa = PBXBuildFile; fileRef = 97BA589F215B3E6400327FA7 /* ContactRepository.swift */; };
		97BA58A2215B3F1600327FA7 /* ContactRepositoryImpl.swift in Sources */ = {isa = PBXBuildFile; fileRef = 97BA58A1215B3F1600327FA7 /* ContactRepositoryImpl.swift */; };
		97BA58A4215B408C00327FA7 /* ContactLocalSource.swift in Sources */ = {isa = PBXBuildFile; fileRef = 97BA58A3215B408C00327FA7 /* ContactLocalSource.swift */; };
		97BA58A6215B409B00327FA7 /* ContactRemoteSource.swift in Sources */ = {isa = PBXBuildFile; fileRef = 97BA58A5215B409B00327FA7 /* ContactRemoteSource.swift */; };
		97BA58A8215B41CB00327FA7 /* ContactFirebaseSource.swift in Sources */ = {isa = PBXBuildFile; fileRef = 97BA58A7215B41CB00327FA7 /* ContactFirebaseSource.swift */; };
		97BA58AA215B425E00327FA7 /* ContactRealmSource.swift in Sources */ = {isa = PBXBuildFile; fileRef = 97BA58A9215B425E00327FA7 /* ContactRealmSource.swift */; };
		97BA58AC215B42CB00327FA7 /* ContactRealm.swift in Sources */ = {isa = PBXBuildFile; fileRef = 97BA58AB215B42CB00327FA7 /* ContactRealm.swift */; };
		97CF54C9214FB7CE007609BE /* LoginVC.swift in Sources */ = {isa = PBXBuildFile; fileRef = 97CF54C7214FB7CE007609BE /* LoginVC.swift */; };
		97CF54CA214FB7CE007609BE /* LoginVC.xib in Resources */ = {isa = PBXBuildFile; fileRef = 97CF54C8214FB7CE007609BE /* LoginVC.xib */; };
		97D6D55D215258EF0070E521 /* ValidateError.swift in Sources */ = {isa = PBXBuildFile; fileRef = 97D6D55C215258EF0070E521 /* ValidateError.swift */; };
		97D6D55F21525F7E0070E521 /* RxBinding.swift in Sources */ = {isa = PBXBuildFile; fileRef = 97D6D55E21525F7E0070E521 /* RxBinding.swift */; };
		97D6D561215265600070E521 /* ViewController.swift in Sources */ = {isa = PBXBuildFile; fileRef = 97D6D560215265600070E521 /* ViewController.swift */; };
		97DB46C22151F2F100F018DC /* BaseVC.swift in Sources */ = {isa = PBXBuildFile; fileRef = 97DB46C12151F2F100F018DC /* BaseVC.swift */; };
		97DB46C42151F51700F018DC /* LoginVM.swift in Sources */ = {isa = PBXBuildFile; fileRef = 97DB46C32151F51700F018DC /* LoginVM.swift */; };
		97DB46C72151F57A00F018DC /* ViewModelDelegate.swift in Sources */ = {isa = PBXBuildFile; fileRef = 97DB46C62151F57A00F018DC /* ViewModelDelegate.swift */; };
		97DB46CA2151FDFE00F018DC /* LoginUseCase.swift in Sources */ = {isa = PBXBuildFile; fileRef = 97DB46C92151FDFE00F018DC /* LoginUseCase.swift */; };
		97DB46CC2151FE3B00F018DC /* UseCase.swift in Sources */ = {isa = PBXBuildFile; fileRef = 97DB46CB2151FE3B00F018DC /* UseCase.swift */; };
		97DB46CF2151FF4F00F018DC /* UserRepository.swift in Sources */ = {isa = PBXBuildFile; fileRef = 97DB46CE2151FF4F00F018DC /* UserRepository.swift */; };
		97DB46D22152001200F018DC /* User.swift in Sources */ = {isa = PBXBuildFile; fileRef = 97DB46D12152001200F018DC /* User.swift */; };
		97DB46D52152009700F018DC /* LoginRequest.swift in Sources */ = {isa = PBXBuildFile; fileRef = 97DB46D42152009700F018DC /* LoginRequest.swift */; };
		97DB46D72152011300F018DC /* SignUpRequest.swift in Sources */ = {isa = PBXBuildFile; fileRef = 97DB46D62152011300F018DC /* SignUpRequest.swift */; };
		97DB46DA2152033100F018DC /* UserRepositoryImpl.swift in Sources */ = {isa = PBXBuildFile; fileRef = 97DB46D92152033100F018DC /* UserRepositoryImpl.swift */; };
		97DB46DE2152063300F018DC /* UserRemoteSource.swift in Sources */ = {isa = PBXBuildFile; fileRef = 97DB46DD2152063300F018DC /* UserRemoteSource.swift */; };
		97DB46E0215206A800F018DC /* UserLocalSource.swift in Sources */ = {isa = PBXBuildFile; fileRef = 97DB46DF215206A800F018DC /* UserLocalSource.swift */; };
		97DB46E22152088900F018DC /* UserFirebaseSource.swift in Sources */ = {isa = PBXBuildFile; fileRef = 97DB46E12152088900F018DC /* UserFirebaseSource.swift */; };
		97DB46E421520A2A00F018DC /* UserRealmSource.swift in Sources */ = {isa = PBXBuildFile; fileRef = 97DB46E321520A2A00F018DC /* UserRealmSource.swift */; };
		97DB46E621520C0500F018DC /* ObservableType.swift in Sources */ = {isa = PBXBuildFile; fileRef = 97DB46E521520C0500F018DC /* ObservableType.swift */; };
		97DB46E821520CD300F018DC /* ActivityIndicator.swift in Sources */ = {isa = PBXBuildFile; fileRef = 97DB46E721520CD300F018DC /* ActivityIndicator.swift */; };
		97DB46EA21520D0700F018DC /* ErrorTracker.swift in Sources */ = {isa = PBXBuildFile; fileRef = 97DB46E921520D0700F018DC /* ErrorTracker.swift */; };
		97DFB55D215B90C30001ADFB /* ChatVC.swift in Sources */ = {isa = PBXBuildFile; fileRef = 97DFB55B215B90C30001ADFB /* ChatVC.swift */; };
		97DFB55E215B90C30001ADFB /* ChatVC.xib in Resources */ = {isa = PBXBuildFile; fileRef = 97DFB55C215B90C30001ADFB /* ChatVC.xib */; };
		97E2C0E121587F1800FA9348 /* Conversation.swift in Sources */ = {isa = PBXBuildFile; fileRef = 97E2C0E021587F1800FA9348 /* Conversation.swift */; };
		97E2C0E32158800C00FA9348 /* Message.swift in Sources */ = {isa = PBXBuildFile; fileRef = 97E2C0E22158800C00FA9348 /* Message.swift */; };
		97E2C0E52158850800FA9348 /* ConversationItem.swift in Sources */ = {isa = PBXBuildFile; fileRef = 97E2C0E42158850800FA9348 /* ConversationItem.swift */; };
		97E2C0E721588EB900FA9348 /* ChatHistoryVM.swift in Sources */ = {isa = PBXBuildFile; fileRef = 97E2C0E621588EB900FA9348 /* ChatHistoryVM.swift */; };
		97E2C0E92158985900FA9348 /* LoadConversationUseCase.swift in Sources */ = {isa = PBXBuildFile; fileRef = 97E2C0E82158985900FA9348 /* LoadConversationUseCase.swift */; };
		97E2C0EB2158991800FA9348 /* ConversationRepository.swift in Sources */ = {isa = PBXBuildFile; fileRef = 97E2C0EA2158991800FA9348 /* ConversationRepository.swift */; };
		97E2C0ED215899EF00FA9348 /* ConversationRepositoryImpl.swift in Sources */ = {isa = PBXBuildFile; fileRef = 97E2C0EC215899EF00FA9348 /* ConversationRepositoryImpl.swift */; };
		97E2C0F021589C7600FA9348 /* UserRealm.swift in Sources */ = {isa = PBXBuildFile; fileRef = 97E2C0EF21589C7600FA9348 /* UserRealm.swift */; };
		97E2C0F221589E1500FA9348 /* ConversationRealm.swift in Sources */ = {isa = PBXBuildFile; fileRef = 97E2C0F121589E1500FA9348 /* ConversationRealm.swift */; };
		97E2C0F421589F0300FA9348 /* MessageRealm.swift in Sources */ = {isa = PBXBuildFile; fileRef = 97E2C0F321589F0300FA9348 /* MessageRealm.swift */; };
		97E2C0F62158A3A200FA9348 /* ConversationRemoteSource.swift in Sources */ = {isa = PBXBuildFile; fileRef = 97E2C0F52158A3A200FA9348 /* ConversationRemoteSource.swift */; };
		97E2C0F82158A46200FA9348 /* ConversationFirebaseSource.swift in Sources */ = {isa = PBXBuildFile; fileRef = 97E2C0F72158A46200FA9348 /* ConversationFirebaseSource.swift */; };
		97E2C0FA2158A5D300FA9348 /* ConversationLocalSource.swift in Sources */ = {isa = PBXBuildFile; fileRef = 97E2C0F92158A5D300FA9348 /* ConversationLocalSource.swift */; };
/* End PBXBuildFile section */

/* Begin PBXFileReference section */
		297D63B6F2885588B8541C6B /* Pods-iZalo.release.xcconfig */ = {isa = PBXFileReference; includeInIndex = 1; lastKnownFileType = text.xcconfig; name = "Pods-iZalo.release.xcconfig"; path = "Pods/Target Support Files/Pods-iZalo/Pods-iZalo.release.xcconfig"; sourceTree = "<group>"; };
		383FD8FAA77043B55057026F /* Pods_iZalo.framework */ = {isa = PBXFileReference; explicitFileType = wrapper.framework; includeInIndex = 0; path = Pods_iZalo.framework; sourceTree = BUILT_PRODUCTS_DIR; };
		6F059BC01BC0C503BE6B626F /* Pods-iZalo.debug.xcconfig */ = {isa = PBXFileReference; includeInIndex = 1; lastKnownFileType = text.xcconfig; name = "Pods-iZalo.debug.xcconfig"; path = "Pods/Target Support Files/Pods-iZalo/Pods-iZalo.debug.xcconfig"; sourceTree = "<group>"; };
		970D6FE42158C80200688732 /* ConversationRealmSource.swift */ = {isa = PBXFileReference; lastKnownFileType = sourcecode.swift; path = ConversationRealmSource.swift; sourceTree = "<group>"; };
		970D6FE62158CC3F00688732 /* AuthenticateError.swift */ = {isa = PBXFileReference; lastKnownFileType = sourcecode.swift; path = AuthenticateError.swift; sourceTree = "<group>"; };
		970D6FE82158CCAF00688732 /* NetworkError.swift */ = {isa = PBXFileReference; lastKnownFileType = sourcecode.swift; path = NetworkError.swift; sourceTree = "<group>"; };
		970D6FEA2158E1F400688732 /* ConversationResponse.swift */ = {isa = PBXFileReference; lastKnownFileType = sourcecode.swift; path = ConversationResponse.swift; sourceTree = "<group>"; };
		970D6FEC2158E4CF00688732 /* MessageResponse.swift */ = {isa = PBXFileReference; lastKnownFileType = sourcecode.swift; path = MessageResponse.swift; sourceTree = "<group>"; };
		9736A3CB21538BF80085219D /* MainVC.swift */ = {isa = PBXFileReference; lastKnownFileType = sourcecode.swift; path = MainVC.swift; sourceTree = "<group>"; };
		9736A3CC21538BF80085219D /* MainVC.xib */ = {isa = PBXFileReference; lastKnownFileType = file.xib; path = MainVC.xib; sourceTree = "<group>"; };
		9736A3D021538D040085219D /* ChatHistoryVC.swift */ = {isa = PBXFileReference; lastKnownFileType = sourcecode.swift; path = ChatHistoryVC.swift; sourceTree = "<group>"; };
		9736A3D121538D040085219D /* ChatHistoryVC.xib */ = {isa = PBXFileReference; lastKnownFileType = file.xib; path = ChatHistoryVC.xib; sourceTree = "<group>"; };
		9736A3D521538D550085219D /* ContactVC.swift */ = {isa = PBXFileReference; lastKnownFileType = sourcecode.swift; path = ContactVC.swift; sourceTree = "<group>"; };
		9736A3D621538D550085219D /* ContactVC.xib */ = {isa = PBXFileReference; lastKnownFileType = file.xib; path = ContactVC.xib; sourceTree = "<group>"; };
		9736A3DA21538D960085219D /* SettingVC.swift */ = {isa = PBXFileReference; lastKnownFileType = sourcecode.swift; path = SettingVC.swift; sourceTree = "<group>"; };
		9736A3DB21538D960085219D /* SettingVC.xib */ = {isa = PBXFileReference; lastKnownFileType = file.xib; path = SettingVC.xib; sourceTree = "<group>"; };
		973A61532164B990003B6047 /* BaseMessageCell.swift */ = {isa = PBXFileReference; lastKnownFileType = sourcecode.swift; path = BaseMessageCell.swift; sourceTree = "<group>"; };
		973A61552164BDD3003B6047 /* LoadConversationRequest.swift */ = {isa = PBXFileReference; lastKnownFileType = sourcecode.swift; path = LoadConversationRequest.swift; sourceTree = "<group>"; };
		973A61572164C7A5003B6047 /* Color.swift */ = {isa = PBXFileReference; lastKnownFileType = sourcecode.swift; path = Color.swift; sourceTree = "<group>"; };
		973CBE8F2153B63C00403D2D /* ConversationCell.swift */ = {isa = PBXFileReference; lastKnownFileType = sourcecode.swift; path = ConversationCell.swift; sourceTree = "<group>"; };
		973CBE902153B63C00403D2D /* ConversationCell.xib */ = {isa = PBXFileReference; lastKnownFileType = file.xib; path = ConversationCell.xib; sourceTree = "<group>"; };
		973CBE932153B9F700403D2D /* ContactCell.swift */ = {isa = PBXFileReference; lastKnownFileType = sourcecode.swift; path = ContactCell.swift; sourceTree = "<group>"; };
		973CBE942153B9F700403D2D /* ContactCell.xib */ = {isa = PBXFileReference; lastKnownFileType = file.xib; path = ContactCell.xib; sourceTree = "<group>"; };
		974E03992161B9BA001597FF /* SendMessageRequest.swift */ = {isa = PBXFileReference; lastKnownFileType = sourcecode.swift; path = SendMessageRequest.swift; sourceTree = "<group>"; };
		974E039B2161BC32001597FF /* SendMessageUsecase.swift */ = {isa = PBXFileReference; lastKnownFileType = sourcecode.swift; path = SendMessageUsecase.swift; sourceTree = "<group>"; };
		974E039D2161BCA5001597FF /* MessageRepository.swift */ = {isa = PBXFileReference; lastKnownFileType = sourcecode.swift; path = MessageRepository.swift; sourceTree = "<group>"; };
		974E039F2161BD99001597FF /* MessageRepositoryImpl.swift */ = {isa = PBXFileReference; lastKnownFileType = sourcecode.swift; path = MessageRepositoryImpl.swift; sourceTree = "<group>"; };
		974E03A12161BE01001597FF /* MessageRemoteSource.swift */ = {isa = PBXFileReference; lastKnownFileType = sourcecode.swift; path = MessageRemoteSource.swift; sourceTree = "<group>"; };
		974E03A32161C06B001597FF /* MessageLocalSource.swift */ = {isa = PBXFileReference; lastKnownFileType = sourcecode.swift; path = MessageLocalSource.swift; sourceTree = "<group>"; };
		974E03A52161C155001597FF /* MessageRealmSource.swift */ = {isa = PBXFileReference; lastKnownFileType = sourcecode.swift; path = MessageRealmSource.swift; sourceTree = "<group>"; };
		974E03A72161C238001597FF /* MessageFirebaseSource.swift */ = {isa = PBXFileReference; lastKnownFileType = sourcecode.swift; path = MessageFirebaseSource.swift; sourceTree = "<group>"; };
		974E03A9216210A6001597FF /* LoadMessageUsecase.swift */ = {isa = PBXFileReference; lastKnownFileType = sourcecode.swift; path = LoadMessageUsecase.swift; sourceTree = "<group>"; };
		974E03AB216222C1001597FF /* LoadMessageRequest.swift */ = {isa = PBXFileReference; lastKnownFileType = sourcecode.swift; path = LoadMessageRequest.swift; sourceTree = "<group>"; };
		978596B0214A594C00516138 /* iZalo.app */ = {isa = PBXFileReference; explicitFileType = wrapper.application; includeInIndex = 0; path = iZalo.app; sourceTree = BUILT_PRODUCTS_DIR; };
		978596B3214A594C00516138 /* AppDelegate.swift */ = {isa = PBXFileReference; lastKnownFileType = sourcecode.swift; path = AppDelegate.swift; sourceTree = "<group>"; };
		978596B8214A594C00516138 /* Base */ = {isa = PBXFileReference; lastKnownFileType = file.storyboard; name = Base; path = Base.lproj/Main.storyboard; sourceTree = "<group>"; };
		978596BA214A594E00516138 /* Assets.xcassets */ = {isa = PBXFileReference; lastKnownFileType = folder.assetcatalog; path = Assets.xcassets; sourceTree = "<group>"; };
		978596BD214A594E00516138 /* Base */ = {isa = PBXFileReference; lastKnownFileType = file.storyboard; name = Base; path = Base.lproj/LaunchScreen.storyboard; sourceTree = "<group>"; };
		978596BF214A594E00516138 /* Info.plist */ = {isa = PBXFileReference; lastKnownFileType = text.plist.xml; path = Info.plist; sourceTree = "<group>"; };
		9796AF6B215CBD88007BFF85 /* ChatVM.swift */ = {isa = PBXFileReference; lastKnownFileType = sourcecode.swift; path = ChatVM.swift; sourceTree = "<group>"; };
		9796AF6D215CE51A007BFF85 /* MyMessageCell.swift */ = {isa = PBXFileReference; lastKnownFileType = sourcecode.swift; path = MyMessageCell.swift; sourceTree = "<group>"; };
		9796AF6E215CE51A007BFF85 /* MyMessageCell.xib */ = {isa = PBXFileReference; lastKnownFileType = file.xib; path = MyMessageCell.xib; sourceTree = "<group>"; };
		9796AF71215CE8DB007BFF85 /* OthersMessageCell.swift */ = {isa = PBXFileReference; lastKnownFileType = sourcecode.swift; path = OthersMessageCell.swift; sourceTree = "<group>"; };
		9796AF72215CE8DB007BFF85 /* OthersMessageCell.xib */ = {isa = PBXFileReference; lastKnownFileType = file.xib; path = OthersMessageCell.xib; sourceTree = "<group>"; };
		9796AF77215CEEF5007BFF85 /* MessageItem.swift */ = {isa = PBXFileReference; lastKnownFileType = sourcecode.swift; path = MessageItem.swift; sourceTree = "<group>"; };
		9796AF79215CF134007BFF85 /* MessageClassifier.swift */ = {isa = PBXFileReference; lastKnownFileType = sourcecode.swift; path = MessageClassifier.swift; sourceTree = "<group>"; };
		97B55CF92152370D0030F75D /* GoogleService-Info.plist */ = {isa = PBXFileReference; fileEncoding = 4; lastKnownFileType = text.plist.xml; path = "GoogleService-Info.plist"; sourceTree = "<group>"; };
		97B55CFC215247DA0030F75D /* UserResponse.swift */ = {isa = PBXFileReference; lastKnownFileType = sourcecode.swift; path = UserResponse.swift; sourceTree = "<group>"; };
		97B55CFE21524A7C0030F75D /* ParseDataError.swift */ = {isa = PBXFileReference; lastKnownFileType = sourcecode.swift; path = ParseDataError.swift; sourceTree = "<group>"; };
		97BA5893215B259C00327FA7 /* Constant.swift */ = {isa = PBXFileReference; lastKnownFileType = sourcecode.swift; path = Constant.swift; sourceTree = "<group>"; };
		97BA5895215B298000327FA7 /* ContactVM.swift */ = {isa = PBXFileReference; lastKnownFileType = sourcecode.swift; path = ContactVM.swift; sourceTree = "<group>"; };
		97BA5897215B29FD00327FA7 /* ContactItem.swift */ = {isa = PBXFileReference; lastKnownFileType = sourcecode.swift; path = ContactItem.swift; sourceTree = "<group>"; };
		97BA5899215B2B3800327FA7 /* Contact.swift */ = {isa = PBXFileReference; lastKnownFileType = sourcecode.swift; path = Contact.swift; sourceTree = "<group>"; };
		97BA589D215B39FB00327FA7 /* LoadContactUseCase.swift */ = {isa = PBXFileReference; lastKnownFileType = sourcecode.swift; path = LoadContactUseCase.swift; sourceTree = "<group>"; };
		97BA589F215B3E6400327FA7 /* ContactRepository.swift */ = {isa = PBXFileReference; lastKnownFileType = sourcecode.swift; path = ContactRepository.swift; sourceTree = "<group>"; };
		97BA58A1215B3F1600327FA7 /* ContactRepositoryImpl.swift */ = {isa = PBXFileReference; lastKnownFileType = sourcecode.swift; path = ContactRepositoryImpl.swift; sourceTree = "<group>"; };
		97BA58A3215B408C00327FA7 /* ContactLocalSource.swift */ = {isa = PBXFileReference; lastKnownFileType = sourcecode.swift; path = ContactLocalSource.swift; sourceTree = "<group>"; };
		97BA58A5215B409B00327FA7 /* ContactRemoteSource.swift */ = {isa = PBXFileReference; lastKnownFileType = sourcecode.swift; path = ContactRemoteSource.swift; sourceTree = "<group>"; };
		97BA58A7215B41CB00327FA7 /* ContactFirebaseSource.swift */ = {isa = PBXFileReference; lastKnownFileType = sourcecode.swift; path = ContactFirebaseSource.swift; sourceTree = "<group>"; };
		97BA58A9215B425E00327FA7 /* ContactRealmSource.swift */ = {isa = PBXFileReference; lastKnownFileType = sourcecode.swift; path = ContactRealmSource.swift; sourceTree = "<group>"; };
		97BA58AB215B42CB00327FA7 /* ContactRealm.swift */ = {isa = PBXFileReference; lastKnownFileType = sourcecode.swift; path = ContactRealm.swift; sourceTree = "<group>"; };
		97CF54C7214FB7CE007609BE /* LoginVC.swift */ = {isa = PBXFileReference; lastKnownFileType = sourcecode.swift; path = LoginVC.swift; sourceTree = "<group>"; };
		97CF54C8214FB7CE007609BE /* LoginVC.xib */ = {isa = PBXFileReference; lastKnownFileType = file.xib; path = LoginVC.xib; sourceTree = "<group>"; };
		97D6D55C215258EF0070E521 /* ValidateError.swift */ = {isa = PBXFileReference; lastKnownFileType = sourcecode.swift; path = ValidateError.swift; sourceTree = "<group>"; };
		97D6D55E21525F7E0070E521 /* RxBinding.swift */ = {isa = PBXFileReference; lastKnownFileType = sourcecode.swift; path = RxBinding.swift; sourceTree = "<group>"; };
		97D6D560215265600070E521 /* ViewController.swift */ = {isa = PBXFileReference; lastKnownFileType = sourcecode.swift; path = ViewController.swift; sourceTree = "<group>"; };
		97DB46C12151F2F100F018DC /* BaseVC.swift */ = {isa = PBXFileReference; lastKnownFileType = sourcecode.swift; path = BaseVC.swift; sourceTree = "<group>"; };
		97DB46C32151F51700F018DC /* LoginVM.swift */ = {isa = PBXFileReference; lastKnownFileType = sourcecode.swift; path = LoginVM.swift; sourceTree = "<group>"; };
		97DB46C62151F57A00F018DC /* ViewModelDelegate.swift */ = {isa = PBXFileReference; lastKnownFileType = sourcecode.swift; path = ViewModelDelegate.swift; sourceTree = "<group>"; };
		97DB46C92151FDFE00F018DC /* LoginUseCase.swift */ = {isa = PBXFileReference; lastKnownFileType = sourcecode.swift; path = LoginUseCase.swift; sourceTree = "<group>"; };
		97DB46CB2151FE3B00F018DC /* UseCase.swift */ = {isa = PBXFileReference; lastKnownFileType = sourcecode.swift; path = UseCase.swift; sourceTree = "<group>"; };
		97DB46CE2151FF4F00F018DC /* UserRepository.swift */ = {isa = PBXFileReference; lastKnownFileType = sourcecode.swift; path = UserRepository.swift; sourceTree = "<group>"; };
		97DB46D12152001200F018DC /* User.swift */ = {isa = PBXFileReference; lastKnownFileType = sourcecode.swift; path = User.swift; sourceTree = "<group>"; };
		97DB46D42152009700F018DC /* LoginRequest.swift */ = {isa = PBXFileReference; lastKnownFileType = sourcecode.swift; path = LoginRequest.swift; sourceTree = "<group>"; };
		97DB46D62152011300F018DC /* SignUpRequest.swift */ = {isa = PBXFileReference; lastKnownFileType = sourcecode.swift; path = SignUpRequest.swift; sourceTree = "<group>"; };
		97DB46D92152033100F018DC /* UserRepositoryImpl.swift */ = {isa = PBXFileReference; lastKnownFileType = sourcecode.swift; path = UserRepositoryImpl.swift; sourceTree = "<group>"; };
		97DB46DD2152063300F018DC /* UserRemoteSource.swift */ = {isa = PBXFileReference; lastKnownFileType = sourcecode.swift; path = UserRemoteSource.swift; sourceTree = "<group>"; };
		97DB46DF215206A800F018DC /* UserLocalSource.swift */ = {isa = PBXFileReference; lastKnownFileType = sourcecode.swift; path = UserLocalSource.swift; sourceTree = "<group>"; };
		97DB46E12152088900F018DC /* UserFirebaseSource.swift */ = {isa = PBXFileReference; lastKnownFileType = sourcecode.swift; path = UserFirebaseSource.swift; sourceTree = "<group>"; };
		97DB46E321520A2A00F018DC /* UserRealmSource.swift */ = {isa = PBXFileReference; lastKnownFileType = sourcecode.swift; path = UserRealmSource.swift; sourceTree = "<group>"; };
		97DB46E521520C0500F018DC /* ObservableType.swift */ = {isa = PBXFileReference; lastKnownFileType = sourcecode.swift; path = ObservableType.swift; sourceTree = "<group>"; };
		97DB46E721520CD300F018DC /* ActivityIndicator.swift */ = {isa = PBXFileReference; lastKnownFileType = sourcecode.swift; path = ActivityIndicator.swift; sourceTree = "<group>"; };
		97DB46E921520D0700F018DC /* ErrorTracker.swift */ = {isa = PBXFileReference; lastKnownFileType = sourcecode.swift; path = ErrorTracker.swift; sourceTree = "<group>"; };
		97DFB55B215B90C30001ADFB /* ChatVC.swift */ = {isa = PBXFileReference; lastKnownFileType = sourcecode.swift; path = ChatVC.swift; sourceTree = "<group>"; };
		97DFB55C215B90C30001ADFB /* ChatVC.xib */ = {isa = PBXFileReference; lastKnownFileType = file.xib; path = ChatVC.xib; sourceTree = "<group>"; };
		97E2C0E021587F1800FA9348 /* Conversation.swift */ = {isa = PBXFileReference; lastKnownFileType = sourcecode.swift; path = Conversation.swift; sourceTree = "<group>"; };
		97E2C0E22158800C00FA9348 /* Message.swift */ = {isa = PBXFileReference; lastKnownFileType = sourcecode.swift; path = Message.swift; sourceTree = "<group>"; };
		97E2C0E42158850800FA9348 /* ConversationItem.swift */ = {isa = PBXFileReference; lastKnownFileType = sourcecode.swift; path = ConversationItem.swift; sourceTree = "<group>"; };
		97E2C0E621588EB900FA9348 /* ChatHistoryVM.swift */ = {isa = PBXFileReference; lastKnownFileType = sourcecode.swift; path = ChatHistoryVM.swift; sourceTree = "<group>"; };
		97E2C0E82158985900FA9348 /* LoadConversationUseCase.swift */ = {isa = PBXFileReference; lastKnownFileType = sourcecode.swift; path = LoadConversationUseCase.swift; sourceTree = "<group>"; };
		97E2C0EA2158991800FA9348 /* ConversationRepository.swift */ = {isa = PBXFileReference; lastKnownFileType = sourcecode.swift; path = ConversationRepository.swift; sourceTree = "<group>"; };
		97E2C0EC215899EF00FA9348 /* ConversationRepositoryImpl.swift */ = {isa = PBXFileReference; lastKnownFileType = sourcecode.swift; path = ConversationRepositoryImpl.swift; sourceTree = "<group>"; };
		97E2C0EF21589C7600FA9348 /* UserRealm.swift */ = {isa = PBXFileReference; lastKnownFileType = sourcecode.swift; path = UserRealm.swift; sourceTree = "<group>"; };
		97E2C0F121589E1500FA9348 /* ConversationRealm.swift */ = {isa = PBXFileReference; lastKnownFileType = sourcecode.swift; path = ConversationRealm.swift; sourceTree = "<group>"; };
		97E2C0F321589F0300FA9348 /* MessageRealm.swift */ = {isa = PBXFileReference; lastKnownFileType = sourcecode.swift; path = MessageRealm.swift; sourceTree = "<group>"; };
		97E2C0F52158A3A200FA9348 /* ConversationRemoteSource.swift */ = {isa = PBXFileReference; lastKnownFileType = sourcecode.swift; path = ConversationRemoteSource.swift; sourceTree = "<group>"; };
		97E2C0F72158A46200FA9348 /* ConversationFirebaseSource.swift */ = {isa = PBXFileReference; lastKnownFileType = sourcecode.swift; path = ConversationFirebaseSource.swift; sourceTree = "<group>"; };
		97E2C0F92158A5D300FA9348 /* ConversationLocalSource.swift */ = {isa = PBXFileReference; lastKnownFileType = sourcecode.swift; path = ConversationLocalSource.swift; sourceTree = "<group>"; };
/* End PBXFileReference section */

/* Begin PBXFrameworksBuildPhase section */
		978596AD214A594C00516138 /* Frameworks */ = {
			isa = PBXFrameworksBuildPhase;
			buildActionMask = 2147483647;
			files = (
				1538B896D4AF4A0C123FFA80 /* Pods_iZalo.framework in Frameworks */,
			);
			runOnlyForDeploymentPostprocessing = 0;
		};
/* End PBXFrameworksBuildPhase section */

/* Begin PBXGroup section */
		6C9E2CD8C8B72FB775E5C18E /* Pods */ = {
			isa = PBXGroup;
			children = (
				6F059BC01BC0C503BE6B626F /* Pods-iZalo.debug.xcconfig */,
				297D63B6F2885588B8541C6B /* Pods-iZalo.release.xcconfig */,
			);
			name = Pods;
			sourceTree = "<group>";
		};
		7FA0F83C46485EAEB08C0E4F /* Frameworks */ = {
			isa = PBXGroup;
			children = (
				383FD8FAA77043B55057026F /* Pods_iZalo.framework */,
			);
			name = Frameworks;
			sourceTree = "<group>";
		};
		9736A3CF21538CD30085219D /* ChatHistory */ = {
			isa = PBXGroup;
			children = (
				9736A3D021538D040085219D /* ChatHistoryVC.swift */,
				9736A3D121538D040085219D /* ChatHistoryVC.xib */,
				973CBE8F2153B63C00403D2D /* ConversationCell.swift */,
				973CBE902153B63C00403D2D /* ConversationCell.xib */,
				97E2C0E42158850800FA9348 /* ConversationItem.swift */,
				97E2C0E621588EB900FA9348 /* ChatHistoryVM.swift */,
			);
			path = ChatHistory;
			sourceTree = "<group>";
		};
		9736A3D421538D3B0085219D /* Contact */ = {
			isa = PBXGroup;
			children = (
				9736A3D521538D550085219D /* ContactVC.swift */,
				9736A3D621538D550085219D /* ContactVC.xib */,
				973CBE932153B9F700403D2D /* ContactCell.swift */,
				973CBE942153B9F700403D2D /* ContactCell.xib */,
				97BA5895215B298000327FA7 /* ContactVM.swift */,
				97BA5897215B29FD00327FA7 /* ContactItem.swift */,
			);
			path = Contact;
			sourceTree = "<group>";
		};
		9736A3D921538D7F0085219D /* Setting */ = {
			isa = PBXGroup;
			children = (
				9736A3DA21538D960085219D /* SettingVC.swift */,
				9736A3DB21538D960085219D /* SettingVC.xib */,
			);
			path = Setting;
			sourceTree = "<group>";
		};
		978596A7214A594C00516138 = {
			isa = PBXGroup;
			children = (
				978596B2214A594C00516138 /* iZalo */,
				978596B1214A594C00516138 /* Products */,
				6C9E2CD8C8B72FB775E5C18E /* Pods */,
				7FA0F83C46485EAEB08C0E4F /* Frameworks */,
			);
			sourceTree = "<group>";
		};
		978596B1214A594C00516138 /* Products */ = {
			isa = PBXGroup;
			children = (
				978596B0214A594C00516138 /* iZalo.app */,
			);
			name = Products;
			sourceTree = "<group>";
		};
		978596B2214A594C00516138 /* iZalo */ = {
			isa = PBXGroup;
			children = (
				97DB46CD2151FF2D00F018DC /* Repository */,
				97DB46C52151F55800F018DC /* Utils */,
				97CF54BE214FB727007609BE /* Presentation */,
				978596B3214A594C00516138 /* AppDelegate.swift */,
				978596B7214A594C00516138 /* Main.storyboard */,
				978596BA214A594E00516138 /* Assets.xcassets */,
				978596BC214A594E00516138 /* LaunchScreen.storyboard */,
				978596BF214A594E00516138 /* Info.plist */,
				97B55CF92152370D0030F75D /* GoogleService-Info.plist */,
				97D6D560215265600070E521 /* ViewController.swift */,
			);
			path = iZalo;
			sourceTree = "<group>";
		};
		97B55CF421522F880030F75D /* Main */ = {
			isa = PBXGroup;
			children = (
				9736A3D921538D7F0085219D /* Setting */,
				9736A3D421538D3B0085219D /* Contact */,
				9736A3CF21538CD30085219D /* ChatHistory */,
				9736A3CB21538BF80085219D /* MainVC.swift */,
				9736A3CC21538BF80085219D /* MainVC.xib */,
			);
			path = Main;
			sourceTree = "<group>";
		};
		97B55CFB215247C30030F75D /* Response */ = {
			isa = PBXGroup;
			children = (
				97B55CFC215247DA0030F75D /* UserResponse.swift */,
				970D6FEA2158E1F400688732 /* ConversationResponse.swift */,
				970D6FEC2158E4CF00688732 /* MessageResponse.swift */,
			);
			path = Response;
			sourceTree = "<group>";
		};
		97CF54BE214FB727007609BE /* Presentation */ = {
			isa = PBXGroup;
			children = (
				97DFB550215B8FFF0001ADFB /* Chat */,
				97B55CF421522F880030F75D /* Main */,
				97DB46C82151FDE800F018DC /* UseCases */,
				97CF54BF214FB734007609BE /* Login */,
				97DB46C12151F2F100F018DC /* BaseVC.swift */,
			);
			path = Presentation;
			sourceTree = "<group>";
		};
		97CF54BF214FB734007609BE /* Login */ = {
			isa = PBXGroup;
			children = (
				97CF54C7214FB7CE007609BE /* LoginVC.swift */,
				97CF54C8214FB7CE007609BE /* LoginVC.xib */,
				97DB46C32151F51700F018DC /* LoginVM.swift */,
			);
			path = Login;
			sourceTree = "<group>";
		};
		97DB46C52151F55800F018DC /* Utils */ = {
			isa = PBXGroup;
			children = (
				97DB46C62151F57A00F018DC /* ViewModelDelegate.swift */,
				97DB46CB2151FE3B00F018DC /* UseCase.swift */,
				97DB46E521520C0500F018DC /* ObservableType.swift */,
				97DB46E721520CD300F018DC /* ActivityIndicator.swift */,
				97DB46E921520D0700F018DC /* ErrorTracker.swift */,
				97D6D55C215258EF0070E521 /* ValidateError.swift */,
				97D6D55E21525F7E0070E521 /* RxBinding.swift */,
				97BA5893215B259C00327FA7 /* Constant.swift */,
				9796AF79215CF134007BFF85 /* MessageClassifier.swift */,
				973A61572164C7A5003B6047 /* Color.swift */,
			);
			path = Utils;
			sourceTree = "<group>";
		};
		97DB46C82151FDE800F018DC /* UseCases */ = {
			isa = PBXGroup;
			children = (
				97DB46C92151FDFE00F018DC /* LoginUseCase.swift */,
				97E2C0E82158985900FA9348 /* LoadConversationUseCase.swift */,
				97BA589D215B39FB00327FA7 /* LoadContactUseCase.swift */,
				974E039B2161BC32001597FF /* SendMessageUsecase.swift */,
				974E03A9216210A6001597FF /* LoadMessageUsecase.swift */,
			);
			path = UseCases;
			sourceTree = "<group>";
		};
		97DB46CD2151FF2D00F018DC /* Repository */ = {
			isa = PBXGroup;
			children = (
				97DB46DB215205C300F018DC /* DataSource */,
				97DB46D82152031900F018DC /* Impl */,
				97DB46D02152000000F018DC /* Model */,
				97DB46CE2151FF4F00F018DC /* UserRepository.swift */,
				974E039D2161BCA5001597FF /* MessageRepository.swift */,
				97E2C0EA2158991800FA9348 /* ConversationRepository.swift */,
				97BA589F215B3E6400327FA7 /* ContactRepository.swift */,
			);
			path = Repository;
			sourceTree = "<group>";
		};
		97DB46D02152000000F018DC /* Model */ = {
			isa = PBXGroup;
			children = (
				97E2C0EE21589C5F00FA9348 /* Realm */,
				97B55CFB215247C30030F75D /* Response */,
				97DB46D32152008900F018DC /* Request */,
				97DB46D12152001200F018DC /* User.swift */,
				97B55CFE21524A7C0030F75D /* ParseDataError.swift */,
				97E2C0E021587F1800FA9348 /* Conversation.swift */,
				97E2C0E22158800C00FA9348 /* Message.swift */,
				970D6FE62158CC3F00688732 /* AuthenticateError.swift */,
				970D6FE82158CCAF00688732 /* NetworkError.swift */,
				97BA5899215B2B3800327FA7 /* Contact.swift */,
			);
			path = Model;
			sourceTree = "<group>";
		};
		97DB46D32152008900F018DC /* Request */ = {
			isa = PBXGroup;
			children = (
				97DB46D42152009700F018DC /* LoginRequest.swift */,
				974E03AB216222C1001597FF /* LoadMessageRequest.swift */,
				97DB46D62152011300F018DC /* SignUpRequest.swift */,
				974E03992161B9BA001597FF /* SendMessageRequest.swift */,
				973A61552164BDD3003B6047 /* LoadConversationRequest.swift */,
			);
			path = Request;
			sourceTree = "<group>";
		};
		97DB46D82152031900F018DC /* Impl */ = {
			isa = PBXGroup;
			children = (
				97DB46D92152033100F018DC /* UserRepositoryImpl.swift */,
				97E2C0EC215899EF00FA9348 /* ConversationRepositoryImpl.swift */,
				97BA58A1215B3F1600327FA7 /* ContactRepositoryImpl.swift */,
				974E039F2161BD99001597FF /* MessageRepositoryImpl.swift */,
			);
			path = Impl;
			sourceTree = "<group>";
		};
		97DB46DB215205C300F018DC /* DataSource */ = {
			isa = PBXGroup;
			children = (
				97DB46DD2152063300F018DC /* UserRemoteSource.swift */,
				97DB46DF215206A800F018DC /* UserLocalSource.swift */,
				97E2C0F52158A3A200FA9348 /* ConversationRemoteSource.swift */,
				97E2C0F92158A5D300FA9348 /* ConversationLocalSource.swift */,
				97BA58A3215B408C00327FA7 /* ContactLocalSource.swift */,
				97BA58A5215B409B00327FA7 /* ContactRemoteSource.swift */,
				974E03A12161BE01001597FF /* MessageRemoteSource.swift */,
				974E03A32161C06B001597FF /* MessageLocalSource.swift */,
				97DB46DC2152061F00F018DC /* Impl */,
			);
			path = DataSource;
			sourceTree = "<group>";
		};
		97DB46DC2152061F00F018DC /* Impl */ = {
			isa = PBXGroup;
			children = (
				97DB46E12152088900F018DC /* UserFirebaseSource.swift */,
				97DB46E321520A2A00F018DC /* UserRealmSource.swift */,
				97E2C0F72158A46200FA9348 /* ConversationFirebaseSource.swift */,
				970D6FE42158C80200688732 /* ConversationRealmSource.swift */,
				97BA58A7215B41CB00327FA7 /* ContactFirebaseSource.swift */,
				97BA58A9215B425E00327FA7 /* ContactRealmSource.swift */,
				974E03A52161C155001597FF /* MessageRealmSource.swift */,
				974E03A72161C238001597FF /* MessageFirebaseSource.swift */,
			);
			path = Impl;
			sourceTree = "<group>";
		};
		97DFB550215B8FFF0001ADFB /* Chat */ = {
			isa = PBXGroup;
			children = (
				97DFB55B215B90C30001ADFB /* ChatVC.swift */,
				97DFB55C215B90C30001ADFB /* ChatVC.xib */,
				9796AF6B215CBD88007BFF85 /* ChatVM.swift */,
				9796AF6D215CE51A007BFF85 /* MyMessageCell.swift */,
				9796AF6E215CE51A007BFF85 /* MyMessageCell.xib */,
				9796AF71215CE8DB007BFF85 /* OthersMessageCell.swift */,
				9796AF72215CE8DB007BFF85 /* OthersMessageCell.xib */,
				9796AF77215CEEF5007BFF85 /* MessageItem.swift */,
				973A61532164B990003B6047 /* BaseMessageCell.swift */,
			);
			path = Chat;
			sourceTree = "<group>";
		};
		97E2C0EE21589C5F00FA9348 /* Realm */ = {
			isa = PBXGroup;
			children = (
				97E2C0EF21589C7600FA9348 /* UserRealm.swift */,
				97E2C0F121589E1500FA9348 /* ConversationRealm.swift */,
				97E2C0F321589F0300FA9348 /* MessageRealm.swift */,
				97BA58AB215B42CB00327FA7 /* ContactRealm.swift */,
			);
			path = Realm;
			sourceTree = "<group>";
		};
/* End PBXGroup section */

/* Begin PBXNativeTarget section */
		978596AF214A594C00516138 /* iZalo */ = {
			isa = PBXNativeTarget;
			buildConfigurationList = 978596C2214A594E00516138 /* Build configuration list for PBXNativeTarget "iZalo" */;
			buildPhases = (
				E5A1B1F9FFF8660BD444796A /* [CP] Check Pods Manifest.lock */,
				978596AC214A594C00516138 /* Sources */,
				978596AD214A594C00516138 /* Frameworks */,
				978596AE214A594C00516138 /* Resources */,
				C148CB3EE3D40D9048C86782 /* [CP] Embed Pods Frameworks */,
			);
			buildRules = (
			);
			dependencies = (
			);
			name = iZalo;
			productName = iZalo;
			productReference = 978596B0214A594C00516138 /* iZalo.app */;
			productType = "com.apple.product-type.application";
		};
/* End PBXNativeTarget section */

/* Begin PBXProject section */
		978596A8214A594C00516138 /* Project object */ = {
			isa = PBXProject;
			attributes = {
				LastSwiftUpdateCheck = 0940;
				LastUpgradeCheck = 0940;
				ORGANIZATIONNAME = CPU11613;
				TargetAttributes = {
					978596AF214A594C00516138 = {
						CreatedOnToolsVersion = 9.4.1;
						LastSwiftMigration = 0940;
					};
				};
			};
			buildConfigurationList = 978596AB214A594C00516138 /* Build configuration list for PBXProject "iZalo" */;
			compatibilityVersion = "Xcode 9.3";
			developmentRegion = en;
			hasScannedForEncodings = 0;
			knownRegions = (
				en,
				Base,
			);
			mainGroup = 978596A7214A594C00516138;
			productRefGroup = 978596B1214A594C00516138 /* Products */;
			projectDirPath = "";
			projectRoot = "";
			targets = (
				978596AF214A594C00516138 /* iZalo */,
			);
		};
/* End PBXProject section */

/* Begin PBXResourcesBuildPhase section */
		978596AE214A594C00516138 /* Resources */ = {
			isa = PBXResourcesBuildPhase;
			buildActionMask = 2147483647;
			files = (
				9736A3D321538D040085219D /* ChatHistoryVC.xib in Resources */,
				9736A3DD21538D960085219D /* SettingVC.xib in Resources */,
				9796AF70215CE51A007BFF85 /* MyMessageCell.xib in Resources */,
				978596BE214A594E00516138 /* LaunchScreen.storyboard in Resources */,
				978596BB214A594E00516138 /* Assets.xcassets in Resources */,
				97DFB55E215B90C30001ADFB /* ChatVC.xib in Resources */,
				973CBE922153B63C00403D2D /* ConversationCell.xib in Resources */,
				9736A3D821538D550085219D /* ContactVC.xib in Resources */,
				97CF54CA214FB7CE007609BE /* LoginVC.xib in Resources */,
				9736A3CE21538BF80085219D /* MainVC.xib in Resources */,
				9796AF74215CE8DB007BFF85 /* OthersMessageCell.xib in Resources */,
				973CBE962153B9F700403D2D /* ContactCell.xib in Resources */,
				978596B9214A594C00516138 /* Main.storyboard in Resources */,
				97B55CFA2152370E0030F75D /* GoogleService-Info.plist in Resources */,
			);
			runOnlyForDeploymentPostprocessing = 0;
		};
/* End PBXResourcesBuildPhase section */

/* Begin PBXShellScriptBuildPhase section */
		C148CB3EE3D40D9048C86782 /* [CP] Embed Pods Frameworks */ = {
			isa = PBXShellScriptBuildPhase;
			buildActionMask = 2147483647;
			files = (
			);
			inputFileListPaths = (
			);
			inputPaths = (
				"${SRCROOT}/Pods/Target Support Files/Pods-iZalo/Pods-iZalo-frameworks.sh",
				"${BUILT_PRODUCTS_DIR}/DeepDiff/DeepDiff.framework",
				"${BUILT_PRODUCTS_DIR}/Differentiator/Differentiator.framework",
				"${BUILT_PRODUCTS_DIR}/GoogleUtilities/GoogleUtilities.framework",
				"${BUILT_PRODUCTS_DIR}/Kingfisher/Kingfisher.framework",
				"${BUILT_PRODUCTS_DIR}/MBProgressHUD/MBProgressHUD.framework",
				"${BUILT_PRODUCTS_DIR}/ObjectMapper/ObjectMapper.framework",
				"${BUILT_PRODUCTS_DIR}/Realm/Realm.framework",
				"${BUILT_PRODUCTS_DIR}/RealmSwift/RealmSwift.framework",
				"${BUILT_PRODUCTS_DIR}/RxCocoa/RxCocoa.framework",
				"${BUILT_PRODUCTS_DIR}/RxDataSources/RxDataSources.framework",
				"${BUILT_PRODUCTS_DIR}/RxRealm/RxRealm.framework",
				"${BUILT_PRODUCTS_DIR}/RxSwift/RxSwift.framework",
				"${BUILT_PRODUCTS_DIR}/Toast/Toast.framework",
				"${BUILT_PRODUCTS_DIR}/leveldb-library/leveldb.framework",
				"${BUILT_PRODUCTS_DIR}/nanopb/nanopb.framework",
			);
			name = "[CP] Embed Pods Frameworks";
			outputFileListPaths = (
			);
			outputPaths = (
				"${TARGET_BUILD_DIR}/${FRAMEWORKS_FOLDER_PATH}/DeepDiff.framework",
				"${TARGET_BUILD_DIR}/${FRAMEWORKS_FOLDER_PATH}/Differentiator.framework",
				"${TARGET_BUILD_DIR}/${FRAMEWORKS_FOLDER_PATH}/GoogleUtilities.framework",
				"${TARGET_BUILD_DIR}/${FRAMEWORKS_FOLDER_PATH}/Kingfisher.framework",
				"${TARGET_BUILD_DIR}/${FRAMEWORKS_FOLDER_PATH}/MBProgressHUD.framework",
				"${TARGET_BUILD_DIR}/${FRAMEWORKS_FOLDER_PATH}/ObjectMapper.framework",
				"${TARGET_BUILD_DIR}/${FRAMEWORKS_FOLDER_PATH}/Realm.framework",
				"${TARGET_BUILD_DIR}/${FRAMEWORKS_FOLDER_PATH}/RealmSwift.framework",
				"${TARGET_BUILD_DIR}/${FRAMEWORKS_FOLDER_PATH}/RxCocoa.framework",
				"${TARGET_BUILD_DIR}/${FRAMEWORKS_FOLDER_PATH}/RxDataSources.framework",
				"${TARGET_BUILD_DIR}/${FRAMEWORKS_FOLDER_PATH}/RxRealm.framework",
				"${TARGET_BUILD_DIR}/${FRAMEWORKS_FOLDER_PATH}/RxSwift.framework",
				"${TARGET_BUILD_DIR}/${FRAMEWORKS_FOLDER_PATH}/Toast.framework",
				"${TARGET_BUILD_DIR}/${FRAMEWORKS_FOLDER_PATH}/leveldb.framework",
				"${TARGET_BUILD_DIR}/${FRAMEWORKS_FOLDER_PATH}/nanopb.framework",
			);
			runOnlyForDeploymentPostprocessing = 0;
			shellPath = /bin/sh;
			shellScript = "\"${SRCROOT}/Pods/Target Support Files/Pods-iZalo/Pods-iZalo-frameworks.sh\"\n";
			showEnvVarsInLog = 0;
		};
		E5A1B1F9FFF8660BD444796A /* [CP] Check Pods Manifest.lock */ = {
			isa = PBXShellScriptBuildPhase;
			buildActionMask = 2147483647;
			files = (
			);
			inputFileListPaths = (
			);
			inputPaths = (
				"${PODS_PODFILE_DIR_PATH}/Podfile.lock",
				"${PODS_ROOT}/Manifest.lock",
			);
			name = "[CP] Check Pods Manifest.lock";
			outputFileListPaths = (
			);
			outputPaths = (
				"$(DERIVED_FILE_DIR)/Pods-iZalo-checkManifestLockResult.txt",
			);
			runOnlyForDeploymentPostprocessing = 0;
			shellPath = /bin/sh;
			shellScript = "diff \"${PODS_PODFILE_DIR_PATH}/Podfile.lock\" \"${PODS_ROOT}/Manifest.lock\" > /dev/null\nif [ $? != 0 ] ; then\n    # print error to STDERR\n    echo \"error: The sandbox is not in sync with the Podfile.lock. Run 'pod install' or update your CocoaPods installation.\" >&2\n    exit 1\nfi\n# This output is used by Xcode 'outputs' to avoid re-running this script phase.\necho \"SUCCESS\" > \"${SCRIPT_OUTPUT_FILE_0}\"\n";
			showEnvVarsInLog = 0;
		};
/* End PBXShellScriptBuildPhase section */

/* Begin PBXSourcesBuildPhase section */
		978596AC214A594C00516138 /* Sources */ = {
			isa = PBXSourcesBuildPhase;
			buildActionMask = 2147483647;
			files = (
				97BA589A215B2B3800327FA7 /* Contact.swift in Sources */,
				973CBE952153B9F700403D2D /* ContactCell.swift in Sources */,
				9736A3D721538D550085219D /* ContactVC.swift in Sources */,
				97D6D561215265600070E521 /* ViewController.swift in Sources */,
				97DB46E621520C0500F018DC /* ObservableType.swift in Sources */,
				974E03AC216222C1001597FF /* LoadMessageRequest.swift in Sources */,
				970D6FED2158E4CF00688732 /* MessageResponse.swift in Sources */,
				97DB46DA2152033100F018DC /* UserRepositoryImpl.swift in Sources */,
				973CBE912153B63C00403D2D /* ConversationCell.swift in Sources */,
				97DB46E421520A2A00F018DC /* UserRealmSource.swift in Sources */,
				97DB46C42151F51700F018DC /* LoginVM.swift in Sources */,
				974E039A2161B9BA001597FF /* SendMessageRequest.swift in Sources */,
				974E03A02161BD99001597FF /* MessageRepositoryImpl.swift in Sources */,
				97CF54C9214FB7CE007609BE /* LoginVC.swift in Sources */,
				9736A3CD21538BF80085219D /* MainVC.swift in Sources */,
				9736A3D221538D040085219D /* ChatHistoryVC.swift in Sources */,
				97E2C0E721588EB900FA9348 /* ChatHistoryVM.swift in Sources */,
				97DB46E0215206A800F018DC /* UserLocalSource.swift in Sources */,
				974E03A82161C238001597FF /* MessageFirebaseSource.swift in Sources */,
				97E2C0ED215899EF00FA9348 /* ConversationRepositoryImpl.swift in Sources */,
				974E039E2161BCA5001597FF /* MessageRepository.swift in Sources */,
				97DB46C22151F2F100F018DC /* BaseVC.swift in Sources */,
				974E03A62161C155001597FF /* MessageRealmSource.swift in Sources */,
				970D6FE72158CC3F00688732 /* AuthenticateError.swift in Sources */,
				97E2C0E32158800C00FA9348 /* Message.swift in Sources */,
				973A61582164C7A5003B6047 /* Color.swift in Sources */,
				97BA58A4215B408C00327FA7 /* ContactLocalSource.swift in Sources */,
				970D6FEB2158E1F400688732 /* ConversationResponse.swift in Sources */,
				97BA58A6215B409B00327FA7 /* ContactRemoteSource.swift in Sources */,
				97DB46D52152009700F018DC /* LoginRequest.swift in Sources */,
				97E2C0E121587F1800FA9348 /* Conversation.swift in Sources */,
				974E03A22161BE01001597FF /* MessageRemoteSource.swift in Sources */,
				97DB46C72151F57A00F018DC /* ViewModelDelegate.swift in Sources */,
				97DB46CC2151FE3B00F018DC /* UseCase.swift in Sources */,
				97E2C0E92158985900FA9348 /* LoadConversationUseCase.swift in Sources */,
				97D6D55D215258EF0070E521 /* ValidateError.swift in Sources */,
				97B55CFD215247DA0030F75D /* UserResponse.swift in Sources */,
				9736A3DC21538D960085219D /* SettingVC.swift in Sources */,
				9796AF7A215CF134007BFF85 /* MessageClassifier.swift in Sources */,
				97DFB55D215B90C30001ADFB /* ChatVC.swift in Sources */,
				970D6FE92158CCAF00688732 /* NetworkError.swift in Sources */,
				974E03AA216210A6001597FF /* LoadMessageUsecase.swift in Sources */,
				97BA5894215B259C00327FA7 /* Constant.swift in Sources */,
				97DB46D22152001200F018DC /* User.swift in Sources */,
				97BA58AA215B425E00327FA7 /* ContactRealmSource.swift in Sources */,
				970D6FE52158C80200688732 /* ConversationRealmSource.swift in Sources */,
				978596B4214A594C00516138 /* AppDelegate.swift in Sources */,
				97D6D55F21525F7E0070E521 /* RxBinding.swift in Sources */,
				97E2C0EB2158991800FA9348 /* ConversationRepository.swift in Sources */,
				974E03A42161C06B001597FF /* MessageLocalSource.swift in Sources */,
				97BA58AC215B42CB00327FA7 /* ContactRealm.swift in Sources */,
				97DB46D72152011300F018DC /* SignUpRequest.swift in Sources */,
				9796AF78215CEEF5007BFF85 /* MessageItem.swift in Sources */,
				973A61562164BDD3003B6047 /* LoadConversationRequest.swift in Sources */,
				97BA58A2215B3F1600327FA7 /* ContactRepositoryImpl.swift in Sources */,
				97BA58A0215B3E6400327FA7 /* ContactRepository.swift in Sources */,
				97BA58A8215B41CB00327FA7 /* ContactFirebaseSource.swift in Sources */,
				974E039C2161BC32001597FF /* SendMessageUsecase.swift in Sources */,
				9796AF73215CE8DB007BFF85 /* OthersMessageCell.swift in Sources */,
				97DB46DE2152063300F018DC /* UserRemoteSource.swift in Sources */,
				97E2C0E52158850800FA9348 /* ConversationItem.swift in Sources */,
				97DB46EA21520D0700F018DC /* ErrorTracker.swift in Sources */,
				97E2C0F82158A46200FA9348 /* ConversationFirebaseSource.swift in Sources */,
				97BA5896215B298000327FA7 /* ContactVM.swift in Sources */,
				97E2C0F62158A3A200FA9348 /* ConversationRemoteSource.swift in Sources */,
				97E2C0F021589C7600FA9348 /* UserRealm.swift in Sources */,
				97BA5898215B29FD00327FA7 /* ContactItem.swift in Sources */,
				97DB46CF2151FF4F00F018DC /* UserRepository.swift in Sources */,
				97DB46CA2151FDFE00F018DC /* LoginUseCase.swift in Sources */,
				9796AF6F215CE51A007BFF85 /* MyMessageCell.swift in Sources */,
				97BA589E215B39FB00327FA7 /* LoadContactUseCase.swift in Sources */,
				97E2C0F421589F0300FA9348 /* MessageRealm.swift in Sources */,
				97E2C0FA2158A5D300FA9348 /* ConversationLocalSource.swift in Sources */,
				97DB46E821520CD300F018DC /* ActivityIndicator.swift in Sources */,
				97B55CFF21524A7C0030F75D /* ParseDataError.swift in Sources */,
				97DB46E22152088900F018DC /* UserFirebaseSource.swift in Sources */,
				9796AF6C215CBD88007BFF85 /* ChatVM.swift in Sources */,
				973A61542164B990003B6047 /* BaseMessageCell.swift in Sources */,
				97E2C0F221589E1500FA9348 /* ConversationRealm.swift in Sources */,
			);
			runOnlyForDeploymentPostprocessing = 0;
		};
/* End PBXSourcesBuildPhase section */

/* Begin PBXVariantGroup section */
		978596B7214A594C00516138 /* Main.storyboard */ = {
			isa = PBXVariantGroup;
			children = (
				978596B8214A594C00516138 /* Base */,
			);
			name = Main.storyboard;
			sourceTree = "<group>";
		};
		978596BC214A594E00516138 /* LaunchScreen.storyboard */ = {
			isa = PBXVariantGroup;
			children = (
				978596BD214A594E00516138 /* Base */,
			);
			name = LaunchScreen.storyboard;
			sourceTree = "<group>";
		};
/* End PBXVariantGroup section */

/* Begin XCBuildConfiguration section */
		978596C0214A594E00516138 /* Debug */ = {
			isa = XCBuildConfiguration;
			buildSettings = {
				ALWAYS_SEARCH_USER_PATHS = NO;
				CLANG_ANALYZER_NONNULL = YES;
				CLANG_ANALYZER_NUMBER_OBJECT_CONVERSION = YES_AGGRESSIVE;
				CLANG_CXX_LANGUAGE_STANDARD = "gnu++14";
				CLANG_CXX_LIBRARY = "libc++";
				CLANG_ENABLE_MODULES = YES;
				CLANG_ENABLE_OBJC_ARC = YES;
				CLANG_ENABLE_OBJC_WEAK = YES;
				CLANG_WARN_BLOCK_CAPTURE_AUTORELEASING = YES;
				CLANG_WARN_BOOL_CONVERSION = YES;
				CLANG_WARN_COMMA = YES;
				CLANG_WARN_CONSTANT_CONVERSION = YES;
				CLANG_WARN_DEPRECATED_OBJC_IMPLEMENTATIONS = YES;
				CLANG_WARN_DIRECT_OBJC_ISA_USAGE = YES_ERROR;
				CLANG_WARN_DOCUMENTATION_COMMENTS = YES;
				CLANG_WARN_EMPTY_BODY = YES;
				CLANG_WARN_ENUM_CONVERSION = YES;
				CLANG_WARN_INFINITE_RECURSION = YES;
				CLANG_WARN_INT_CONVERSION = YES;
				CLANG_WARN_NON_LITERAL_NULL_CONVERSION = YES;
				CLANG_WARN_OBJC_IMPLICIT_RETAIN_SELF = YES;
				CLANG_WARN_OBJC_LITERAL_CONVERSION = YES;
				CLANG_WARN_OBJC_ROOT_CLASS = YES_ERROR;
				CLANG_WARN_RANGE_LOOP_ANALYSIS = YES;
				CLANG_WARN_STRICT_PROTOTYPES = YES;
				CLANG_WARN_SUSPICIOUS_MOVE = YES;
				CLANG_WARN_UNGUARDED_AVAILABILITY = YES_AGGRESSIVE;
				CLANG_WARN_UNREACHABLE_CODE = YES;
				CLANG_WARN__DUPLICATE_METHOD_MATCH = YES;
				CODE_SIGN_IDENTITY = "iPhone Developer";
				COPY_PHASE_STRIP = NO;
				DEBUG_INFORMATION_FORMAT = dwarf;
				ENABLE_STRICT_OBJC_MSGSEND = YES;
				ENABLE_TESTABILITY = YES;
				GCC_C_LANGUAGE_STANDARD = gnu11;
				GCC_DYNAMIC_NO_PIC = NO;
				GCC_NO_COMMON_BLOCKS = YES;
				GCC_OPTIMIZATION_LEVEL = 0;
				GCC_PREPROCESSOR_DEFINITIONS = (
					"DEBUG=1",
					"$(inherited)",
				);
				GCC_WARN_64_TO_32_BIT_CONVERSION = YES;
				GCC_WARN_ABOUT_RETURN_TYPE = YES_ERROR;
				GCC_WARN_UNDECLARED_SELECTOR = YES;
				GCC_WARN_UNINITIALIZED_AUTOS = YES_AGGRESSIVE;
				GCC_WARN_UNUSED_FUNCTION = YES;
				GCC_WARN_UNUSED_VARIABLE = YES;
				IPHONEOS_DEPLOYMENT_TARGET = 11.4;
				MTL_ENABLE_DEBUG_INFO = YES;
				ONLY_ACTIVE_ARCH = YES;
				SDKROOT = iphoneos;
				SWIFT_ACTIVE_COMPILATION_CONDITIONS = DEBUG;
				SWIFT_OPTIMIZATION_LEVEL = "-Onone";
			};
			name = Debug;
		};
		978596C1214A594E00516138 /* Release */ = {
			isa = XCBuildConfiguration;
			buildSettings = {
				ALWAYS_SEARCH_USER_PATHS = NO;
				CLANG_ANALYZER_NONNULL = YES;
				CLANG_ANALYZER_NUMBER_OBJECT_CONVERSION = YES_AGGRESSIVE;
				CLANG_CXX_LANGUAGE_STANDARD = "gnu++14";
				CLANG_CXX_LIBRARY = "libc++";
				CLANG_ENABLE_MODULES = YES;
				CLANG_ENABLE_OBJC_ARC = YES;
				CLANG_ENABLE_OBJC_WEAK = YES;
				CLANG_WARN_BLOCK_CAPTURE_AUTORELEASING = YES;
				CLANG_WARN_BOOL_CONVERSION = YES;
				CLANG_WARN_COMMA = YES;
				CLANG_WARN_CONSTANT_CONVERSION = YES;
				CLANG_WARN_DEPRECATED_OBJC_IMPLEMENTATIONS = YES;
				CLANG_WARN_DIRECT_OBJC_ISA_USAGE = YES_ERROR;
				CLANG_WARN_DOCUMENTATION_COMMENTS = YES;
				CLANG_WARN_EMPTY_BODY = YES;
				CLANG_WARN_ENUM_CONVERSION = YES;
				CLANG_WARN_INFINITE_RECURSION = YES;
				CLANG_WARN_INT_CONVERSION = YES;
				CLANG_WARN_NON_LITERAL_NULL_CONVERSION = YES;
				CLANG_WARN_OBJC_IMPLICIT_RETAIN_SELF = YES;
				CLANG_WARN_OBJC_LITERAL_CONVERSION = YES;
				CLANG_WARN_OBJC_ROOT_CLASS = YES_ERROR;
				CLANG_WARN_RANGE_LOOP_ANALYSIS = YES;
				CLANG_WARN_STRICT_PROTOTYPES = YES;
				CLANG_WARN_SUSPICIOUS_MOVE = YES;
				CLANG_WARN_UNGUARDED_AVAILABILITY = YES_AGGRESSIVE;
				CLANG_WARN_UNREACHABLE_CODE = YES;
				CLANG_WARN__DUPLICATE_METHOD_MATCH = YES;
				CODE_SIGN_IDENTITY = "iPhone Developer";
				COPY_PHASE_STRIP = NO;
				DEBUG_INFORMATION_FORMAT = "dwarf-with-dsym";
				ENABLE_NS_ASSERTIONS = NO;
				ENABLE_STRICT_OBJC_MSGSEND = YES;
				GCC_C_LANGUAGE_STANDARD = gnu11;
				GCC_NO_COMMON_BLOCKS = YES;
				GCC_WARN_64_TO_32_BIT_CONVERSION = YES;
				GCC_WARN_ABOUT_RETURN_TYPE = YES_ERROR;
				GCC_WARN_UNDECLARED_SELECTOR = YES;
				GCC_WARN_UNINITIALIZED_AUTOS = YES_AGGRESSIVE;
				GCC_WARN_UNUSED_FUNCTION = YES;
				GCC_WARN_UNUSED_VARIABLE = YES;
				IPHONEOS_DEPLOYMENT_TARGET = 11.4;
				MTL_ENABLE_DEBUG_INFO = NO;
				SDKROOT = iphoneos;
				SWIFT_COMPILATION_MODE = wholemodule;
				SWIFT_OPTIMIZATION_LEVEL = "-O";
				VALIDATE_PRODUCT = YES;
			};
			name = Release;
		};
		978596C3214A594E00516138 /* Debug */ = {
			isa = XCBuildConfiguration;
			baseConfigurationReference = 6F059BC01BC0C503BE6B626F /* Pods-iZalo.debug.xcconfig */;
			buildSettings = {
				ASSETCATALOG_COMPILER_APPICON_NAME = AppIcon;
				CLANG_ENABLE_MODULES = YES;
				CODE_SIGN_STYLE = Automatic;
				INFOPLIST_FILE = iZalo/Info.plist;
				LD_RUNPATH_SEARCH_PATHS = (
					"$(inherited)",
					"@executable_path/Frameworks",
				);
				PRODUCT_BUNDLE_IDENTIFIER = com.ducnv.iZalo;
				PRODUCT_NAME = "$(TARGET_NAME)";
				SWIFT_OPTIMIZATION_LEVEL = "-Onone";
				SWIFT_VERSION = 4.0;
				TARGETED_DEVICE_FAMILY = "1,2";
			};
			name = Debug;
		};
		978596C4214A594E00516138 /* Release */ = {
			isa = XCBuildConfiguration;
			baseConfigurationReference = 297D63B6F2885588B8541C6B /* Pods-iZalo.release.xcconfig */;
			buildSettings = {
				ASSETCATALOG_COMPILER_APPICON_NAME = AppIcon;
				CLANG_ENABLE_MODULES = YES;
				CODE_SIGN_STYLE = Automatic;
				INFOPLIST_FILE = iZalo/Info.plist;
				LD_RUNPATH_SEARCH_PATHS = (
					"$(inherited)",
					"@executable_path/Frameworks",
				);
				PRODUCT_BUNDLE_IDENTIFIER = com.ducnv.iZalo;
				PRODUCT_NAME = "$(TARGET_NAME)";
				SWIFT_VERSION = 4.0;
				TARGETED_DEVICE_FAMILY = "1,2";
			};
			name = Release;
		};
/* End XCBuildConfiguration section */

/* Begin XCConfigurationList section */
		978596AB214A594C00516138 /* Build configuration list for PBXProject "iZalo" */ = {
			isa = XCConfigurationList;
			buildConfigurations = (
				978596C0214A594E00516138 /* Debug */,
				978596C1214A594E00516138 /* Release */,
			);
			defaultConfigurationIsVisible = 0;
			defaultConfigurationName = Release;
		};
		978596C2214A594E00516138 /* Build configuration list for PBXNativeTarget "iZalo" */ = {
			isa = XCConfigurationList;
			buildConfigurations = (
				978596C3214A594E00516138 /* Debug */,
				978596C4214A594E00516138 /* Release */,
			);
			defaultConfigurationIsVisible = 0;
			defaultConfigurationName = Release;
		};
/* End XCConfigurationList section */
	};
	rootObject = 978596A8214A594C00516138 /* Project object */;
}
